
Microsoft Visual Studio Solution File, Format Version 12.00
# Visual Studio 14
VisualStudioVersion = 14.0.25123.0
MinimumVisualStudioVersion = 10.0.40219.1
Project("{FAE04EC0-301F-11D3-BF4B-00C04F79EFBC}") = "DTAConfig", "DTAConfig.csproj", "{D517317D-8EA8-4225-AF9E-5385D8A7F047}"
EndProject
Global
	GlobalSection(SolutionConfigurationPlatforms) = preSolution
		Debug|Any CPU = Debug|Any CPU
		Release|Any CPU = Release|Any CPU
	EndGlobalSection
	GlobalSection(ProjectConfigurationPlatforms) = postSolution
		{D517317D-8EA8-4225-AF9E-5385D8A7F047}.Debug|Any CPU.ActiveCfg = Debug|Any CPU
		{D517317D-8EA8-4225-AF9E-5385D8A7F047}.Debug|Any CPU.Build.0 = Debug|Any CPU
		{D517317D-8EA8-4225-AF9E-5385D8A7F047}.Release|Any CPU.ActiveCfg = Release|Any CPU
		{D517317D-8EA8-4225-AF9E-5385D8A7F047}.Release|Any CPU.Build.0 = Release|Any CPU
		{EB76F1B2-E1E0-44C1-832B-5FEF167B897D}.Debug|Any CPU.ActiveCfg = Debug|Any CPU
		{EB76F1B2-E1E0-44C1-832B-5FEF167B897D}.Debug|Any CPU.Build.0 = Debug|Any CPU
		{EB76F1B2-E1E0-44C1-832B-5FEF167B897D}.Release|Any CPU.ActiveCfg = Release|Any CPU
		{EB76F1B2-E1E0-44C1-832B-5FEF167B897D}.Release|Any CPU.Build.0 = Release|Any CPU
	EndGlobalSection
	GlobalSection(SolutionProperties) = preSolution
		HideSolutionNode = FALSE
	EndGlobalSection
EndGlobal
