
Microsoft Visual Studio Solution File, Format Version 12.00
# Visual Studio Version 17
VisualStudioVersion = 17.2.32408.312
MinimumVisualStudioVersion = 10.0.40219.1
Project("{9A19103F-16F7-4668-BE54-9A1E7A4F7556}") = "DXMainClient", "DXMainClient\DXMainClient.csproj", "{97458C1E-2E6C-4C5C-93C7-16A6712802E9}"
EndProject
Project("{9A19103F-16F7-4668-BE54-9A1E7A4F7556}") = "ClientCore", "ClientCore\ClientCore.csproj", "{DAA331A7-FDAC-44FD-98B5-2DC5025F48C3}"
EndProject
Project("{9A19103F-16F7-4668-BE54-9A1E7A4F7556}") = "ClientGUI", "ClientGUI\ClientGUI.csproj", "{4C26AD04-FF2E-4465-9F40-DEB9DDC2C1D6}"
EndProject
Project("{9A19103F-16F7-4668-BE54-9A1E7A4F7556}") = "DTAConfig", "DTAConfig\DTAConfig.csproj", "{D517317D-8EA8-4225-AF9E-5385D8A7F047}"
EndProject
Project("{9A19103F-16F7-4668-BE54-9A1E7A4F7556}") = "Localization", "Localization\Localization.csproj", "{2CD114E3-C30F-4A95-9B4A-455C2C8F82E5}"
EndProject
Project("{2150E333-8FDC-42A3-9474-1A3956D46DE8}") = "Solution Items", "Solution Items", "{0F60E4A3-55C8-4C3F-BFC0-27C597433E8A}"
	ProjectSection(SolutionItems) = preProject
		.editorconfig = .editorconfig
		Directory.Build.props = Directory.Build.props
		build\Framework.props = build\Framework.props
	EndProjectSection
EndProject
Global
	GlobalSection(SolutionConfigurationPlatforms) = preSolution
		AresDXDebug|Any CPU = AresDXDebug|Any CPU
		AresDXDebug|ARM64 = AresDXDebug|ARM64
		AresDXDebug|x64 = AresDXDebug|x64
		AresDXDebug|x86 = AresDXDebug|x86
		AresDXRelease|Any CPU = AresDXRelease|Any CPU
		AresDXRelease|ARM64 = AresDXRelease|ARM64
		AresDXRelease|x64 = AresDXRelease|x64
		AresDXRelease|x86 = AresDXRelease|x86
		AresGLDebug|Any CPU = AresGLDebug|Any CPU
		AresGLDebug|ARM64 = AresGLDebug|ARM64
		AresGLDebug|x64 = AresGLDebug|x64
		AresGLDebug|x86 = AresGLDebug|x86
		AresGLRelease|Any CPU = AresGLRelease|Any CPU
		AresGLRelease|x64 = AresGLRelease|x64
		AresGLRelease|x86 = AresGLRelease|x86
		AresXNADebug|Any CPU = AresXNADebug|Any CPU
		AresXNADebug|ARM64 = AresXNADebug|ARM64
		AresXNADebug|x64 = AresXNADebug|x64
		AresXNADebug|x86 = AresXNADebug|x86
		AresXNARelease|Any CPU = AresXNARelease|Any CPU
		AresXNARelease|ARM64 = AresXNARelease|ARM64
		AresXNARelease|x64 = AresXNARelease|x64
		AresXNARelease|x86 = AresXNARelease|x86
		TSDXDebug|Any CPU = TSDXDebug|Any CPU
		TSDXDebug|ARM64 = TSDXDebug|ARM64
		TSDXDebug|x64 = TSDXDebug|x64
		TSDXDebug|x86 = TSDXDebug|x86
		TSDXRelease|Any CPU = TSDXRelease|Any CPU
		TSDXRelease|ARM64 = TSDXRelease|ARM64
		TSDXRelease|x64 = TSDXRelease|x64
		TSDXRelease|x86 = TSDXRelease|x86
		TSGLDebug|Any CPU = TSGLDebug|Any CPU
		TSGLDebug|ARM64 = TSGLDebug|ARM64
		TSGLDebug|x64 = TSGLDebug|x64
		TSGLDebug|x86 = TSGLDebug|x86
		TSGLRelease|Any CPU = TSGLRelease|Any CPU
		TSGLRelease|ARM64 = TSGLRelease|ARM64
		TSGLRelease|x64 = TSGLRelease|x64
		TSGLRelease|x86 = TSGLRelease|x86
		TSXNADebug|Any CPU = TSXNADebug|Any CPU
		TSXNADebug|ARM64 = TSXNADebug|ARM64
		TSXNADebug|x64 = TSXNADebug|x64
		TSXNADebug|x86 = TSXNADebug|x86
		TSXNARelease|Any CPU = TSXNARelease|Any CPU
		TSXNARelease|ARM64 = TSXNARelease|ARM64
		TSXNARelease|x64 = TSXNARelease|x64
		TSXNARelease|x86 = TSXNARelease|x86
		YRDXDebug|Any CPU = YRDXDebug|Any CPU
		YRDXDebug|ARM64 = YRDXDebug|ARM64
		YRDXDebug|x64 = YRDXDebug|x64
		YRDXDebug|x86 = YRDXDebug|x86
		YRDXRelease|Any CPU = YRDXRelease|Any CPU
		YRDXRelease|ARM64 = YRDXRelease|ARM64
		YRDXRelease|x64 = YRDXRelease|x64
		YRDXRelease|x86 = YRDXRelease|x86
		YRGLDebug|Any CPU = YRGLDebug|Any CPU
		YRGLDebug|ARM64 = YRGLDebug|ARM64
		YRGLDebug|x64 = YRGLDebug|x64
		YRGLDebug|x86 = YRGLDebug|x86
		YRGLRelease|Any CPU = YRGLRelease|Any CPU
		YRGLRelease|ARM64 = YRGLRelease|ARM64
		YRGLRelease|x64 = YRGLRelease|x64
		YRGLRelease|x86 = YRGLRelease|x86
		YRXNADebug|Any CPU = YRXNADebug|Any CPU
		YRXNADebug|ARM64 = YRXNADebug|ARM64
		YRXNADebug|x64 = YRXNADebug|x64
		YRXNADebug|x86 = YRXNADebug|x86
		YRXNARelease|Any CPU = YRXNARelease|Any CPU
		YRXNARelease|ARM64 = YRXNARelease|ARM64
		YRXNARelease|x64 = YRXNARelease|x64
		YRXNARelease|x86 = YRXNARelease|x86
	EndGlobalSection
	GlobalSection(ProjectConfigurationPlatforms) = postSolution
		{2CD114E3-C30F-4A95-9B4A-455C2C8F82E5}.AresDXDebug|Any CPU.ActiveCfg = AresDXDebug|Any CPU
		{2CD114E3-C30F-4A95-9B4A-455C2C8F82E5}.AresDXDebug|Any CPU.Build.0 = AresDXDebug|Any CPU
		{2CD114E3-C30F-4A95-9B4A-455C2C8F82E5}.AresDXDebug|ARM64.ActiveCfg = AresDXDebug|ARM64
		{2CD114E3-C30F-4A95-9B4A-455C2C8F82E5}.AresDXDebug|ARM64.Build.0 = AresDXDebug|ARM64
		{2CD114E3-C30F-4A95-9B4A-455C2C8F82E5}.AresDXDebug|x64.ActiveCfg = AresDXDebug|x64
		{2CD114E3-C30F-4A95-9B4A-455C2C8F82E5}.AresDXDebug|x64.Build.0 = AresDXDebug|x64
		{2CD114E3-C30F-4A95-9B4A-455C2C8F82E5}.AresDXDebug|x86.ActiveCfg = AresDXDebug|x86
		{2CD114E3-C30F-4A95-9B4A-455C2C8F82E5}.AresDXDebug|x86.Build.0 = AresDXDebug|x86
		{2CD114E3-C30F-4A95-9B4A-455C2C8F82E5}.AresDXRelease|Any CPU.ActiveCfg = AresDXRelease|Any CPU
		{2CD114E3-C30F-4A95-9B4A-455C2C8F82E5}.AresDXRelease|Any CPU.Build.0 = AresDXRelease|Any CPU
		{2CD114E3-C30F-4A95-9B4A-455C2C8F82E5}.AresDXRelease|ARM64.ActiveCfg = AresDXRelease|ARM64
		{2CD114E3-C30F-4A95-9B4A-455C2C8F82E5}.AresDXRelease|ARM64.Build.0 = AresDXRelease|ARM64
		{2CD114E3-C30F-4A95-9B4A-455C2C8F82E5}.AresDXRelease|x64.ActiveCfg = AresDXRelease|x64
		{2CD114E3-C30F-4A95-9B4A-455C2C8F82E5}.AresDXRelease|x64.Build.0 = AresDXRelease|x64
		{2CD114E3-C30F-4A95-9B4A-455C2C8F82E5}.AresDXRelease|x86.ActiveCfg = AresDXRelease|x86
		{2CD114E3-C30F-4A95-9B4A-455C2C8F82E5}.AresDXRelease|x86.Build.0 = AresDXRelease|x86
		{2CD114E3-C30F-4A95-9B4A-455C2C8F82E5}.AresGLDebug|Any CPU.ActiveCfg = AresGLDebug|Any CPU
		{2CD114E3-C30F-4A95-9B4A-455C2C8F82E5}.AresGLDebug|Any CPU.Build.0 = AresGLDebug|Any CPU
		{2CD114E3-C30F-4A95-9B4A-455C2C8F82E5}.AresGLDebug|ARM64.ActiveCfg = AresGLDebug|ARM64
		{2CD114E3-C30F-4A95-9B4A-455C2C8F82E5}.AresGLDebug|ARM64.Build.0 = AresGLDebug|ARM64
		{2CD114E3-C30F-4A95-9B4A-455C2C8F82E5}.AresGLDebug|x64.ActiveCfg = AresGLDebug|x64
		{2CD114E3-C30F-4A95-9B4A-455C2C8F82E5}.AresGLDebug|x64.Build.0 = AresGLDebug|x64
		{2CD114E3-C30F-4A95-9B4A-455C2C8F82E5}.AresGLDebug|x86.ActiveCfg = AresGLDebug|x86
		{2CD114E3-C30F-4A95-9B4A-455C2C8F82E5}.AresGLDebug|x86.Build.0 = AresGLDebug|x86
		{2CD114E3-C30F-4A95-9B4A-455C2C8F82E5}.AresGLRelease|Any CPU.ActiveCfg = AresGLRelease|Any CPU
		{2CD114E3-C30F-4A95-9B4A-455C2C8F82E5}.AresGLRelease|Any CPU.Build.0 = AresGLRelease|Any CPU
		{2CD114E3-C30F-4A95-9B4A-455C2C8F82E5}.AresGLRelease|ARM64.ActiveCfg = AresGLRelease|ARM64
		{2CD114E3-C30F-4A95-9B4A-455C2C8F82E5}.AresGLRelease|ARM64.Build.0 = AresGLRelease|ARM64
		{2CD114E3-C30F-4A95-9B4A-455C2C8F82E5}.AresGLRelease|x64.ActiveCfg = AresGLRelease|x64
		{2CD114E3-C30F-4A95-9B4A-455C2C8F82E5}.AresGLRelease|x64.Build.0 = AresGLRelease|x64
		{2CD114E3-C30F-4A95-9B4A-455C2C8F82E5}.AresGLRelease|x86.ActiveCfg = AresGLRelease|x86
		{2CD114E3-C30F-4A95-9B4A-455C2C8F82E5}.AresGLRelease|x86.Build.0 = AresGLRelease|x86
		{2CD114E3-C30F-4A95-9B4A-455C2C8F82E5}.AresXNADebug|Any CPU.ActiveCfg = AresXNADebug|Any CPU
		{2CD114E3-C30F-4A95-9B4A-455C2C8F82E5}.AresXNADebug|Any CPU.Build.0 = AresXNADebug|Any CPU
		{2CD114E3-C30F-4A95-9B4A-455C2C8F82E5}.AresXNADebug|ARM64.ActiveCfg = AresXNADebug|ARM64
		{2CD114E3-C30F-4A95-9B4A-455C2C8F82E5}.AresXNADebug|ARM64.Build.0 = AresXNADebug|ARM64
		{2CD114E3-C30F-4A95-9B4A-455C2C8F82E5}.AresXNADebug|x64.ActiveCfg = AresXNADebug|x64
		{2CD114E3-C30F-4A95-9B4A-455C2C8F82E5}.AresXNADebug|x64.Build.0 = AresXNADebug|x64
		{2CD114E3-C30F-4A95-9B4A-455C2C8F82E5}.AresXNADebug|x86.ActiveCfg = AresXNADebug|x86
		{2CD114E3-C30F-4A95-9B4A-455C2C8F82E5}.AresXNADebug|x86.Build.0 = AresXNADebug|x86
		{2CD114E3-C30F-4A95-9B4A-455C2C8F82E5}.AresXNARelease|Any CPU.ActiveCfg = AresXNARelease|Any CPU
		{2CD114E3-C30F-4A95-9B4A-455C2C8F82E5}.AresXNARelease|Any CPU.Build.0 = AresXNARelease|Any CPU
		{2CD114E3-C30F-4A95-9B4A-455C2C8F82E5}.AresXNARelease|ARM64.ActiveCfg = AresXNARelease|ARM64
		{2CD114E3-C30F-4A95-9B4A-455C2C8F82E5}.AresXNARelease|ARM64.Build.0 = AresXNARelease|ARM64
		{2CD114E3-C30F-4A95-9B4A-455C2C8F82E5}.AresXNARelease|x64.ActiveCfg = AresXNARelease|x64
		{2CD114E3-C30F-4A95-9B4A-455C2C8F82E5}.AresXNARelease|x64.Build.0 = AresXNARelease|x64
		{2CD114E3-C30F-4A95-9B4A-455C2C8F82E5}.AresXNARelease|x86.ActiveCfg = AresXNARelease|x86
		{2CD114E3-C30F-4A95-9B4A-455C2C8F82E5}.AresXNARelease|x86.Build.0 = AresXNARelease|x86
		{2CD114E3-C30F-4A95-9B4A-455C2C8F82E5}.TSDXDebug|Any CPU.ActiveCfg = TSDXDebug|Any CPU
		{2CD114E3-C30F-4A95-9B4A-455C2C8F82E5}.TSDXDebug|Any CPU.Build.0 = TSDXDebug|Any CPU
		{2CD114E3-C30F-4A95-9B4A-455C2C8F82E5}.TSDXDebug|ARM64.ActiveCfg = TSDXDebug|ARM64
		{2CD114E3-C30F-4A95-9B4A-455C2C8F82E5}.TSDXDebug|ARM64.Build.0 = TSDXDebug|ARM64
		{2CD114E3-C30F-4A95-9B4A-455C2C8F82E5}.TSDXDebug|x64.ActiveCfg = TSDXDebug|x64
		{2CD114E3-C30F-4A95-9B4A-455C2C8F82E5}.TSDXDebug|x64.Build.0 = TSDXDebug|x64
		{2CD114E3-C30F-4A95-9B4A-455C2C8F82E5}.TSDXDebug|x86.ActiveCfg = TSDXDebug|x86
		{2CD114E3-C30F-4A95-9B4A-455C2C8F82E5}.TSDXDebug|x86.Build.0 = TSDXDebug|x86
		{2CD114E3-C30F-4A95-9B4A-455C2C8F82E5}.TSDXRelease|Any CPU.ActiveCfg = TSDXRelease|Any CPU
		{2CD114E3-C30F-4A95-9B4A-455C2C8F82E5}.TSDXRelease|Any CPU.Build.0 = TSDXRelease|Any CPU
		{2CD114E3-C30F-4A95-9B4A-455C2C8F82E5}.TSDXRelease|ARM64.ActiveCfg = TSDXRelease|ARM64
		{2CD114E3-C30F-4A95-9B4A-455C2C8F82E5}.TSDXRelease|ARM64.Build.0 = TSDXRelease|ARM64
		{2CD114E3-C30F-4A95-9B4A-455C2C8F82E5}.TSDXRelease|x64.ActiveCfg = TSDXRelease|x64
		{2CD114E3-C30F-4A95-9B4A-455C2C8F82E5}.TSDXRelease|x64.Build.0 = TSDXRelease|x64
		{2CD114E3-C30F-4A95-9B4A-455C2C8F82E5}.TSDXRelease|x86.ActiveCfg = TSDXRelease|x86
		{2CD114E3-C30F-4A95-9B4A-455C2C8F82E5}.TSDXRelease|x86.Build.0 = TSDXRelease|x86
		{2CD114E3-C30F-4A95-9B4A-455C2C8F82E5}.TSGLDebug|Any CPU.ActiveCfg = TSGLDebug|Any CPU
		{2CD114E3-C30F-4A95-9B4A-455C2C8F82E5}.TSGLDebug|Any CPU.Build.0 = TSGLDebug|Any CPU
		{2CD114E3-C30F-4A95-9B4A-455C2C8F82E5}.TSGLDebug|ARM64.ActiveCfg = TSGLDebug|ARM64
		{2CD114E3-C30F-4A95-9B4A-455C2C8F82E5}.TSGLDebug|ARM64.Build.0 = TSGLDebug|ARM64
		{2CD114E3-C30F-4A95-9B4A-455C2C8F82E5}.TSGLDebug|x64.ActiveCfg = TSGLDebug|x64
		{2CD114E3-C30F-4A95-9B4A-455C2C8F82E5}.TSGLDebug|x64.Build.0 = TSGLDebug|x64
		{2CD114E3-C30F-4A95-9B4A-455C2C8F82E5}.TSGLDebug|x86.ActiveCfg = TSGLDebug|x86
		{2CD114E3-C30F-4A95-9B4A-455C2C8F82E5}.TSGLDebug|x86.Build.0 = TSGLDebug|x86
		{2CD114E3-C30F-4A95-9B4A-455C2C8F82E5}.TSGLRelease|Any CPU.ActiveCfg = TSGLRelease|Any CPU
		{2CD114E3-C30F-4A95-9B4A-455C2C8F82E5}.TSGLRelease|Any CPU.Build.0 = TSGLRelease|Any CPU
		{2CD114E3-C30F-4A95-9B4A-455C2C8F82E5}.TSGLRelease|ARM64.ActiveCfg = TSGLRelease|ARM64
		{2CD114E3-C30F-4A95-9B4A-455C2C8F82E5}.TSGLRelease|ARM64.Build.0 = TSGLRelease|ARM64
		{2CD114E3-C30F-4A95-9B4A-455C2C8F82E5}.TSGLRelease|x64.ActiveCfg = TSGLRelease|x64
		{2CD114E3-C30F-4A95-9B4A-455C2C8F82E5}.TSGLRelease|x64.Build.0 = TSGLRelease|x64
		{2CD114E3-C30F-4A95-9B4A-455C2C8F82E5}.TSGLRelease|x86.ActiveCfg = TSGLRelease|x86
		{2CD114E3-C30F-4A95-9B4A-455C2C8F82E5}.TSGLRelease|x86.Build.0 = TSGLRelease|x86
		{2CD114E3-C30F-4A95-9B4A-455C2C8F82E5}.TSXNADebug|Any CPU.ActiveCfg = TSXNADebug|Any CPU
		{2CD114E3-C30F-4A95-9B4A-455C2C8F82E5}.TSXNADebug|Any CPU.Build.0 = TSXNADebug|Any CPU
		{2CD114E3-C30F-4A95-9B4A-455C2C8F82E5}.TSXNADebug|ARM64.ActiveCfg = TSXNADebug|ARM64
		{2CD114E3-C30F-4A95-9B4A-455C2C8F82E5}.TSXNADebug|ARM64.Build.0 = TSXNADebug|ARM64
		{2CD114E3-C30F-4A95-9B4A-455C2C8F82E5}.TSXNADebug|x64.ActiveCfg = TSXNADebug|x64
		{2CD114E3-C30F-4A95-9B4A-455C2C8F82E5}.TSXNADebug|x64.Build.0 = TSXNADebug|x64
		{2CD114E3-C30F-4A95-9B4A-455C2C8F82E5}.TSXNADebug|x86.ActiveCfg = TSXNADebug|x86
		{2CD114E3-C30F-4A95-9B4A-455C2C8F82E5}.TSXNADebug|x86.Build.0 = TSXNADebug|x86
		{2CD114E3-C30F-4A95-9B4A-455C2C8F82E5}.TSXNARelease|Any CPU.ActiveCfg = TSXNARelease|Any CPU
		{2CD114E3-C30F-4A95-9B4A-455C2C8F82E5}.TSXNARelease|Any CPU.Build.0 = TSXNARelease|Any CPU
		{2CD114E3-C30F-4A95-9B4A-455C2C8F82E5}.TSXNARelease|ARM64.ActiveCfg = TSXNARelease|ARM64
		{2CD114E3-C30F-4A95-9B4A-455C2C8F82E5}.TSXNARelease|ARM64.Build.0 = TSXNARelease|ARM64
		{2CD114E3-C30F-4A95-9B4A-455C2C8F82E5}.TSXNARelease|x64.ActiveCfg = TSXNARelease|x64
		{2CD114E3-C30F-4A95-9B4A-455C2C8F82E5}.TSXNARelease|x64.Build.0 = TSXNARelease|x64
		{2CD114E3-C30F-4A95-9B4A-455C2C8F82E5}.TSXNARelease|x86.ActiveCfg = TSXNARelease|x86
		{2CD114E3-C30F-4A95-9B4A-455C2C8F82E5}.TSXNARelease|x86.Build.0 = TSXNARelease|x86
		{2CD114E3-C30F-4A95-9B4A-455C2C8F82E5}.YRDXDebug|Any CPU.ActiveCfg = YRDXDebug|Any CPU
		{2CD114E3-C30F-4A95-9B4A-455C2C8F82E5}.YRDXDebug|Any CPU.Build.0 = YRDXDebug|Any CPU
		{2CD114E3-C30F-4A95-9B4A-455C2C8F82E5}.YRDXDebug|ARM64.ActiveCfg = YRDXDebug|ARM64
		{2CD114E3-C30F-4A95-9B4A-455C2C8F82E5}.YRDXDebug|ARM64.Build.0 = YRDXDebug|ARM64
		{2CD114E3-C30F-4A95-9B4A-455C2C8F82E5}.YRDXDebug|x64.ActiveCfg = YRDXDebug|x64
		{2CD114E3-C30F-4A95-9B4A-455C2C8F82E5}.YRDXDebug|x64.Build.0 = YRDXDebug|x64
		{2CD114E3-C30F-4A95-9B4A-455C2C8F82E5}.YRDXDebug|x86.ActiveCfg = YRDXDebug|x86
		{2CD114E3-C30F-4A95-9B4A-455C2C8F82E5}.YRDXDebug|x86.Build.0 = YRDXDebug|x86
		{2CD114E3-C30F-4A95-9B4A-455C2C8F82E5}.YRDXRelease|Any CPU.ActiveCfg = YRDXRelease|Any CPU
		{2CD114E3-C30F-4A95-9B4A-455C2C8F82E5}.YRDXRelease|Any CPU.Build.0 = YRDXRelease|Any CPU
		{2CD114E3-C30F-4A95-9B4A-455C2C8F82E5}.YRDXRelease|ARM64.ActiveCfg = YRDXRelease|ARM64
		{2CD114E3-C30F-4A95-9B4A-455C2C8F82E5}.YRDXRelease|ARM64.Build.0 = YRDXRelease|ARM64
		{2CD114E3-C30F-4A95-9B4A-455C2C8F82E5}.YRDXRelease|x64.ActiveCfg = YRDXRelease|x64
		{2CD114E3-C30F-4A95-9B4A-455C2C8F82E5}.YRDXRelease|x64.Build.0 = YRDXRelease|x64
		{2CD114E3-C30F-4A95-9B4A-455C2C8F82E5}.YRDXRelease|x86.ActiveCfg = YRDXRelease|x86
		{2CD114E3-C30F-4A95-9B4A-455C2C8F82E5}.YRDXRelease|x86.Build.0 = YRDXRelease|x86
		{2CD114E3-C30F-4A95-9B4A-455C2C8F82E5}.YRGLDebug|Any CPU.ActiveCfg = YRGLDebug|Any CPU
		{2CD114E3-C30F-4A95-9B4A-455C2C8F82E5}.YRGLDebug|Any CPU.Build.0 = YRGLDebug|Any CPU
		{2CD114E3-C30F-4A95-9B4A-455C2C8F82E5}.YRGLDebug|ARM64.ActiveCfg = YRGLDebug|ARM64
		{2CD114E3-C30F-4A95-9B4A-455C2C8F82E5}.YRGLDebug|ARM64.Build.0 = YRGLDebug|ARM64
		{2CD114E3-C30F-4A95-9B4A-455C2C8F82E5}.YRGLDebug|x64.ActiveCfg = YRGLDebug|x64
		{2CD114E3-C30F-4A95-9B4A-455C2C8F82E5}.YRGLDebug|x64.Build.0 = YRGLDebug|x64
		{2CD114E3-C30F-4A95-9B4A-455C2C8F82E5}.YRGLDebug|x86.ActiveCfg = YRGLDebug|x86
		{2CD114E3-C30F-4A95-9B4A-455C2C8F82E5}.YRGLDebug|x86.Build.0 = YRGLDebug|x86
		{2CD114E3-C30F-4A95-9B4A-455C2C8F82E5}.YRGLRelease|Any CPU.ActiveCfg = YRGLRelease|Any CPU
		{2CD114E3-C30F-4A95-9B4A-455C2C8F82E5}.YRGLRelease|Any CPU.Build.0 = YRGLRelease|Any CPU
		{2CD114E3-C30F-4A95-9B4A-455C2C8F82E5}.YRGLRelease|ARM64.ActiveCfg = YRGLRelease|ARM64
		{2CD114E3-C30F-4A95-9B4A-455C2C8F82E5}.YRGLRelease|ARM64.Build.0 = YRGLRelease|ARM64
		{2CD114E3-C30F-4A95-9B4A-455C2C8F82E5}.YRGLRelease|x64.ActiveCfg = YRGLRelease|x64
		{2CD114E3-C30F-4A95-9B4A-455C2C8F82E5}.YRGLRelease|x64.Build.0 = YRGLRelease|x64
		{2CD114E3-C30F-4A95-9B4A-455C2C8F82E5}.YRGLRelease|x86.ActiveCfg = YRGLRelease|x86
		{2CD114E3-C30F-4A95-9B4A-455C2C8F82E5}.YRGLRelease|x86.Build.0 = YRGLRelease|x86
		{2CD114E3-C30F-4A95-9B4A-455C2C8F82E5}.YRXNADebug|Any CPU.ActiveCfg = YRXNADebug|Any CPU
		{2CD114E3-C30F-4A95-9B4A-455C2C8F82E5}.YRXNADebug|Any CPU.Build.0 = YRXNADebug|Any CPU
		{2CD114E3-C30F-4A95-9B4A-455C2C8F82E5}.YRXNADebug|ARM64.ActiveCfg = YRXNADebug|ARM64
		{2CD114E3-C30F-4A95-9B4A-455C2C8F82E5}.YRXNADebug|ARM64.Build.0 = YRXNADebug|ARM64
		{2CD114E3-C30F-4A95-9B4A-455C2C8F82E5}.YRXNADebug|x64.ActiveCfg = YRXNADebug|x64
		{2CD114E3-C30F-4A95-9B4A-455C2C8F82E5}.YRXNADebug|x64.Build.0 = YRXNADebug|x64
		{2CD114E3-C30F-4A95-9B4A-455C2C8F82E5}.YRXNADebug|x86.ActiveCfg = YRXNADebug|x86
		{2CD114E3-C30F-4A95-9B4A-455C2C8F82E5}.YRXNADebug|x86.Build.0 = YRXNADebug|x86
		{2CD114E3-C30F-4A95-9B4A-455C2C8F82E5}.YRXNARelease|Any CPU.ActiveCfg = YRXNARelease|Any CPU
		{2CD114E3-C30F-4A95-9B4A-455C2C8F82E5}.YRXNARelease|Any CPU.Build.0 = YRXNARelease|Any CPU
		{2CD114E3-C30F-4A95-9B4A-455C2C8F82E5}.YRXNARelease|ARM64.ActiveCfg = YRXNARelease|ARM64
		{2CD114E3-C30F-4A95-9B4A-455C2C8F82E5}.YRXNARelease|ARM64.Build.0 = YRXNARelease|ARM64
		{2CD114E3-C30F-4A95-9B4A-455C2C8F82E5}.YRXNARelease|x64.ActiveCfg = YRXNARelease|x64
		{2CD114E3-C30F-4A95-9B4A-455C2C8F82E5}.YRXNARelease|x64.Build.0 = YRXNARelease|x64
		{2CD114E3-C30F-4A95-9B4A-455C2C8F82E5}.YRXNARelease|x86.ActiveCfg = YRXNARelease|x86
		{2CD114E3-C30F-4A95-9B4A-455C2C8F82E5}.YRXNARelease|x86.Build.0 = YRXNARelease|x86
		{4C26AD04-FF2E-4465-9F40-DEB9DDC2C1D6}.AresDXDebug|Any CPU.ActiveCfg = AresDXDebug|Any CPU
		{4C26AD04-FF2E-4465-9F40-DEB9DDC2C1D6}.AresDXDebug|Any CPU.Build.0 = AresDXDebug|Any CPU
		{4C26AD04-FF2E-4465-9F40-DEB9DDC2C1D6}.AresDXDebug|ARM64.ActiveCfg = AresDXDebug|ARM64
		{4C26AD04-FF2E-4465-9F40-DEB9DDC2C1D6}.AresDXDebug|ARM64.Build.0 = AresDXDebug|ARM64
		{4C26AD04-FF2E-4465-9F40-DEB9DDC2C1D6}.AresDXDebug|x64.ActiveCfg = AresDXDebug|x64
		{4C26AD04-FF2E-4465-9F40-DEB9DDC2C1D6}.AresDXDebug|x64.Build.0 = AresDXDebug|x64
		{4C26AD04-FF2E-4465-9F40-DEB9DDC2C1D6}.AresDXDebug|x86.ActiveCfg = AresDXDebug|x86
		{4C26AD04-FF2E-4465-9F40-DEB9DDC2C1D6}.AresDXDebug|x86.Build.0 = AresDXDebug|x86
		{4C26AD04-FF2E-4465-9F40-DEB9DDC2C1D6}.AresDXRelease|Any CPU.ActiveCfg = AresDXRelease|Any CPU
		{4C26AD04-FF2E-4465-9F40-DEB9DDC2C1D6}.AresDXRelease|Any CPU.Build.0 = AresDXRelease|Any CPU
		{4C26AD04-FF2E-4465-9F40-DEB9DDC2C1D6}.AresDXRelease|ARM64.ActiveCfg = AresDXRelease|ARM64
		{4C26AD04-FF2E-4465-9F40-DEB9DDC2C1D6}.AresDXRelease|ARM64.Build.0 = AresDXRelease|ARM64
		{4C26AD04-FF2E-4465-9F40-DEB9DDC2C1D6}.AresDXRelease|x64.ActiveCfg = AresDXRelease|x64
		{4C26AD04-FF2E-4465-9F40-DEB9DDC2C1D6}.AresDXRelease|x64.Build.0 = AresDXRelease|x64
		{4C26AD04-FF2E-4465-9F40-DEB9DDC2C1D6}.AresDXRelease|x86.ActiveCfg = AresDXRelease|x86
		{4C26AD04-FF2E-4465-9F40-DEB9DDC2C1D6}.AresDXRelease|x86.Build.0 = AresDXRelease|x86
		{4C26AD04-FF2E-4465-9F40-DEB9DDC2C1D6}.AresGLDebug|Any CPU.ActiveCfg = AresGLDebug|Any CPU
		{4C26AD04-FF2E-4465-9F40-DEB9DDC2C1D6}.AresGLDebug|Any CPU.Build.0 = AresGLDebug|Any CPU
		{4C26AD04-FF2E-4465-9F40-DEB9DDC2C1D6}.AresGLDebug|ARM64.ActiveCfg = AresGLDebug|ARM64
		{4C26AD04-FF2E-4465-9F40-DEB9DDC2C1D6}.AresGLDebug|ARM64.Build.0 = AresGLDebug|ARM64
		{4C26AD04-FF2E-4465-9F40-DEB9DDC2C1D6}.AresGLDebug|x64.ActiveCfg = AresGLDebug|x64
		{4C26AD04-FF2E-4465-9F40-DEB9DDC2C1D6}.AresGLDebug|x64.Build.0 = AresGLDebug|x64
		{4C26AD04-FF2E-4465-9F40-DEB9DDC2C1D6}.AresGLDebug|x86.ActiveCfg = AresGLDebug|x86
		{4C26AD04-FF2E-4465-9F40-DEB9DDC2C1D6}.AresGLDebug|x86.Build.0 = AresGLDebug|x86
		{4C26AD04-FF2E-4465-9F40-DEB9DDC2C1D6}.AresGLRelease|Any CPU.ActiveCfg = AresGLRelease|Any CPU
		{4C26AD04-FF2E-4465-9F40-DEB9DDC2C1D6}.AresGLRelease|Any CPU.Build.0 = AresGLRelease|Any CPU
		{4C26AD04-FF2E-4465-9F40-DEB9DDC2C1D6}.AresGLRelease|ARM64.ActiveCfg = AresGLRelease|ARM64
		{4C26AD04-FF2E-4465-9F40-DEB9DDC2C1D6}.AresGLRelease|ARM64.Build.0 = AresGLRelease|ARM64
		{4C26AD04-FF2E-4465-9F40-DEB9DDC2C1D6}.AresGLRelease|x64.ActiveCfg = AresGLRelease|x64
		{4C26AD04-FF2E-4465-9F40-DEB9DDC2C1D6}.AresGLRelease|x64.Build.0 = AresGLRelease|x64
		{4C26AD04-FF2E-4465-9F40-DEB9DDC2C1D6}.AresGLRelease|x86.ActiveCfg = AresGLRelease|x86
		{4C26AD04-FF2E-4465-9F40-DEB9DDC2C1D6}.AresGLRelease|x86.Build.0 = AresGLRelease|x86
		{4C26AD04-FF2E-4465-9F40-DEB9DDC2C1D6}.AresXNADebug|Any CPU.ActiveCfg = AresXNADebug|Any CPU
		{4C26AD04-FF2E-4465-9F40-DEB9DDC2C1D6}.AresXNADebug|Any CPU.Build.0 = AresXNADebug|Any CPU
		{4C26AD04-FF2E-4465-9F40-DEB9DDC2C1D6}.AresXNADebug|ARM64.ActiveCfg = AresXNADebug|ARM64
		{4C26AD04-FF2E-4465-9F40-DEB9DDC2C1D6}.AresXNADebug|ARM64.Build.0 = AresXNADebug|ARM64
		{4C26AD04-FF2E-4465-9F40-DEB9DDC2C1D6}.AresXNADebug|x64.ActiveCfg = AresXNADebug|x64
		{4C26AD04-FF2E-4465-9F40-DEB9DDC2C1D6}.AresXNADebug|x64.Build.0 = AresXNADebug|x64
		{4C26AD04-FF2E-4465-9F40-DEB9DDC2C1D6}.AresXNADebug|x86.ActiveCfg = AresXNADebug|x86
		{4C26AD04-FF2E-4465-9F40-DEB9DDC2C1D6}.AresXNADebug|x86.Build.0 = AresXNADebug|x86
		{4C26AD04-FF2E-4465-9F40-DEB9DDC2C1D6}.AresXNARelease|Any CPU.ActiveCfg = AresXNARelease|Any CPU
		{4C26AD04-FF2E-4465-9F40-DEB9DDC2C1D6}.AresXNARelease|Any CPU.Build.0 = AresXNARelease|Any CPU
		{4C26AD04-FF2E-4465-9F40-DEB9DDC2C1D6}.AresXNARelease|ARM64.ActiveCfg = AresXNARelease|ARM64
		{4C26AD04-FF2E-4465-9F40-DEB9DDC2C1D6}.AresXNARelease|ARM64.Build.0 = AresXNARelease|ARM64
		{4C26AD04-FF2E-4465-9F40-DEB9DDC2C1D6}.AresXNARelease|x64.ActiveCfg = AresXNARelease|x64
		{4C26AD04-FF2E-4465-9F40-DEB9DDC2C1D6}.AresXNARelease|x64.Build.0 = AresXNARelease|x64
		{4C26AD04-FF2E-4465-9F40-DEB9DDC2C1D6}.AresXNARelease|x86.ActiveCfg = AresXNARelease|x86
		{4C26AD04-FF2E-4465-9F40-DEB9DDC2C1D6}.AresXNARelease|x86.Build.0 = AresXNARelease|x86
		{4C26AD04-FF2E-4465-9F40-DEB9DDC2C1D6}.TSDXDebug|Any CPU.ActiveCfg = TSDXDebug|Any CPU
		{4C26AD04-FF2E-4465-9F40-DEB9DDC2C1D6}.TSDXDebug|Any CPU.Build.0 = TSDXDebug|Any CPU
		{4C26AD04-FF2E-4465-9F40-DEB9DDC2C1D6}.TSDXDebug|ARM64.ActiveCfg = TSDXDebug|ARM64
		{4C26AD04-FF2E-4465-9F40-DEB9DDC2C1D6}.TSDXDebug|ARM64.Build.0 = TSDXDebug|ARM64
		{4C26AD04-FF2E-4465-9F40-DEB9DDC2C1D6}.TSDXDebug|x64.ActiveCfg = TSDXDebug|x64
		{4C26AD04-FF2E-4465-9F40-DEB9DDC2C1D6}.TSDXDebug|x64.Build.0 = TSDXDebug|x64
		{4C26AD04-FF2E-4465-9F40-DEB9DDC2C1D6}.TSDXDebug|x86.ActiveCfg = TSDXDebug|x86
		{4C26AD04-FF2E-4465-9F40-DEB9DDC2C1D6}.TSDXDebug|x86.Build.0 = TSDXDebug|x86
		{4C26AD04-FF2E-4465-9F40-DEB9DDC2C1D6}.TSDXRelease|Any CPU.ActiveCfg = TSDXRelease|Any CPU
		{4C26AD04-FF2E-4465-9F40-DEB9DDC2C1D6}.TSDXRelease|Any CPU.Build.0 = TSDXRelease|Any CPU
		{4C26AD04-FF2E-4465-9F40-DEB9DDC2C1D6}.TSDXRelease|ARM64.ActiveCfg = TSDXRelease|ARM64
		{4C26AD04-FF2E-4465-9F40-DEB9DDC2C1D6}.TSDXRelease|ARM64.Build.0 = TSDXRelease|ARM64
		{4C26AD04-FF2E-4465-9F40-DEB9DDC2C1D6}.TSDXRelease|x64.ActiveCfg = TSDXRelease|x64
		{4C26AD04-FF2E-4465-9F40-DEB9DDC2C1D6}.TSDXRelease|x64.Build.0 = TSDXRelease|x64
		{4C26AD04-FF2E-4465-9F40-DEB9DDC2C1D6}.TSDXRelease|x86.ActiveCfg = TSDXRelease|x86
		{4C26AD04-FF2E-4465-9F40-DEB9DDC2C1D6}.TSDXRelease|x86.Build.0 = TSDXRelease|x86
		{4C26AD04-FF2E-4465-9F40-DEB9DDC2C1D6}.TSGLDebug|Any CPU.ActiveCfg = TSGLDebug|Any CPU
		{4C26AD04-FF2E-4465-9F40-DEB9DDC2C1D6}.TSGLDebug|Any CPU.Build.0 = TSGLDebug|Any CPU
		{4C26AD04-FF2E-4465-9F40-DEB9DDC2C1D6}.TSGLDebug|ARM64.ActiveCfg = TSGLDebug|ARM64
		{4C26AD04-FF2E-4465-9F40-DEB9DDC2C1D6}.TSGLDebug|ARM64.Build.0 = TSGLDebug|ARM64
		{4C26AD04-FF2E-4465-9F40-DEB9DDC2C1D6}.TSGLDebug|x64.ActiveCfg = TSGLDebug|x64
		{4C26AD04-FF2E-4465-9F40-DEB9DDC2C1D6}.TSGLDebug|x64.Build.0 = TSGLDebug|x64
		{4C26AD04-FF2E-4465-9F40-DEB9DDC2C1D6}.TSGLDebug|x86.ActiveCfg = TSGLDebug|x86
		{4C26AD04-FF2E-4465-9F40-DEB9DDC2C1D6}.TSGLDebug|x86.Build.0 = TSGLDebug|x86
		{4C26AD04-FF2E-4465-9F40-DEB9DDC2C1D6}.TSGLRelease|Any CPU.ActiveCfg = TSGLRelease|Any CPU
		{4C26AD04-FF2E-4465-9F40-DEB9DDC2C1D6}.TSGLRelease|Any CPU.Build.0 = TSGLRelease|Any CPU
		{4C26AD04-FF2E-4465-9F40-DEB9DDC2C1D6}.TSGLRelease|ARM64.ActiveCfg = TSGLRelease|ARM64
		{4C26AD04-FF2E-4465-9F40-DEB9DDC2C1D6}.TSGLRelease|ARM64.Build.0 = TSGLRelease|ARM64
		{4C26AD04-FF2E-4465-9F40-DEB9DDC2C1D6}.TSGLRelease|x64.ActiveCfg = TSGLRelease|x64
		{4C26AD04-FF2E-4465-9F40-DEB9DDC2C1D6}.TSGLRelease|x64.Build.0 = TSGLRelease|x64
		{4C26AD04-FF2E-4465-9F40-DEB9DDC2C1D6}.TSGLRelease|x86.ActiveCfg = TSGLRelease|x86
		{4C26AD04-FF2E-4465-9F40-DEB9DDC2C1D6}.TSGLRelease|x86.Build.0 = TSGLRelease|x86
		{4C26AD04-FF2E-4465-9F40-DEB9DDC2C1D6}.TSXNADebug|Any CPU.ActiveCfg = TSXNADebug|Any CPU
		{4C26AD04-FF2E-4465-9F40-DEB9DDC2C1D6}.TSXNADebug|Any CPU.Build.0 = TSXNADebug|Any CPU
		{4C26AD04-FF2E-4465-9F40-DEB9DDC2C1D6}.TSXNADebug|ARM64.ActiveCfg = TSXNADebug|ARM64
		{4C26AD04-FF2E-4465-9F40-DEB9DDC2C1D6}.TSXNADebug|ARM64.Build.0 = TSXNADebug|ARM64
		{4C26AD04-FF2E-4465-9F40-DEB9DDC2C1D6}.TSXNADebug|x64.ActiveCfg = TSXNADebug|x64
		{4C26AD04-FF2E-4465-9F40-DEB9DDC2C1D6}.TSXNADebug|x64.Build.0 = TSXNADebug|x64
		{4C26AD04-FF2E-4465-9F40-DEB9DDC2C1D6}.TSXNADebug|x86.ActiveCfg = TSXNADebug|x86
		{4C26AD04-FF2E-4465-9F40-DEB9DDC2C1D6}.TSXNADebug|x86.Build.0 = TSXNADebug|x86
		{4C26AD04-FF2E-4465-9F40-DEB9DDC2C1D6}.TSXNARelease|Any CPU.ActiveCfg = TSXNARelease|Any CPU
		{4C26AD04-FF2E-4465-9F40-DEB9DDC2C1D6}.TSXNARelease|Any CPU.Build.0 = TSXNARelease|Any CPU
		{4C26AD04-FF2E-4465-9F40-DEB9DDC2C1D6}.TSXNARelease|ARM64.ActiveCfg = TSXNARelease|ARM64
		{4C26AD04-FF2E-4465-9F40-DEB9DDC2C1D6}.TSXNARelease|ARM64.Build.0 = TSXNARelease|ARM64
		{4C26AD04-FF2E-4465-9F40-DEB9DDC2C1D6}.TSXNARelease|x64.ActiveCfg = TSXNARelease|x64
		{4C26AD04-FF2E-4465-9F40-DEB9DDC2C1D6}.TSXNARelease|x64.Build.0 = TSXNARelease|x64
		{4C26AD04-FF2E-4465-9F40-DEB9DDC2C1D6}.TSXNARelease|x86.ActiveCfg = TSXNARelease|x86
		{4C26AD04-FF2E-4465-9F40-DEB9DDC2C1D6}.TSXNARelease|x86.Build.0 = TSXNARelease|x86
		{4C26AD04-FF2E-4465-9F40-DEB9DDC2C1D6}.YRDXDebug|Any CPU.ActiveCfg = YRDXDebug|Any CPU
		{4C26AD04-FF2E-4465-9F40-DEB9DDC2C1D6}.YRDXDebug|Any CPU.Build.0 = YRDXDebug|Any CPU
		{4C26AD04-FF2E-4465-9F40-DEB9DDC2C1D6}.YRDXDebug|ARM64.ActiveCfg = YRDXDebug|ARM64
		{4C26AD04-FF2E-4465-9F40-DEB9DDC2C1D6}.YRDXDebug|ARM64.Build.0 = YRDXDebug|ARM64
		{4C26AD04-FF2E-4465-9F40-DEB9DDC2C1D6}.YRDXDebug|x64.ActiveCfg = YRDXDebug|x64
		{4C26AD04-FF2E-4465-9F40-DEB9DDC2C1D6}.YRDXDebug|x64.Build.0 = YRDXDebug|x64
		{4C26AD04-FF2E-4465-9F40-DEB9DDC2C1D6}.YRDXDebug|x86.ActiveCfg = YRDXDebug|x86
		{4C26AD04-FF2E-4465-9F40-DEB9DDC2C1D6}.YRDXDebug|x86.Build.0 = YRDXDebug|x86
		{4C26AD04-FF2E-4465-9F40-DEB9DDC2C1D6}.YRDXRelease|Any CPU.ActiveCfg = YRDXRelease|Any CPU
		{4C26AD04-FF2E-4465-9F40-DEB9DDC2C1D6}.YRDXRelease|Any CPU.Build.0 = YRDXRelease|Any CPU
		{4C26AD04-FF2E-4465-9F40-DEB9DDC2C1D6}.YRDXRelease|ARM64.ActiveCfg = YRDXRelease|ARM64
		{4C26AD04-FF2E-4465-9F40-DEB9DDC2C1D6}.YRDXRelease|ARM64.Build.0 = YRDXRelease|ARM64
		{4C26AD04-FF2E-4465-9F40-DEB9DDC2C1D6}.YRDXRelease|x64.ActiveCfg = YRDXRelease|x64
		{4C26AD04-FF2E-4465-9F40-DEB9DDC2C1D6}.YRDXRelease|x64.Build.0 = YRDXRelease|x64
		{4C26AD04-FF2E-4465-9F40-DEB9DDC2C1D6}.YRDXRelease|x86.ActiveCfg = YRDXRelease|x86
		{4C26AD04-FF2E-4465-9F40-DEB9DDC2C1D6}.YRDXRelease|x86.Build.0 = YRDXRelease|x86
		{4C26AD04-FF2E-4465-9F40-DEB9DDC2C1D6}.YRGLDebug|Any CPU.ActiveCfg = YRGLDebug|Any CPU
		{4C26AD04-FF2E-4465-9F40-DEB9DDC2C1D6}.YRGLDebug|Any CPU.Build.0 = YRGLDebug|Any CPU
		{4C26AD04-FF2E-4465-9F40-DEB9DDC2C1D6}.YRGLDebug|ARM64.ActiveCfg = YRGLDebug|ARM64
		{4C26AD04-FF2E-4465-9F40-DEB9DDC2C1D6}.YRGLDebug|ARM64.Build.0 = YRGLDebug|ARM64
		{4C26AD04-FF2E-4465-9F40-DEB9DDC2C1D6}.YRGLDebug|x64.ActiveCfg = YRGLDebug|x64
		{4C26AD04-FF2E-4465-9F40-DEB9DDC2C1D6}.YRGLDebug|x64.Build.0 = YRGLDebug|x64
		{4C26AD04-FF2E-4465-9F40-DEB9DDC2C1D6}.YRGLDebug|x86.ActiveCfg = YRGLDebug|x86
		{4C26AD04-FF2E-4465-9F40-DEB9DDC2C1D6}.YRGLDebug|x86.Build.0 = YRGLDebug|x86
		{4C26AD04-FF2E-4465-9F40-DEB9DDC2C1D6}.YRGLRelease|Any CPU.ActiveCfg = YRGLRelease|Any CPU
		{4C26AD04-FF2E-4465-9F40-DEB9DDC2C1D6}.YRGLRelease|Any CPU.Build.0 = YRGLRelease|Any CPU
		{4C26AD04-FF2E-4465-9F40-DEB9DDC2C1D6}.YRGLRelease|ARM64.ActiveCfg = YRGLRelease|ARM64
		{4C26AD04-FF2E-4465-9F40-DEB9DDC2C1D6}.YRGLRelease|ARM64.Build.0 = YRGLRelease|ARM64
		{4C26AD04-FF2E-4465-9F40-DEB9DDC2C1D6}.YRGLRelease|x64.ActiveCfg = YRGLRelease|x64
		{4C26AD04-FF2E-4465-9F40-DEB9DDC2C1D6}.YRGLRelease|x64.Build.0 = YRGLRelease|x64
		{4C26AD04-FF2E-4465-9F40-DEB9DDC2C1D6}.YRGLRelease|x86.ActiveCfg = YRGLRelease|x86
		{4C26AD04-FF2E-4465-9F40-DEB9DDC2C1D6}.YRGLRelease|x86.Build.0 = YRGLRelease|x86
		{4C26AD04-FF2E-4465-9F40-DEB9DDC2C1D6}.YRXNADebug|Any CPU.ActiveCfg = YRXNADebug|Any CPU
		{4C26AD04-FF2E-4465-9F40-DEB9DDC2C1D6}.YRXNADebug|Any CPU.Build.0 = YRXNADebug|Any CPU
		{4C26AD04-FF2E-4465-9F40-DEB9DDC2C1D6}.YRXNADebug|ARM64.ActiveCfg = YRXNADebug|ARM64
		{4C26AD04-FF2E-4465-9F40-DEB9DDC2C1D6}.YRXNADebug|ARM64.Build.0 = YRXNADebug|ARM64
		{4C26AD04-FF2E-4465-9F40-DEB9DDC2C1D6}.YRXNADebug|x64.ActiveCfg = YRXNADebug|x64
		{4C26AD04-FF2E-4465-9F40-DEB9DDC2C1D6}.YRXNADebug|x64.Build.0 = YRXNADebug|x64
		{4C26AD04-FF2E-4465-9F40-DEB9DDC2C1D6}.YRXNADebug|x86.ActiveCfg = YRXNADebug|x86
		{4C26AD04-FF2E-4465-9F40-DEB9DDC2C1D6}.YRXNADebug|x86.Build.0 = YRXNADebug|x86
		{4C26AD04-FF2E-4465-9F40-DEB9DDC2C1D6}.YRXNARelease|Any CPU.ActiveCfg = YRXNARelease|Any CPU
		{4C26AD04-FF2E-4465-9F40-DEB9DDC2C1D6}.YRXNARelease|Any CPU.Build.0 = YRXNARelease|Any CPU
		{4C26AD04-FF2E-4465-9F40-DEB9DDC2C1D6}.YRXNARelease|ARM64.ActiveCfg = YRXNARelease|ARM64
		{4C26AD04-FF2E-4465-9F40-DEB9DDC2C1D6}.YRXNARelease|ARM64.Build.0 = YRXNARelease|ARM64
		{4C26AD04-FF2E-4465-9F40-DEB9DDC2C1D6}.YRXNARelease|x64.ActiveCfg = YRXNARelease|x64
		{4C26AD04-FF2E-4465-9F40-DEB9DDC2C1D6}.YRXNARelease|x64.Build.0 = YRXNARelease|x64
		{4C26AD04-FF2E-4465-9F40-DEB9DDC2C1D6}.YRXNARelease|x86.ActiveCfg = YRXNARelease|x86
		{4C26AD04-FF2E-4465-9F40-DEB9DDC2C1D6}.YRXNARelease|x86.Build.0 = YRXNARelease|x86
		{97458C1E-2E6C-4C5C-93C7-16A6712802E9}.AresDXDebug|Any CPU.ActiveCfg = AresDXDebug|Any CPU
		{97458C1E-2E6C-4C5C-93C7-16A6712802E9}.AresDXDebug|Any CPU.Build.0 = AresDXDebug|Any CPU
		{97458C1E-2E6C-4C5C-93C7-16A6712802E9}.AresDXDebug|ARM64.ActiveCfg = AresDXDebug|ARM64
		{97458C1E-2E6C-4C5C-93C7-16A6712802E9}.AresDXDebug|ARM64.Build.0 = AresDXDebug|ARM64
		{97458C1E-2E6C-4C5C-93C7-16A6712802E9}.AresDXDebug|x64.ActiveCfg = AresDXDebug|x64
		{97458C1E-2E6C-4C5C-93C7-16A6712802E9}.AresDXDebug|x64.Build.0 = AresDXDebug|x64
		{97458C1E-2E6C-4C5C-93C7-16A6712802E9}.AresDXDebug|x86.ActiveCfg = AresDXDebug|x86
		{97458C1E-2E6C-4C5C-93C7-16A6712802E9}.AresDXDebug|x86.Build.0 = AresDXDebug|x86
		{97458C1E-2E6C-4C5C-93C7-16A6712802E9}.AresDXRelease|Any CPU.ActiveCfg = AresDXRelease|Any CPU
		{97458C1E-2E6C-4C5C-93C7-16A6712802E9}.AresDXRelease|Any CPU.Build.0 = AresDXRelease|Any CPU
		{97458C1E-2E6C-4C5C-93C7-16A6712802E9}.AresDXRelease|ARM64.ActiveCfg = AresDXRelease|ARM64
		{97458C1E-2E6C-4C5C-93C7-16A6712802E9}.AresDXRelease|ARM64.Build.0 = AresDXRelease|ARM64
		{97458C1E-2E6C-4C5C-93C7-16A6712802E9}.AresDXRelease|x64.ActiveCfg = AresDXRelease|x64
		{97458C1E-2E6C-4C5C-93C7-16A6712802E9}.AresDXRelease|x64.Build.0 = AresDXRelease|x64
		{97458C1E-2E6C-4C5C-93C7-16A6712802E9}.AresDXRelease|x86.ActiveCfg = AresDXRelease|x86
		{97458C1E-2E6C-4C5C-93C7-16A6712802E9}.AresDXRelease|x86.Build.0 = AresDXRelease|x86
		{97458C1E-2E6C-4C5C-93C7-16A6712802E9}.AresGLDebug|Any CPU.ActiveCfg = AresGLDebug|Any CPU
		{97458C1E-2E6C-4C5C-93C7-16A6712802E9}.AresGLDebug|Any CPU.Build.0 = AresGLDebug|Any CPU
		{97458C1E-2E6C-4C5C-93C7-16A6712802E9}.AresGLDebug|ARM64.ActiveCfg = AresGLDebug|ARM64
		{97458C1E-2E6C-4C5C-93C7-16A6712802E9}.AresGLDebug|ARM64.Build.0 = AresGLDebug|ARM64
		{97458C1E-2E6C-4C5C-93C7-16A6712802E9}.AresGLDebug|x64.ActiveCfg = AresGLDebug|x64
		{97458C1E-2E6C-4C5C-93C7-16A6712802E9}.AresGLDebug|x64.Build.0 = AresGLDebug|x64
		{97458C1E-2E6C-4C5C-93C7-16A6712802E9}.AresGLDebug|x86.ActiveCfg = AresGLDebug|x86
		{97458C1E-2E6C-4C5C-93C7-16A6712802E9}.AresGLDebug|x86.Build.0 = AresGLDebug|x86
		{97458C1E-2E6C-4C5C-93C7-16A6712802E9}.AresGLRelease|Any CPU.ActiveCfg = AresGLRelease|Any CPU
		{97458C1E-2E6C-4C5C-93C7-16A6712802E9}.AresGLRelease|Any CPU.Build.0 = AresGLRelease|Any CPU
		{97458C1E-2E6C-4C5C-93C7-16A6712802E9}.AresGLRelease|ARM64.ActiveCfg = AresGLRelease|ARM64
		{97458C1E-2E6C-4C5C-93C7-16A6712802E9}.AresGLRelease|ARM64.Build.0 = AresGLRelease|ARM64
		{97458C1E-2E6C-4C5C-93C7-16A6712802E9}.AresGLRelease|x64.ActiveCfg = AresGLRelease|x64
		{97458C1E-2E6C-4C5C-93C7-16A6712802E9}.AresGLRelease|x64.Build.0 = AresGLRelease|x64
		{97458C1E-2E6C-4C5C-93C7-16A6712802E9}.AresGLRelease|x86.ActiveCfg = AresGLRelease|x86
		{97458C1E-2E6C-4C5C-93C7-16A6712802E9}.AresGLRelease|x86.Build.0 = AresGLRelease|x86
		{97458C1E-2E6C-4C5C-93C7-16A6712802E9}.AresXNADebug|Any CPU.ActiveCfg = AresXNADebug|Any CPU
		{97458C1E-2E6C-4C5C-93C7-16A6712802E9}.AresXNADebug|Any CPU.Build.0 = AresXNADebug|Any CPU
		{97458C1E-2E6C-4C5C-93C7-16A6712802E9}.AresXNADebug|ARM64.ActiveCfg = AresXNADebug|ARM64
		{97458C1E-2E6C-4C5C-93C7-16A6712802E9}.AresXNADebug|ARM64.Build.0 = AresXNADebug|ARM64
		{97458C1E-2E6C-4C5C-93C7-16A6712802E9}.AresXNADebug|x64.ActiveCfg = AresXNADebug|x64
		{97458C1E-2E6C-4C5C-93C7-16A6712802E9}.AresXNADebug|x64.Build.0 = AresXNADebug|x64
		{97458C1E-2E6C-4C5C-93C7-16A6712802E9}.AresXNADebug|x86.ActiveCfg = AresXNADebug|x86
		{97458C1E-2E6C-4C5C-93C7-16A6712802E9}.AresXNADebug|x86.Build.0 = AresXNADebug|x86
		{97458C1E-2E6C-4C5C-93C7-16A6712802E9}.AresXNARelease|Any CPU.ActiveCfg = AresXNARelease|Any CPU
		{97458C1E-2E6C-4C5C-93C7-16A6712802E9}.AresXNARelease|Any CPU.Build.0 = AresXNARelease|Any CPU
		{97458C1E-2E6C-4C5C-93C7-16A6712802E9}.AresXNARelease|ARM64.ActiveCfg = AresXNARelease|ARM64
		{97458C1E-2E6C-4C5C-93C7-16A6712802E9}.AresXNARelease|ARM64.Build.0 = AresXNARelease|ARM64
		{97458C1E-2E6C-4C5C-93C7-16A6712802E9}.AresXNARelease|x64.ActiveCfg = AresXNARelease|x64
		{97458C1E-2E6C-4C5C-93C7-16A6712802E9}.AresXNARelease|x64.Build.0 = AresXNARelease|x64
		{97458C1E-2E6C-4C5C-93C7-16A6712802E9}.AresXNARelease|x86.ActiveCfg = AresXNARelease|x86
		{97458C1E-2E6C-4C5C-93C7-16A6712802E9}.AresXNARelease|x86.Build.0 = AresXNARelease|x86
		{97458C1E-2E6C-4C5C-93C7-16A6712802E9}.TSDXDebug|Any CPU.ActiveCfg = TSDXDebug|Any CPU
		{97458C1E-2E6C-4C5C-93C7-16A6712802E9}.TSDXDebug|Any CPU.Build.0 = TSDXDebug|Any CPU
		{97458C1E-2E6C-4C5C-93C7-16A6712802E9}.TSDXDebug|ARM64.ActiveCfg = TSDXDebug|ARM64
		{97458C1E-2E6C-4C5C-93C7-16A6712802E9}.TSDXDebug|ARM64.Build.0 = TSDXDebug|ARM64
		{97458C1E-2E6C-4C5C-93C7-16A6712802E9}.TSDXDebug|x64.ActiveCfg = TSDXDebug|x64
		{97458C1E-2E6C-4C5C-93C7-16A6712802E9}.TSDXDebug|x64.Build.0 = TSDXDebug|x64
		{97458C1E-2E6C-4C5C-93C7-16A6712802E9}.TSDXDebug|x86.ActiveCfg = TSDXDebug|x86
		{97458C1E-2E6C-4C5C-93C7-16A6712802E9}.TSDXDebug|x86.Build.0 = TSDXDebug|x86
		{97458C1E-2E6C-4C5C-93C7-16A6712802E9}.TSDXRelease|Any CPU.ActiveCfg = TSDXRelease|Any CPU
		{97458C1E-2E6C-4C5C-93C7-16A6712802E9}.TSDXRelease|Any CPU.Build.0 = TSDXRelease|Any CPU
		{97458C1E-2E6C-4C5C-93C7-16A6712802E9}.TSDXRelease|ARM64.ActiveCfg = TSDXRelease|ARM64
		{97458C1E-2E6C-4C5C-93C7-16A6712802E9}.TSDXRelease|ARM64.Build.0 = TSDXRelease|ARM64
		{97458C1E-2E6C-4C5C-93C7-16A6712802E9}.TSDXRelease|x64.ActiveCfg = TSDXRelease|x64
		{97458C1E-2E6C-4C5C-93C7-16A6712802E9}.TSDXRelease|x64.Build.0 = TSDXRelease|x64
		{97458C1E-2E6C-4C5C-93C7-16A6712802E9}.TSDXRelease|x86.ActiveCfg = TSDXRelease|x86
		{97458C1E-2E6C-4C5C-93C7-16A6712802E9}.TSDXRelease|x86.Build.0 = TSDXRelease|x86
		{97458C1E-2E6C-4C5C-93C7-16A6712802E9}.TSGLDebug|Any CPU.ActiveCfg = TSGLDebug|Any CPU
		{97458C1E-2E6C-4C5C-93C7-16A6712802E9}.TSGLDebug|Any CPU.Build.0 = TSGLDebug|Any CPU
		{97458C1E-2E6C-4C5C-93C7-16A6712802E9}.TSGLDebug|ARM64.ActiveCfg = TSGLDebug|ARM64
		{97458C1E-2E6C-4C5C-93C7-16A6712802E9}.TSGLDebug|ARM64.Build.0 = TSGLDebug|ARM64
		{97458C1E-2E6C-4C5C-93C7-16A6712802E9}.TSGLDebug|x64.ActiveCfg = TSGLDebug|x64
		{97458C1E-2E6C-4C5C-93C7-16A6712802E9}.TSGLDebug|x64.Build.0 = TSGLDebug|x64
		{97458C1E-2E6C-4C5C-93C7-16A6712802E9}.TSGLDebug|x86.ActiveCfg = TSGLDebug|x86
		{97458C1E-2E6C-4C5C-93C7-16A6712802E9}.TSGLDebug|x86.Build.0 = TSGLDebug|x86
		{97458C1E-2E6C-4C5C-93C7-16A6712802E9}.TSGLRelease|Any CPU.ActiveCfg = TSGLRelease|Any CPU
		{97458C1E-2E6C-4C5C-93C7-16A6712802E9}.TSGLRelease|Any CPU.Build.0 = TSGLRelease|Any CPU
		{97458C1E-2E6C-4C5C-93C7-16A6712802E9}.TSGLRelease|ARM64.ActiveCfg = TSGLRelease|ARM64
		{97458C1E-2E6C-4C5C-93C7-16A6712802E9}.TSGLRelease|ARM64.Build.0 = TSGLRelease|ARM64
		{97458C1E-2E6C-4C5C-93C7-16A6712802E9}.TSGLRelease|x64.ActiveCfg = TSGLRelease|x64
		{97458C1E-2E6C-4C5C-93C7-16A6712802E9}.TSGLRelease|x64.Build.0 = TSGLRelease|x64
		{97458C1E-2E6C-4C5C-93C7-16A6712802E9}.TSGLRelease|x86.ActiveCfg = TSGLRelease|x86
		{97458C1E-2E6C-4C5C-93C7-16A6712802E9}.TSGLRelease|x86.Build.0 = TSGLRelease|x86
		{97458C1E-2E6C-4C5C-93C7-16A6712802E9}.TSXNADebug|Any CPU.ActiveCfg = TSXNADebug|Any CPU
		{97458C1E-2E6C-4C5C-93C7-16A6712802E9}.TSXNADebug|Any CPU.Build.0 = TSXNADebug|Any CPU
		{97458C1E-2E6C-4C5C-93C7-16A6712802E9}.TSXNADebug|ARM64.ActiveCfg = TSXNADebug|ARM64
		{97458C1E-2E6C-4C5C-93C7-16A6712802E9}.TSXNADebug|ARM64.Build.0 = TSXNADebug|ARM64
		{97458C1E-2E6C-4C5C-93C7-16A6712802E9}.TSXNADebug|x64.ActiveCfg = TSXNADebug|x64
		{97458C1E-2E6C-4C5C-93C7-16A6712802E9}.TSXNADebug|x64.Build.0 = TSXNADebug|x64
		{97458C1E-2E6C-4C5C-93C7-16A6712802E9}.TSXNADebug|x86.ActiveCfg = TSXNADebug|x86
		{97458C1E-2E6C-4C5C-93C7-16A6712802E9}.TSXNADebug|x86.Build.0 = TSXNADebug|x86
		{97458C1E-2E6C-4C5C-93C7-16A6712802E9}.TSXNARelease|Any CPU.ActiveCfg = TSXNARelease|Any CPU
		{97458C1E-2E6C-4C5C-93C7-16A6712802E9}.TSXNARelease|Any CPU.Build.0 = TSXNARelease|Any CPU
		{97458C1E-2E6C-4C5C-93C7-16A6712802E9}.TSXNARelease|ARM64.ActiveCfg = TSXNARelease|ARM64
		{97458C1E-2E6C-4C5C-93C7-16A6712802E9}.TSXNARelease|ARM64.Build.0 = TSXNARelease|ARM64
		{97458C1E-2E6C-4C5C-93C7-16A6712802E9}.TSXNARelease|x64.ActiveCfg = TSXNARelease|x64
		{97458C1E-2E6C-4C5C-93C7-16A6712802E9}.TSXNARelease|x64.Build.0 = TSXNARelease|x64
		{97458C1E-2E6C-4C5C-93C7-16A6712802E9}.TSXNARelease|x86.ActiveCfg = TSXNARelease|x86
		{97458C1E-2E6C-4C5C-93C7-16A6712802E9}.TSXNARelease|x86.Build.0 = TSXNARelease|x86
		{97458C1E-2E6C-4C5C-93C7-16A6712802E9}.YRDXDebug|Any CPU.ActiveCfg = YRDXDebug|Any CPU
		{97458C1E-2E6C-4C5C-93C7-16A6712802E9}.YRDXDebug|Any CPU.Build.0 = YRDXDebug|Any CPU
		{97458C1E-2E6C-4C5C-93C7-16A6712802E9}.YRDXDebug|ARM64.ActiveCfg = YRDXDebug|ARM64
		{97458C1E-2E6C-4C5C-93C7-16A6712802E9}.YRDXDebug|ARM64.Build.0 = YRDXDebug|ARM64
		{97458C1E-2E6C-4C5C-93C7-16A6712802E9}.YRDXDebug|x64.ActiveCfg = YRDXDebug|x64
		{97458C1E-2E6C-4C5C-93C7-16A6712802E9}.YRDXDebug|x64.Build.0 = YRDXDebug|x64
		{97458C1E-2E6C-4C5C-93C7-16A6712802E9}.YRDXDebug|x86.ActiveCfg = YRDXDebug|x86
		{97458C1E-2E6C-4C5C-93C7-16A6712802E9}.YRDXDebug|x86.Build.0 = YRDXDebug|x86
		{97458C1E-2E6C-4C5C-93C7-16A6712802E9}.YRDXRelease|Any CPU.ActiveCfg = YRDXRelease|Any CPU
		{97458C1E-2E6C-4C5C-93C7-16A6712802E9}.YRDXRelease|Any CPU.Build.0 = YRDXRelease|Any CPU
		{97458C1E-2E6C-4C5C-93C7-16A6712802E9}.YRDXRelease|ARM64.ActiveCfg = YRDXRelease|ARM64
		{97458C1E-2E6C-4C5C-93C7-16A6712802E9}.YRDXRelease|ARM64.Build.0 = YRDXRelease|ARM64
		{97458C1E-2E6C-4C5C-93C7-16A6712802E9}.YRDXRelease|x64.ActiveCfg = YRDXRelease|x64
		{97458C1E-2E6C-4C5C-93C7-16A6712802E9}.YRDXRelease|x64.Build.0 = YRDXRelease|x64
		{97458C1E-2E6C-4C5C-93C7-16A6712802E9}.YRDXRelease|x86.ActiveCfg = YRDXRelease|x86
		{97458C1E-2E6C-4C5C-93C7-16A6712802E9}.YRDXRelease|x86.Build.0 = YRDXRelease|x86
		{97458C1E-2E6C-4C5C-93C7-16A6712802E9}.YRGLDebug|Any CPU.ActiveCfg = YRGLDebug|Any CPU
		{97458C1E-2E6C-4C5C-93C7-16A6712802E9}.YRGLDebug|Any CPU.Build.0 = YRGLDebug|Any CPU
		{97458C1E-2E6C-4C5C-93C7-16A6712802E9}.YRGLDebug|ARM64.ActiveCfg = YRGLDebug|ARM64
		{97458C1E-2E6C-4C5C-93C7-16A6712802E9}.YRGLDebug|ARM64.Build.0 = YRGLDebug|ARM64
		{97458C1E-2E6C-4C5C-93C7-16A6712802E9}.YRGLDebug|x64.ActiveCfg = YRGLDebug|x64
		{97458C1E-2E6C-4C5C-93C7-16A6712802E9}.YRGLDebug|x64.Build.0 = YRGLDebug|x64
		{97458C1E-2E6C-4C5C-93C7-16A6712802E9}.YRGLDebug|x86.ActiveCfg = YRGLDebug|x86
		{97458C1E-2E6C-4C5C-93C7-16A6712802E9}.YRGLDebug|x86.Build.0 = YRGLDebug|x86
		{97458C1E-2E6C-4C5C-93C7-16A6712802E9}.YRGLRelease|Any CPU.ActiveCfg = YRGLRelease|Any CPU
		{97458C1E-2E6C-4C5C-93C7-16A6712802E9}.YRGLRelease|Any CPU.Build.0 = YRGLRelease|Any CPU
		{97458C1E-2E6C-4C5C-93C7-16A6712802E9}.YRGLRelease|ARM64.ActiveCfg = YRGLRelease|ARM64
		{97458C1E-2E6C-4C5C-93C7-16A6712802E9}.YRGLRelease|ARM64.Build.0 = YRGLRelease|ARM64
		{97458C1E-2E6C-4C5C-93C7-16A6712802E9}.YRGLRelease|x64.ActiveCfg = YRGLRelease|x64
		{97458C1E-2E6C-4C5C-93C7-16A6712802E9}.YRGLRelease|x64.Build.0 = YRGLRelease|x64
		{97458C1E-2E6C-4C5C-93C7-16A6712802E9}.YRGLRelease|x86.ActiveCfg = YRGLRelease|x86
		{97458C1E-2E6C-4C5C-93C7-16A6712802E9}.YRGLRelease|x86.Build.0 = YRGLRelease|x86
		{97458C1E-2E6C-4C5C-93C7-16A6712802E9}.YRXNADebug|Any CPU.ActiveCfg = YRXNADebug|Any CPU
		{97458C1E-2E6C-4C5C-93C7-16A6712802E9}.YRXNADebug|Any CPU.Build.0 = YRXNADebug|Any CPU
		{97458C1E-2E6C-4C5C-93C7-16A6712802E9}.YRXNADebug|ARM64.ActiveCfg = YRXNADebug|ARM64
		{97458C1E-2E6C-4C5C-93C7-16A6712802E9}.YRXNADebug|ARM64.Build.0 = YRXNADebug|ARM64
		{97458C1E-2E6C-4C5C-93C7-16A6712802E9}.YRXNADebug|x64.ActiveCfg = YRXNADebug|x64
		{97458C1E-2E6C-4C5C-93C7-16A6712802E9}.YRXNADebug|x64.Build.0 = YRXNADebug|x64
		{97458C1E-2E6C-4C5C-93C7-16A6712802E9}.YRXNADebug|x86.ActiveCfg = YRXNADebug|x86
		{97458C1E-2E6C-4C5C-93C7-16A6712802E9}.YRXNADebug|x86.Build.0 = YRXNADebug|x86
		{97458C1E-2E6C-4C5C-93C7-16A6712802E9}.YRXNARelease|Any CPU.ActiveCfg = YRXNARelease|Any CPU
		{97458C1E-2E6C-4C5C-93C7-16A6712802E9}.YRXNARelease|Any CPU.Build.0 = YRXNARelease|Any CPU
		{97458C1E-2E6C-4C5C-93C7-16A6712802E9}.YRXNARelease|ARM64.ActiveCfg = YRXNARelease|ARM64
		{97458C1E-2E6C-4C5C-93C7-16A6712802E9}.YRXNARelease|ARM64.Build.0 = YRXNARelease|ARM64
		{97458C1E-2E6C-4C5C-93C7-16A6712802E9}.YRXNARelease|x64.ActiveCfg = YRXNARelease|x64
		{97458C1E-2E6C-4C5C-93C7-16A6712802E9}.YRXNARelease|x64.Build.0 = YRXNARelease|x64
		{97458C1E-2E6C-4C5C-93C7-16A6712802E9}.YRXNARelease|x86.ActiveCfg = YRXNARelease|x86
		{97458C1E-2E6C-4C5C-93C7-16A6712802E9}.YRXNARelease|x86.Build.0 = YRXNARelease|x86
		{D517317D-8EA8-4225-AF9E-5385D8A7F047}.AresDXDebug|Any CPU.ActiveCfg = AresDXDebug|Any CPU
		{D517317D-8EA8-4225-AF9E-5385D8A7F047}.AresDXDebug|Any CPU.Build.0 = AresDXDebug|Any CPU
		{D517317D-8EA8-4225-AF9E-5385D8A7F047}.AresDXDebug|ARM64.ActiveCfg = AresDXDebug|ARM64
		{D517317D-8EA8-4225-AF9E-5385D8A7F047}.AresDXDebug|ARM64.Build.0 = AresDXDebug|ARM64
		{D517317D-8EA8-4225-AF9E-5385D8A7F047}.AresDXDebug|x64.ActiveCfg = AresDXDebug|x64
		{D517317D-8EA8-4225-AF9E-5385D8A7F047}.AresDXDebug|x64.Build.0 = AresDXDebug|x64
		{D517317D-8EA8-4225-AF9E-5385D8A7F047}.AresDXDebug|x86.ActiveCfg = AresDXDebug|x86
		{D517317D-8EA8-4225-AF9E-5385D8A7F047}.AresDXDebug|x86.Build.0 = AresDXDebug|x86
		{D517317D-8EA8-4225-AF9E-5385D8A7F047}.AresDXRelease|Any CPU.ActiveCfg = AresDXRelease|Any CPU
		{D517317D-8EA8-4225-AF9E-5385D8A7F047}.AresDXRelease|Any CPU.Build.0 = AresDXRelease|Any CPU
		{D517317D-8EA8-4225-AF9E-5385D8A7F047}.AresDXRelease|ARM64.ActiveCfg = AresDXRelease|ARM64
		{D517317D-8EA8-4225-AF9E-5385D8A7F047}.AresDXRelease|ARM64.Build.0 = AresDXRelease|ARM64
		{D517317D-8EA8-4225-AF9E-5385D8A7F047}.AresDXRelease|x64.ActiveCfg = AresDXRelease|x64
		{D517317D-8EA8-4225-AF9E-5385D8A7F047}.AresDXRelease|x64.Build.0 = AresDXRelease|x64
		{D517317D-8EA8-4225-AF9E-5385D8A7F047}.AresDXRelease|x86.ActiveCfg = AresDXRelease|x86
		{D517317D-8EA8-4225-AF9E-5385D8A7F047}.AresDXRelease|x86.Build.0 = AresDXRelease|x86
		{D517317D-8EA8-4225-AF9E-5385D8A7F047}.AresGLDebug|Any CPU.ActiveCfg = AresGLDebug|Any CPU
		{D517317D-8EA8-4225-AF9E-5385D8A7F047}.AresGLDebug|Any CPU.Build.0 = AresGLDebug|Any CPU
		{D517317D-8EA8-4225-AF9E-5385D8A7F047}.AresGLDebug|ARM64.ActiveCfg = AresGLDebug|ARM64
		{D517317D-8EA8-4225-AF9E-5385D8A7F047}.AresGLDebug|ARM64.Build.0 = AresGLDebug|ARM64
		{D517317D-8EA8-4225-AF9E-5385D8A7F047}.AresGLDebug|x64.ActiveCfg = AresGLDebug|x64
		{D517317D-8EA8-4225-AF9E-5385D8A7F047}.AresGLDebug|x64.Build.0 = AresGLDebug|x64
		{D517317D-8EA8-4225-AF9E-5385D8A7F047}.AresGLDebug|x86.ActiveCfg = AresGLDebug|x86
		{D517317D-8EA8-4225-AF9E-5385D8A7F047}.AresGLDebug|x86.Build.0 = AresGLDebug|x86
		{D517317D-8EA8-4225-AF9E-5385D8A7F047}.AresGLRelease|Any CPU.ActiveCfg = AresGLRelease|Any CPU
		{D517317D-8EA8-4225-AF9E-5385D8A7F047}.AresGLRelease|Any CPU.Build.0 = AresGLRelease|Any CPU
		{D517317D-8EA8-4225-AF9E-5385D8A7F047}.AresGLRelease|ARM64.ActiveCfg = AresGLRelease|ARM64
		{D517317D-8EA8-4225-AF9E-5385D8A7F047}.AresGLRelease|ARM64.Build.0 = AresGLRelease|ARM64
		{D517317D-8EA8-4225-AF9E-5385D8A7F047}.AresGLRelease|x64.ActiveCfg = AresGLRelease|x64
		{D517317D-8EA8-4225-AF9E-5385D8A7F047}.AresGLRelease|x64.Build.0 = AresGLRelease|x64
		{D517317D-8EA8-4225-AF9E-5385D8A7F047}.AresGLRelease|x86.ActiveCfg = AresGLRelease|x86
		{D517317D-8EA8-4225-AF9E-5385D8A7F047}.AresGLRelease|x86.Build.0 = AresGLRelease|x86
		{D517317D-8EA8-4225-AF9E-5385D8A7F047}.AresXNADebug|Any CPU.ActiveCfg = AresXNADebug|Any CPU
		{D517317D-8EA8-4225-AF9E-5385D8A7F047}.AresXNADebug|Any CPU.Build.0 = AresXNADebug|Any CPU
		{D517317D-8EA8-4225-AF9E-5385D8A7F047}.AresXNADebug|ARM64.ActiveCfg = AresXNADebug|ARM64
		{D517317D-8EA8-4225-AF9E-5385D8A7F047}.AresXNADebug|ARM64.Build.0 = AresXNADebug|ARM64
		{D517317D-8EA8-4225-AF9E-5385D8A7F047}.AresXNADebug|x64.ActiveCfg = AresXNADebug|x64
		{D517317D-8EA8-4225-AF9E-5385D8A7F047}.AresXNADebug|x64.Build.0 = AresXNADebug|x64
		{D517317D-8EA8-4225-AF9E-5385D8A7F047}.AresXNADebug|x86.ActiveCfg = AresXNADebug|x86
		{D517317D-8EA8-4225-AF9E-5385D8A7F047}.AresXNADebug|x86.Build.0 = AresXNADebug|x86
		{D517317D-8EA8-4225-AF9E-5385D8A7F047}.AresXNARelease|Any CPU.ActiveCfg = AresXNARelease|Any CPU
		{D517317D-8EA8-4225-AF9E-5385D8A7F047}.AresXNARelease|Any CPU.Build.0 = AresXNARelease|Any CPU
		{D517317D-8EA8-4225-AF9E-5385D8A7F047}.AresXNARelease|ARM64.ActiveCfg = AresXNARelease|ARM64
		{D517317D-8EA8-4225-AF9E-5385D8A7F047}.AresXNARelease|ARM64.Build.0 = AresXNARelease|ARM64
		{D517317D-8EA8-4225-AF9E-5385D8A7F047}.AresXNARelease|x64.ActiveCfg = AresXNARelease|x64
		{D517317D-8EA8-4225-AF9E-5385D8A7F047}.AresXNARelease|x64.Build.0 = AresXNARelease|x64
		{D517317D-8EA8-4225-AF9E-5385D8A7F047}.AresXNARelease|x86.ActiveCfg = AresXNARelease|x86
		{D517317D-8EA8-4225-AF9E-5385D8A7F047}.AresXNARelease|x86.Build.0 = AresXNARelease|x86
		{D517317D-8EA8-4225-AF9E-5385D8A7F047}.TSDXDebug|Any CPU.ActiveCfg = TSDXDebug|Any CPU
		{D517317D-8EA8-4225-AF9E-5385D8A7F047}.TSDXDebug|Any CPU.Build.0 = TSDXDebug|Any CPU
		{D517317D-8EA8-4225-AF9E-5385D8A7F047}.TSDXDebug|ARM64.ActiveCfg = TSDXDebug|ARM64
		{D517317D-8EA8-4225-AF9E-5385D8A7F047}.TSDXDebug|ARM64.Build.0 = TSDXDebug|ARM64
		{D517317D-8EA8-4225-AF9E-5385D8A7F047}.TSDXDebug|x64.ActiveCfg = TSDXDebug|x64
		{D517317D-8EA8-4225-AF9E-5385D8A7F047}.TSDXDebug|x64.Build.0 = TSDXDebug|x64
		{D517317D-8EA8-4225-AF9E-5385D8A7F047}.TSDXDebug|x86.ActiveCfg = TSDXDebug|x86
		{D517317D-8EA8-4225-AF9E-5385D8A7F047}.TSDXDebug|x86.Build.0 = TSDXDebug|x86
		{D517317D-8EA8-4225-AF9E-5385D8A7F047}.TSDXRelease|Any CPU.ActiveCfg = TSDXRelease|Any CPU
		{D517317D-8EA8-4225-AF9E-5385D8A7F047}.TSDXRelease|Any CPU.Build.0 = TSDXRelease|Any CPU
		{D517317D-8EA8-4225-AF9E-5385D8A7F047}.TSDXRelease|ARM64.ActiveCfg = TSDXRelease|ARM64
		{D517317D-8EA8-4225-AF9E-5385D8A7F047}.TSDXRelease|ARM64.Build.0 = TSDXRelease|ARM64
		{D517317D-8EA8-4225-AF9E-5385D8A7F047}.TSDXRelease|x64.ActiveCfg = TSDXRelease|x64
		{D517317D-8EA8-4225-AF9E-5385D8A7F047}.TSDXRelease|x64.Build.0 = TSDXRelease|x64
		{D517317D-8EA8-4225-AF9E-5385D8A7F047}.TSDXRelease|x86.ActiveCfg = TSDXRelease|x86
		{D517317D-8EA8-4225-AF9E-5385D8A7F047}.TSDXRelease|x86.Build.0 = TSDXRelease|x86
		{D517317D-8EA8-4225-AF9E-5385D8A7F047}.TSGLDebug|Any CPU.ActiveCfg = TSGLDebug|Any CPU
		{D517317D-8EA8-4225-AF9E-5385D8A7F047}.TSGLDebug|Any CPU.Build.0 = TSGLDebug|Any CPU
		{D517317D-8EA8-4225-AF9E-5385D8A7F047}.TSGLDebug|ARM64.ActiveCfg = TSGLDebug|ARM64
		{D517317D-8EA8-4225-AF9E-5385D8A7F047}.TSGLDebug|ARM64.Build.0 = TSGLDebug|ARM64
		{D517317D-8EA8-4225-AF9E-5385D8A7F047}.TSGLDebug|x64.ActiveCfg = TSGLDebug|x64
		{D517317D-8EA8-4225-AF9E-5385D8A7F047}.TSGLDebug|x64.Build.0 = TSGLDebug|x64
		{D517317D-8EA8-4225-AF9E-5385D8A7F047}.TSGLDebug|x86.ActiveCfg = TSGLDebug|x86
		{D517317D-8EA8-4225-AF9E-5385D8A7F047}.TSGLDebug|x86.Build.0 = TSGLDebug|x86
		{D517317D-8EA8-4225-AF9E-5385D8A7F047}.TSGLRelease|Any CPU.ActiveCfg = TSGLRelease|Any CPU
		{D517317D-8EA8-4225-AF9E-5385D8A7F047}.TSGLRelease|Any CPU.Build.0 = TSGLRelease|Any CPU
		{D517317D-8EA8-4225-AF9E-5385D8A7F047}.TSGLRelease|ARM64.ActiveCfg = TSGLRelease|ARM64
		{D517317D-8EA8-4225-AF9E-5385D8A7F047}.TSGLRelease|ARM64.Build.0 = TSGLRelease|ARM64
		{D517317D-8EA8-4225-AF9E-5385D8A7F047}.TSGLRelease|x64.ActiveCfg = TSGLRelease|x64
		{D517317D-8EA8-4225-AF9E-5385D8A7F047}.TSGLRelease|x64.Build.0 = TSGLRelease|x64
		{D517317D-8EA8-4225-AF9E-5385D8A7F047}.TSGLRelease|x86.ActiveCfg = TSGLRelease|x86
		{D517317D-8EA8-4225-AF9E-5385D8A7F047}.TSGLRelease|x86.Build.0 = TSGLRelease|x86
		{D517317D-8EA8-4225-AF9E-5385D8A7F047}.TSXNADebug|Any CPU.ActiveCfg = TSXNADebug|Any CPU
		{D517317D-8EA8-4225-AF9E-5385D8A7F047}.TSXNADebug|Any CPU.Build.0 = TSXNADebug|Any CPU
		{D517317D-8EA8-4225-AF9E-5385D8A7F047}.TSXNADebug|ARM64.ActiveCfg = TSXNADebug|ARM64
		{D517317D-8EA8-4225-AF9E-5385D8A7F047}.TSXNADebug|ARM64.Build.0 = TSXNADebug|ARM64
		{D517317D-8EA8-4225-AF9E-5385D8A7F047}.TSXNADebug|x64.ActiveCfg = TSXNADebug|x64
		{D517317D-8EA8-4225-AF9E-5385D8A7F047}.TSXNADebug|x64.Build.0 = TSXNADebug|x64
		{D517317D-8EA8-4225-AF9E-5385D8A7F047}.TSXNADebug|x86.ActiveCfg = TSXNADebug|x86
		{D517317D-8EA8-4225-AF9E-5385D8A7F047}.TSXNADebug|x86.Build.0 = TSXNADebug|x86
		{D517317D-8EA8-4225-AF9E-5385D8A7F047}.TSXNARelease|Any CPU.ActiveCfg = TSXNARelease|Any CPU
		{D517317D-8EA8-4225-AF9E-5385D8A7F047}.TSXNARelease|Any CPU.Build.0 = TSXNARelease|Any CPU
		{D517317D-8EA8-4225-AF9E-5385D8A7F047}.TSXNARelease|ARM64.ActiveCfg = TSXNARelease|ARM64
		{D517317D-8EA8-4225-AF9E-5385D8A7F047}.TSXNARelease|ARM64.Build.0 = TSXNARelease|ARM64
		{D517317D-8EA8-4225-AF9E-5385D8A7F047}.TSXNARelease|x64.ActiveCfg = TSXNARelease|x64
		{D517317D-8EA8-4225-AF9E-5385D8A7F047}.TSXNARelease|x64.Build.0 = TSXNARelease|x64
		{D517317D-8EA8-4225-AF9E-5385D8A7F047}.TSXNARelease|x86.ActiveCfg = TSXNARelease|x86
		{D517317D-8EA8-4225-AF9E-5385D8A7F047}.TSXNARelease|x86.Build.0 = TSXNARelease|x86
		{D517317D-8EA8-4225-AF9E-5385D8A7F047}.YRDXDebug|Any CPU.ActiveCfg = YRDXDebug|Any CPU
		{D517317D-8EA8-4225-AF9E-5385D8A7F047}.YRDXDebug|Any CPU.Build.0 = YRDXDebug|Any CPU
		{D517317D-8EA8-4225-AF9E-5385D8A7F047}.YRDXDebug|ARM64.ActiveCfg = YRDXDebug|ARM64
		{D517317D-8EA8-4225-AF9E-5385D8A7F047}.YRDXDebug|ARM64.Build.0 = YRDXDebug|ARM64
		{D517317D-8EA8-4225-AF9E-5385D8A7F047}.YRDXDebug|x64.ActiveCfg = YRDXDebug|x64
		{D517317D-8EA8-4225-AF9E-5385D8A7F047}.YRDXDebug|x64.Build.0 = YRDXDebug|x64
		{D517317D-8EA8-4225-AF9E-5385D8A7F047}.YRDXDebug|x86.ActiveCfg = YRDXDebug|x86
		{D517317D-8EA8-4225-AF9E-5385D8A7F047}.YRDXDebug|x86.Build.0 = YRDXDebug|x86
		{D517317D-8EA8-4225-AF9E-5385D8A7F047}.YRDXRelease|Any CPU.ActiveCfg = YRDXRelease|Any CPU
		{D517317D-8EA8-4225-AF9E-5385D8A7F047}.YRDXRelease|Any CPU.Build.0 = YRDXRelease|Any CPU
		{D517317D-8EA8-4225-AF9E-5385D8A7F047}.YRDXRelease|ARM64.ActiveCfg = YRDXRelease|ARM64
		{D517317D-8EA8-4225-AF9E-5385D8A7F047}.YRDXRelease|ARM64.Build.0 = YRDXRelease|ARM64
		{D517317D-8EA8-4225-AF9E-5385D8A7F047}.YRDXRelease|x64.ActiveCfg = YRDXRelease|x64
		{D517317D-8EA8-4225-AF9E-5385D8A7F047}.YRDXRelease|x64.Build.0 = YRDXRelease|x64
		{D517317D-8EA8-4225-AF9E-5385D8A7F047}.YRDXRelease|x86.ActiveCfg = YRDXRelease|x86
		{D517317D-8EA8-4225-AF9E-5385D8A7F047}.YRDXRelease|x86.Build.0 = YRDXRelease|x86
		{D517317D-8EA8-4225-AF9E-5385D8A7F047}.YRGLDebug|Any CPU.ActiveCfg = YRGLDebug|Any CPU
		{D517317D-8EA8-4225-AF9E-5385D8A7F047}.YRGLDebug|Any CPU.Build.0 = YRGLDebug|Any CPU
		{D517317D-8EA8-4225-AF9E-5385D8A7F047}.YRGLDebug|ARM64.ActiveCfg = YRGLDebug|ARM64
		{D517317D-8EA8-4225-AF9E-5385D8A7F047}.YRGLDebug|ARM64.Build.0 = YRGLDebug|ARM64
		{D517317D-8EA8-4225-AF9E-5385D8A7F047}.YRGLDebug|x64.ActiveCfg = YRGLDebug|x64
		{D517317D-8EA8-4225-AF9E-5385D8A7F047}.YRGLDebug|x64.Build.0 = YRGLDebug|x64
		{D517317D-8EA8-4225-AF9E-5385D8A7F047}.YRGLDebug|x86.ActiveCfg = YRGLDebug|x86
		{D517317D-8EA8-4225-AF9E-5385D8A7F047}.YRGLDebug|x86.Build.0 = YRGLDebug|x86
		{D517317D-8EA8-4225-AF9E-5385D8A7F047}.YRGLRelease|Any CPU.ActiveCfg = YRGLRelease|Any CPU
		{D517317D-8EA8-4225-AF9E-5385D8A7F047}.YRGLRelease|Any CPU.Build.0 = YRGLRelease|Any CPU
		{D517317D-8EA8-4225-AF9E-5385D8A7F047}.YRGLRelease|ARM64.ActiveCfg = YRGLRelease|ARM64
		{D517317D-8EA8-4225-AF9E-5385D8A7F047}.YRGLRelease|ARM64.Build.0 = YRGLRelease|ARM64
		{D517317D-8EA8-4225-AF9E-5385D8A7F047}.YRGLRelease|x64.ActiveCfg = YRGLRelease|x64
		{D517317D-8EA8-4225-AF9E-5385D8A7F047}.YRGLRelease|x64.Build.0 = YRGLRelease|x64
		{D517317D-8EA8-4225-AF9E-5385D8A7F047}.YRGLRelease|x86.ActiveCfg = YRGLRelease|x86
		{D517317D-8EA8-4225-AF9E-5385D8A7F047}.YRGLRelease|x86.Build.0 = YRGLRelease|x86
		{D517317D-8EA8-4225-AF9E-5385D8A7F047}.YRXNADebug|Any CPU.ActiveCfg = YRXNADebug|Any CPU
		{D517317D-8EA8-4225-AF9E-5385D8A7F047}.YRXNADebug|Any CPU.Build.0 = YRXNADebug|Any CPU
		{D517317D-8EA8-4225-AF9E-5385D8A7F047}.YRXNADebug|ARM64.ActiveCfg = YRXNADebug|ARM64
		{D517317D-8EA8-4225-AF9E-5385D8A7F047}.YRXNADebug|ARM64.Build.0 = YRXNADebug|ARM64
		{D517317D-8EA8-4225-AF9E-5385D8A7F047}.YRXNADebug|x64.ActiveCfg = YRXNADebug|x64
		{D517317D-8EA8-4225-AF9E-5385D8A7F047}.YRXNADebug|x64.Build.0 = YRXNADebug|x64
		{D517317D-8EA8-4225-AF9E-5385D8A7F047}.YRXNADebug|x86.ActiveCfg = YRXNADebug|x86
		{D517317D-8EA8-4225-AF9E-5385D8A7F047}.YRXNADebug|x86.Build.0 = YRXNADebug|x86
		{D517317D-8EA8-4225-AF9E-5385D8A7F047}.YRXNARelease|Any CPU.ActiveCfg = YRXNARelease|Any CPU
		{D517317D-8EA8-4225-AF9E-5385D8A7F047}.YRXNARelease|Any CPU.Build.0 = YRXNARelease|Any CPU
		{D517317D-8EA8-4225-AF9E-5385D8A7F047}.YRXNARelease|ARM64.ActiveCfg = YRXNARelease|ARM64
		{D517317D-8EA8-4225-AF9E-5385D8A7F047}.YRXNARelease|ARM64.Build.0 = YRXNARelease|ARM64
		{D517317D-8EA8-4225-AF9E-5385D8A7F047}.YRXNARelease|x64.ActiveCfg = YRXNARelease|x64
		{D517317D-8EA8-4225-AF9E-5385D8A7F047}.YRXNARelease|x64.Build.0 = YRXNARelease|x64
		{D517317D-8EA8-4225-AF9E-5385D8A7F047}.YRXNARelease|x86.ActiveCfg = YRXNARelease|x86
		{D517317D-8EA8-4225-AF9E-5385D8A7F047}.YRXNARelease|x86.Build.0 = YRXNARelease|x86
		{DAA331A7-FDAC-44FD-98B5-2DC5025F48C3}.AresDXDebug|Any CPU.ActiveCfg = AresDXDebug|Any CPU
		{DAA331A7-FDAC-44FD-98B5-2DC5025F48C3}.AresDXDebug|Any CPU.Build.0 = AresDXDebug|Any CPU
		{DAA331A7-FDAC-44FD-98B5-2DC5025F48C3}.AresDXDebug|ARM64.ActiveCfg = AresDXDebug|ARM64
		{DAA331A7-FDAC-44FD-98B5-2DC5025F48C3}.AresDXDebug|ARM64.Build.0 = AresDXDebug|ARM64
		{DAA331A7-FDAC-44FD-98B5-2DC5025F48C3}.AresDXDebug|x64.ActiveCfg = AresDXDebug|x64
		{DAA331A7-FDAC-44FD-98B5-2DC5025F48C3}.AresDXDebug|x64.Build.0 = AresDXDebug|x64
		{DAA331A7-FDAC-44FD-98B5-2DC5025F48C3}.AresDXDebug|x86.ActiveCfg = AresDXDebug|x86
		{DAA331A7-FDAC-44FD-98B5-2DC5025F48C3}.AresDXDebug|x86.Build.0 = AresDXDebug|x86
		{DAA331A7-FDAC-44FD-98B5-2DC5025F48C3}.AresDXRelease|Any CPU.ActiveCfg = AresDXRelease|Any CPU
		{DAA331A7-FDAC-44FD-98B5-2DC5025F48C3}.AresDXRelease|Any CPU.Build.0 = AresDXRelease|Any CPU
		{DAA331A7-FDAC-44FD-98B5-2DC5025F48C3}.AresDXRelease|ARM64.ActiveCfg = AresDXRelease|ARM64
		{DAA331A7-FDAC-44FD-98B5-2DC5025F48C3}.AresDXRelease|ARM64.Build.0 = AresDXRelease|ARM64
		{DAA331A7-FDAC-44FD-98B5-2DC5025F48C3}.AresDXRelease|x64.ActiveCfg = AresDXRelease|x64
		{DAA331A7-FDAC-44FD-98B5-2DC5025F48C3}.AresDXRelease|x64.Build.0 = AresDXRelease|x64
		{DAA331A7-FDAC-44FD-98B5-2DC5025F48C3}.AresDXRelease|x86.ActiveCfg = AresDXRelease|x86
		{DAA331A7-FDAC-44FD-98B5-2DC5025F48C3}.AresDXRelease|x86.Build.0 = AresDXRelease|x86
		{DAA331A7-FDAC-44FD-98B5-2DC5025F48C3}.AresGLDebug|Any CPU.ActiveCfg = AresGLDebug|Any CPU
		{DAA331A7-FDAC-44FD-98B5-2DC5025F48C3}.AresGLDebug|Any CPU.Build.0 = AresGLDebug|Any CPU
		{DAA331A7-FDAC-44FD-98B5-2DC5025F48C3}.AresGLDebug|ARM64.ActiveCfg = AresGLDebug|ARM64
		{DAA331A7-FDAC-44FD-98B5-2DC5025F48C3}.AresGLDebug|ARM64.Build.0 = AresGLDebug|ARM64
		{DAA331A7-FDAC-44FD-98B5-2DC5025F48C3}.AresGLDebug|x64.ActiveCfg = AresGLDebug|x64
		{DAA331A7-FDAC-44FD-98B5-2DC5025F48C3}.AresGLDebug|x64.Build.0 = AresGLDebug|x64
		{DAA331A7-FDAC-44FD-98B5-2DC5025F48C3}.AresGLDebug|x86.ActiveCfg = AresGLDebug|x86
		{DAA331A7-FDAC-44FD-98B5-2DC5025F48C3}.AresGLDebug|x86.Build.0 = AresGLDebug|x86
		{DAA331A7-FDAC-44FD-98B5-2DC5025F48C3}.AresGLRelease|Any CPU.ActiveCfg = AresGLRelease|Any CPU
		{DAA331A7-FDAC-44FD-98B5-2DC5025F48C3}.AresGLRelease|Any CPU.Build.0 = AresGLRelease|Any CPU
		{DAA331A7-FDAC-44FD-98B5-2DC5025F48C3}.AresGLRelease|ARM64.ActiveCfg = AresGLRelease|ARM64
		{DAA331A7-FDAC-44FD-98B5-2DC5025F48C3}.AresGLRelease|ARM64.Build.0 = AresGLRelease|ARM64
		{DAA331A7-FDAC-44FD-98B5-2DC5025F48C3}.AresGLRelease|x64.ActiveCfg = AresGLRelease|x64
		{DAA331A7-FDAC-44FD-98B5-2DC5025F48C3}.AresGLRelease|x64.Build.0 = AresGLRelease|x64
		{DAA331A7-FDAC-44FD-98B5-2DC5025F48C3}.AresGLRelease|x86.ActiveCfg = AresGLRelease|x86
		{DAA331A7-FDAC-44FD-98B5-2DC5025F48C3}.AresGLRelease|x86.Build.0 = AresGLRelease|x86
		{DAA331A7-FDAC-44FD-98B5-2DC5025F48C3}.AresXNADebug|Any CPU.ActiveCfg = AresXNADebug|Any CPU
		{DAA331A7-FDAC-44FD-98B5-2DC5025F48C3}.AresXNADebug|Any CPU.Build.0 = AresXNADebug|Any CPU
		{DAA331A7-FDAC-44FD-98B5-2DC5025F48C3}.AresXNADebug|ARM64.ActiveCfg = AresXNADebug|ARM64
		{DAA331A7-FDAC-44FD-98B5-2DC5025F48C3}.AresXNADebug|ARM64.Build.0 = AresXNADebug|ARM64
		{DAA331A7-FDAC-44FD-98B5-2DC5025F48C3}.AresXNADebug|x64.ActiveCfg = AresXNADebug|x64
		{DAA331A7-FDAC-44FD-98B5-2DC5025F48C3}.AresXNADebug|x64.Build.0 = AresXNADebug|x64
		{DAA331A7-FDAC-44FD-98B5-2DC5025F48C3}.AresXNADebug|x86.ActiveCfg = AresXNADebug|x86
		{DAA331A7-FDAC-44FD-98B5-2DC5025F48C3}.AresXNADebug|x86.Build.0 = AresXNADebug|x86
		{DAA331A7-FDAC-44FD-98B5-2DC5025F48C3}.AresXNARelease|Any CPU.ActiveCfg = AresXNARelease|Any CPU
		{DAA331A7-FDAC-44FD-98B5-2DC5025F48C3}.AresXNARelease|Any CPU.Build.0 = AresXNARelease|Any CPU
		{DAA331A7-FDAC-44FD-98B5-2DC5025F48C3}.AresXNARelease|ARM64.ActiveCfg = AresXNARelease|ARM64
		{DAA331A7-FDAC-44FD-98B5-2DC5025F48C3}.AresXNARelease|ARM64.Build.0 = AresXNARelease|ARM64
		{DAA331A7-FDAC-44FD-98B5-2DC5025F48C3}.AresXNARelease|x64.ActiveCfg = AresXNARelease|x64
		{DAA331A7-FDAC-44FD-98B5-2DC5025F48C3}.AresXNARelease|x64.Build.0 = AresXNARelease|x64
		{DAA331A7-FDAC-44FD-98B5-2DC5025F48C3}.AresXNARelease|x86.ActiveCfg = AresXNARelease|x86
		{DAA331A7-FDAC-44FD-98B5-2DC5025F48C3}.AresXNARelease|x86.Build.0 = AresXNARelease|x86
		{DAA331A7-FDAC-44FD-98B5-2DC5025F48C3}.TSDXDebug|Any CPU.ActiveCfg = TSDXDebug|Any CPU
		{DAA331A7-FDAC-44FD-98B5-2DC5025F48C3}.TSDXDebug|Any CPU.Build.0 = TSDXDebug|Any CPU
		{DAA331A7-FDAC-44FD-98B5-2DC5025F48C3}.TSDXDebug|ARM64.ActiveCfg = TSDXDebug|ARM64
		{DAA331A7-FDAC-44FD-98B5-2DC5025F48C3}.TSDXDebug|ARM64.Build.0 = TSDXDebug|ARM64
		{DAA331A7-FDAC-44FD-98B5-2DC5025F48C3}.TSDXDebug|x64.ActiveCfg = TSDXDebug|x64
		{DAA331A7-FDAC-44FD-98B5-2DC5025F48C3}.TSDXDebug|x64.Build.0 = TSDXDebug|x64
		{DAA331A7-FDAC-44FD-98B5-2DC5025F48C3}.TSDXDebug|x86.ActiveCfg = TSDXDebug|x86
		{DAA331A7-FDAC-44FD-98B5-2DC5025F48C3}.TSDXDebug|x86.Build.0 = TSDXDebug|x86
		{DAA331A7-FDAC-44FD-98B5-2DC5025F48C3}.TSDXRelease|Any CPU.ActiveCfg = TSDXRelease|Any CPU
		{DAA331A7-FDAC-44FD-98B5-2DC5025F48C3}.TSDXRelease|Any CPU.Build.0 = TSDXRelease|Any CPU
		{DAA331A7-FDAC-44FD-98B5-2DC5025F48C3}.TSDXRelease|ARM64.ActiveCfg = TSDXRelease|ARM64
		{DAA331A7-FDAC-44FD-98B5-2DC5025F48C3}.TSDXRelease|ARM64.Build.0 = TSDXRelease|ARM64
		{DAA331A7-FDAC-44FD-98B5-2DC5025F48C3}.TSDXRelease|x64.ActiveCfg = TSDXRelease|x64
		{DAA331A7-FDAC-44FD-98B5-2DC5025F48C3}.TSDXRelease|x64.Build.0 = TSDXRelease|x64
		{DAA331A7-FDAC-44FD-98B5-2DC5025F48C3}.TSDXRelease|x86.ActiveCfg = TSDXRelease|x86
		{DAA331A7-FDAC-44FD-98B5-2DC5025F48C3}.TSDXRelease|x86.Build.0 = TSDXRelease|x86
		{DAA331A7-FDAC-44FD-98B5-2DC5025F48C3}.TSGLDebug|Any CPU.ActiveCfg = TSGLDebug|Any CPU
		{DAA331A7-FDAC-44FD-98B5-2DC5025F48C3}.TSGLDebug|Any CPU.Build.0 = TSGLDebug|Any CPU
		{DAA331A7-FDAC-44FD-98B5-2DC5025F48C3}.TSGLDebug|ARM64.ActiveCfg = TSGLDebug|ARM64
		{DAA331A7-FDAC-44FD-98B5-2DC5025F48C3}.TSGLDebug|ARM64.Build.0 = TSGLDebug|ARM64
		{DAA331A7-FDAC-44FD-98B5-2DC5025F48C3}.TSGLDebug|x64.ActiveCfg = TSGLDebug|x64
		{DAA331A7-FDAC-44FD-98B5-2DC5025F48C3}.TSGLDebug|x64.Build.0 = TSGLDebug|x64
		{DAA331A7-FDAC-44FD-98B5-2DC5025F48C3}.TSGLDebug|x86.ActiveCfg = TSGLDebug|x86
		{DAA331A7-FDAC-44FD-98B5-2DC5025F48C3}.TSGLDebug|x86.Build.0 = TSGLDebug|x86
		{DAA331A7-FDAC-44FD-98B5-2DC5025F48C3}.TSGLRelease|Any CPU.ActiveCfg = TSGLRelease|Any CPU
		{DAA331A7-FDAC-44FD-98B5-2DC5025F48C3}.TSGLRelease|Any CPU.Build.0 = TSGLRelease|Any CPU
		{DAA331A7-FDAC-44FD-98B5-2DC5025F48C3}.TSGLRelease|ARM64.ActiveCfg = TSGLRelease|ARM64
		{DAA331A7-FDAC-44FD-98B5-2DC5025F48C3}.TSGLRelease|ARM64.Build.0 = TSGLRelease|ARM64
		{DAA331A7-FDAC-44FD-98B5-2DC5025F48C3}.TSGLRelease|x64.ActiveCfg = TSGLRelease|x64
		{DAA331A7-FDAC-44FD-98B5-2DC5025F48C3}.TSGLRelease|x64.Build.0 = TSGLRelease|x64
		{DAA331A7-FDAC-44FD-98B5-2DC5025F48C3}.TSGLRelease|x86.ActiveCfg = TSGLRelease|x86
		{DAA331A7-FDAC-44FD-98B5-2DC5025F48C3}.TSGLRelease|x86.Build.0 = TSGLRelease|x86
		{DAA331A7-FDAC-44FD-98B5-2DC5025F48C3}.TSXNADebug|Any CPU.ActiveCfg = TSXNADebug|Any CPU
		{DAA331A7-FDAC-44FD-98B5-2DC5025F48C3}.TSXNADebug|Any CPU.Build.0 = TSXNADebug|Any CPU
		{DAA331A7-FDAC-44FD-98B5-2DC5025F48C3}.TSXNADebug|ARM64.ActiveCfg = TSXNADebug|ARM64
		{DAA331A7-FDAC-44FD-98B5-2DC5025F48C3}.TSXNADebug|ARM64.Build.0 = TSXNADebug|ARM64
		{DAA331A7-FDAC-44FD-98B5-2DC5025F48C3}.TSXNADebug|x64.ActiveCfg = TSXNADebug|x64
		{DAA331A7-FDAC-44FD-98B5-2DC5025F48C3}.TSXNADebug|x64.Build.0 = TSXNADebug|x64
		{DAA331A7-FDAC-44FD-98B5-2DC5025F48C3}.TSXNADebug|x86.ActiveCfg = TSXNADebug|x86
		{DAA331A7-FDAC-44FD-98B5-2DC5025F48C3}.TSXNADebug|x86.Build.0 = TSXNADebug|x86
		{DAA331A7-FDAC-44FD-98B5-2DC5025F48C3}.TSXNARelease|Any CPU.ActiveCfg = TSXNARelease|Any CPU
		{DAA331A7-FDAC-44FD-98B5-2DC5025F48C3}.TSXNARelease|Any CPU.Build.0 = TSXNARelease|Any CPU
		{DAA331A7-FDAC-44FD-98B5-2DC5025F48C3}.TSXNARelease|ARM64.ActiveCfg = TSXNARelease|ARM64
		{DAA331A7-FDAC-44FD-98B5-2DC5025F48C3}.TSXNARelease|ARM64.Build.0 = TSXNARelease|ARM64
		{DAA331A7-FDAC-44FD-98B5-2DC5025F48C3}.TSXNARelease|x64.ActiveCfg = TSXNARelease|x64
		{DAA331A7-FDAC-44FD-98B5-2DC5025F48C3}.TSXNARelease|x64.Build.0 = TSXNARelease|x64
		{DAA331A7-FDAC-44FD-98B5-2DC5025F48C3}.TSXNARelease|x86.ActiveCfg = TSXNARelease|x86
		{DAA331A7-FDAC-44FD-98B5-2DC5025F48C3}.TSXNARelease|x86.Build.0 = TSXNARelease|x86
		{DAA331A7-FDAC-44FD-98B5-2DC5025F48C3}.YRDXDebug|Any CPU.ActiveCfg = YRDXDebug|Any CPU
		{DAA331A7-FDAC-44FD-98B5-2DC5025F48C3}.YRDXDebug|Any CPU.Build.0 = YRDXDebug|Any CPU
		{DAA331A7-FDAC-44FD-98B5-2DC5025F48C3}.YRDXDebug|ARM64.ActiveCfg = YRDXDebug|ARM64
		{DAA331A7-FDAC-44FD-98B5-2DC5025F48C3}.YRDXDebug|ARM64.Build.0 = YRDXDebug|ARM64
		{DAA331A7-FDAC-44FD-98B5-2DC5025F48C3}.YRDXDebug|x64.ActiveCfg = YRDXDebug|x64
		{DAA331A7-FDAC-44FD-98B5-2DC5025F48C3}.YRDXDebug|x64.Build.0 = YRDXDebug|x64
		{DAA331A7-FDAC-44FD-98B5-2DC5025F48C3}.YRDXDebug|x86.ActiveCfg = YRDXDebug|x86
		{DAA331A7-FDAC-44FD-98B5-2DC5025F48C3}.YRDXDebug|x86.Build.0 = YRDXDebug|x86
		{DAA331A7-FDAC-44FD-98B5-2DC5025F48C3}.YRDXRelease|Any CPU.ActiveCfg = YRDXRelease|Any CPU
		{DAA331A7-FDAC-44FD-98B5-2DC5025F48C3}.YRDXRelease|Any CPU.Build.0 = YRDXRelease|Any CPU
		{DAA331A7-FDAC-44FD-98B5-2DC5025F48C3}.YRDXRelease|ARM64.ActiveCfg = YRDXRelease|ARM64
		{DAA331A7-FDAC-44FD-98B5-2DC5025F48C3}.YRDXRelease|ARM64.Build.0 = YRDXRelease|ARM64
		{DAA331A7-FDAC-44FD-98B5-2DC5025F48C3}.YRDXRelease|x64.ActiveCfg = YRDXRelease|x64
		{DAA331A7-FDAC-44FD-98B5-2DC5025F48C3}.YRDXRelease|x64.Build.0 = YRDXRelease|x64
		{DAA331A7-FDAC-44FD-98B5-2DC5025F48C3}.YRDXRelease|x86.ActiveCfg = YRDXRelease|x86
		{DAA331A7-FDAC-44FD-98B5-2DC5025F48C3}.YRDXRelease|x86.Build.0 = YRDXRelease|x86
		{DAA331A7-FDAC-44FD-98B5-2DC5025F48C3}.YRGLDebug|Any CPU.ActiveCfg = YRGLDebug|Any CPU
		{DAA331A7-FDAC-44FD-98B5-2DC5025F48C3}.YRGLDebug|Any CPU.Build.0 = YRGLDebug|Any CPU
		{DAA331A7-FDAC-44FD-98B5-2DC5025F48C3}.YRGLDebug|ARM64.ActiveCfg = YRGLDebug|ARM64
		{DAA331A7-FDAC-44FD-98B5-2DC5025F48C3}.YRGLDebug|ARM64.Build.0 = YRGLDebug|ARM64
		{DAA331A7-FDAC-44FD-98B5-2DC5025F48C3}.YRGLDebug|x64.ActiveCfg = YRGLDebug|x64
		{DAA331A7-FDAC-44FD-98B5-2DC5025F48C3}.YRGLDebug|x64.Build.0 = YRGLDebug|x64
		{DAA331A7-FDAC-44FD-98B5-2DC5025F48C3}.YRGLDebug|x86.ActiveCfg = YRGLDebug|x86
		{DAA331A7-FDAC-44FD-98B5-2DC5025F48C3}.YRGLDebug|x86.Build.0 = YRGLDebug|x86
		{DAA331A7-FDAC-44FD-98B5-2DC5025F48C3}.YRGLRelease|Any CPU.ActiveCfg = YRGLRelease|Any CPU
		{DAA331A7-FDAC-44FD-98B5-2DC5025F48C3}.YRGLRelease|Any CPU.Build.0 = YRGLRelease|Any CPU
		{DAA331A7-FDAC-44FD-98B5-2DC5025F48C3}.YRGLRelease|ARM64.ActiveCfg = YRGLRelease|ARM64
		{DAA331A7-FDAC-44FD-98B5-2DC5025F48C3}.YRGLRelease|ARM64.Build.0 = YRGLRelease|ARM64
		{DAA331A7-FDAC-44FD-98B5-2DC5025F48C3}.YRGLRelease|x64.ActiveCfg = YRGLRelease|x64
		{DAA331A7-FDAC-44FD-98B5-2DC5025F48C3}.YRGLRelease|x64.Build.0 = YRGLRelease|x64
		{DAA331A7-FDAC-44FD-98B5-2DC5025F48C3}.YRGLRelease|x86.ActiveCfg = YRGLRelease|x86
		{DAA331A7-FDAC-44FD-98B5-2DC5025F48C3}.YRGLRelease|x86.Build.0 = YRGLRelease|x86
		{DAA331A7-FDAC-44FD-98B5-2DC5025F48C3}.YRXNADebug|Any CPU.ActiveCfg = YRXNADebug|Any CPU
		{DAA331A7-FDAC-44FD-98B5-2DC5025F48C3}.YRXNADebug|Any CPU.Build.0 = YRXNADebug|Any CPU
		{DAA331A7-FDAC-44FD-98B5-2DC5025F48C3}.YRXNADebug|ARM64.ActiveCfg = YRXNADebug|ARM64
		{DAA331A7-FDAC-44FD-98B5-2DC5025F48C3}.YRXNADebug|ARM64.Build.0 = YRXNADebug|ARM64
		{DAA331A7-FDAC-44FD-98B5-2DC5025F48C3}.YRXNADebug|x64.ActiveCfg = YRXNADebug|x64
		{DAA331A7-FDAC-44FD-98B5-2DC5025F48C3}.YRXNADebug|x64.Build.0 = YRXNADebug|x64
		{DAA331A7-FDAC-44FD-98B5-2DC5025F48C3}.YRXNADebug|x86.ActiveCfg = YRXNADebug|x86
		{DAA331A7-FDAC-44FD-98B5-2DC5025F48C3}.YRXNADebug|x86.Build.0 = YRXNADebug|x86
		{DAA331A7-FDAC-44FD-98B5-2DC5025F48C3}.YRXNARelease|Any CPU.ActiveCfg = YRXNARelease|Any CPU
		{DAA331A7-FDAC-44FD-98B5-2DC5025F48C3}.YRXNARelease|Any CPU.Build.0 = YRXNARelease|Any CPU
		{DAA331A7-FDAC-44FD-98B5-2DC5025F48C3}.YRXNARelease|ARM64.ActiveCfg = YRXNARelease|ARM64
		{DAA331A7-FDAC-44FD-98B5-2DC5025F48C3}.YRXNARelease|ARM64.Build.0 = YRXNARelease|ARM64
		{DAA331A7-FDAC-44FD-98B5-2DC5025F48C3}.YRXNARelease|x64.ActiveCfg = YRXNARelease|x64
		{DAA331A7-FDAC-44FD-98B5-2DC5025F48C3}.YRXNARelease|x64.Build.0 = YRXNARelease|x64
		{DAA331A7-FDAC-44FD-98B5-2DC5025F48C3}.YRXNARelease|x86.ActiveCfg = YRXNARelease|x86
		{DAA331A7-FDAC-44FD-98B5-2DC5025F48C3}.YRXNARelease|x86.Build.0 = YRXNARelease|x86
	EndGlobalSection
	GlobalSection(SolutionProperties) = preSolution
		HideSolutionNode = FALSE
	EndGlobalSection
	GlobalSection(ExtensibilityGlobals) = postSolution
		SolutionGuid = {524B40FE-44F2-419A-B6D3-F9F0F813101F}
	EndGlobalSection
EndGlobal
