
Microsoft Visual Studio Solution File, Format Version 12.00
# Visual Studio Version 17
VisualStudioVersion = 17.2.32408.312
MinimumVisualStudioVersion = 10.0.40219.1
Project("{9A19103F-16F7-4668-BE54-9A1E7A4F7556}") = "DXMainClient", "DXMainClient\DXMainClient.csproj", "{97458C1E-2E6C-4C5C-93C7-16A6712802E9}"
EndProject
Project("{9A19103F-16F7-4668-BE54-9A1E7A4F7556}") = "ClientCore", "ClientCore\ClientCore.csproj", "{DAA331A7-FDAC-44FD-98B5-2DC5025F48C3}"
EndProject
Project("{9A19103F-16F7-4668-BE54-9A1E7A4F7556}") = "ClientGUI", "ClientGUI\ClientGUI.csproj", "{4C26AD04-FF2E-4465-9F40-DEB9DDC2C1D6}"
EndProject
Project("{9A19103F-16F7-4668-BE54-9A1E7A4F7556}") = "DTAConfig", "DTAConfig\DTAConfig.csproj", "{D517317D-8EA8-4225-AF9E-5385D8A7F047}"
EndProject
Project("{9A19103F-16F7-4668-BE54-9A1E7A4F7556}") = "Localization", "Localization\Localization.csproj", "{2CD114E3-C30F-4A95-9B4A-455C2C8F82E5}"
EndProject
Project("{2150E333-8FDC-42A3-9474-1A3956D46DE8}") = "Solution Items", "Solution Items", "{0F60E4A3-55C8-4C3F-BFC0-27C597433E8A}"
	ProjectSection(SolutionItems) = preProject
		.editorconfig = .editorconfig
		Directory.Build.props = Directory.Build.props
		build\Framework.props = build\Framework.props
	EndProjectSection
EndProject
Global
	GlobalSection(SolutionConfigurationPlatforms) = preSolution
		Debug|Any CPU = Debug|Any CPU
		Release|Any CPU = Release|Any CPU
	EndGlobalSection
	GlobalSection(ProjectConfigurationPlatforms) = postSolution
		{97458C1E-2E6C-4C5C-93C7-16A6712802E9}.Debug|Any CPU.ActiveCfg = Debug|Any CPU
		{97458C1E-2E6C-4C5C-93C7-16A6712802E9}.Debug|Any CPU.Build.0 = Debug|Any CPU
		{97458C1E-2E6C-4C5C-93C7-16A6712802E9}.Release|Any CPU.ActiveCfg = Release|Any CPU
		{97458C1E-2E6C-4C5C-93C7-16A6712802E9}.Release|Any CPU.Build.0 = Release|Any CPU
		{DAA331A7-FDAC-44FD-98B5-2DC5025F48C3}.Debug|Any CPU.ActiveCfg = Debug|Any CPU
		{DAA331A7-FDAC-44FD-98B5-2DC5025F48C3}.Debug|Any CPU.Build.0 = Debug|Any CPU
		{DAA331A7-FDAC-44FD-98B5-2DC5025F48C3}.Release|Any CPU.ActiveCfg = Release|Any CPU
		{DAA331A7-FDAC-44FD-98B5-2DC5025F48C3}.Release|Any CPU.Build.0 = Release|Any CPU
		{4C26AD04-FF2E-4465-9F40-DEB9DDC2C1D6}.Debug|Any CPU.ActiveCfg = Debug|Any CPU
		{4C26AD04-FF2E-4465-9F40-DEB9DDC2C1D6}.Debug|Any CPU.Build.0 = Debug|Any CPU
		{4C26AD04-FF2E-4465-9F40-DEB9DDC2C1D6}.Release|Any CPU.ActiveCfg = Release|Any CPU
		{4C26AD04-FF2E-4465-9F40-DEB9DDC2C1D6}.Release|Any CPU.Build.0 = Release|Any CPU
		{D517317D-8EA8-4225-AF9E-5385D8A7F047}.Debug|Any CPU.ActiveCfg = Debug|Any CPU
		{D517317D-8EA8-4225-AF9E-5385D8A7F047}.Debug|Any CPU.Build.0 = Debug|Any CPU
		{D517317D-8EA8-4225-AF9E-5385D8A7F047}.Release|Any CPU.ActiveCfg = Release|Any CPU
		{D517317D-8EA8-4225-AF9E-5385D8A7F047}.Release|Any CPU.Build.0 = Release|Any CPU
		{2CD114E3-C30F-4A95-9B4A-455C2C8F82E5}.Debug|Any CPU.ActiveCfg = Debug|Any CPU
		{2CD114E3-C30F-4A95-9B4A-455C2C8F82E5}.Debug|Any CPU.Build.0 = Debug|Any CPU
		{2CD114E3-C30F-4A95-9B4A-455C2C8F82E5}.Release|Any CPU.ActiveCfg = Release|Any CPU
		{2CD114E3-C30F-4A95-9B4A-455C2C8F82E5}.Release|Any CPU.Build.0 = Release|Any CPU
	EndGlobalSection
	GlobalSection(SolutionProperties) = preSolution
		HideSolutionNode = FALSE
	EndGlobalSection
	GlobalSection(ExtensibilityGlobals) = postSolution
		SolutionGuid = {524B40FE-44F2-419A-B6D3-F9F0F813101F}
	EndGlobalSection
EndGlobal
