
Microsoft Visual Studio Solution File, Format Version 12.00
# Visual Studio Version 18
VisualStudioVersion = 18.0.11217.181
MinimumVisualStudioVersion = 10.0.40219.1
Project("{9A19103F-16F7-4668-BE54-9A1E7A4F7556}") = "DXMainClient", "DXMainClient\DXMainClient.csproj", "{97458C1E-2E6C-4C5C-93C7-16A6712802E9}"
EndProject
Project("{9A19103F-16F7-4668-BE54-9A1E7A4F7556}") = "ClientCore", "ClientCore\ClientCore.csproj", "{DAA331A7-FDAC-44FD-98B5-2DC5025F48C3}"
EndProject
Project("{9A19103F-16F7-4668-BE54-9A1E7A4F7556}") = "ClientGUI", "ClientGUI\ClientGUI.csproj", "{4C26AD04-FF2E-4465-9F40-DEB9DDC2C1D6}"
EndProject
Project("{2150E333-8FDC-42A3-9474-1A3956D46DE8}") = "Solution Items", "Solution Items", "{0F60E4A3-55C8-4C3F-BFC0-27C597433E8A}"
	ProjectSection(SolutionItems) = preProject
		.editorconfig = .editorconfig
		.gitattributes = .gitattributes
		.gitignore = .gitignore
		Directory.Build.props = Directory.Build.props
		Directory.Build.targets = Directory.Build.targets
		Directory.Packages.props = Directory.Packages.props
		GitVersion.yml = GitVersion.yml
		global.json = global.json
		NuGet.config = NuGet.config
	EndProjectSection
EndProject
Project("{9A19103F-16F7-4668-BE54-9A1E7A4F7556}") = "TranslationNotifierGenerator", "TranslationNotifierGenerator\TranslationNotifierGenerator.csproj", "{E0412313-0A6F-400B-9EC8-B162DA8AAA0E}"
EndProject
Project("{9A19103F-16F7-4668-BE54-9A1E7A4F7556}") = "SecondStageUpdater", "SecondStageUpdater\SecondStageUpdater.csproj", "{039DE2BC-4691-4EDA-84D1-59A1D98AC836}"
EndProject
Project("{9A19103F-16F7-4668-BE54-9A1E7A4F7556}") = "ClientUpdater", "ClientUpdater\ClientUpdater.csproj", "{551D080B-5624-4793-AC31-69D77C62F6B1}"
EndProject
Project("{FAE04EC0-301F-11D3-BF4B-00C04F79EFBC}") = "Rampastring.XNAUI", "Rampastring.XNAUI\Rampastring.XNAUI.csproj", "{C15C1D44-721E-4756-B3C9-2A3C0458E584}"
EndProject
Project("{FAE04EC0-301F-11D3-BF4B-00C04F79EFBC}") = "Rampastring.Tools", "Rampastring.XNAUI\Rampastring.Tools\Rampastring.Tools.csproj", "{21AD0890-4BF1-4E28-8C8F-D4350982D1E7}"
EndProject
Global
	GlobalSection(SolutionConfigurationPlatforms) = preSolution
		UniversalGLDebug|Any CPU = UniversalGLDebug|Any CPU
		UniversalGLDebug|ARM64 = UniversalGLDebug|ARM64
		UniversalGLDebug|x64 = UniversalGLDebug|x64
		UniversalGLDebug|x86 = UniversalGLDebug|x86
		UniversalGLRelease|Any CPU = UniversalGLRelease|Any CPU
		UniversalGLRelease|ARM64 = UniversalGLRelease|ARM64
		UniversalGLRelease|x64 = UniversalGLRelease|x64
		UniversalGLRelease|x86 = UniversalGLRelease|x86
		WindowsDXDebug|Any CPU = WindowsDXDebug|Any CPU
		WindowsDXDebug|ARM64 = WindowsDXDebug|ARM64
		WindowsDXDebug|x64 = WindowsDXDebug|x64
		WindowsDXDebug|x86 = WindowsDXDebug|x86
		WindowsDXRelease|Any CPU = WindowsDXRelease|Any CPU
		WindowsDXRelease|ARM64 = WindowsDXRelease|ARM64
		WindowsDXRelease|x64 = WindowsDXRelease|x64
		WindowsDXRelease|x86 = WindowsDXRelease|x86
		WindowsGLDebug|Any CPU = WindowsGLDebug|Any CPU
		WindowsGLDebug|ARM64 = WindowsGLDebug|ARM64
		WindowsGLDebug|x64 = WindowsGLDebug|x64
		WindowsGLDebug|x86 = WindowsGLDebug|x86
		WindowsGLRelease|Any CPU = WindowsGLRelease|Any CPU
		WindowsGLRelease|ARM64 = WindowsGLRelease|ARM64
		WindowsGLRelease|x64 = WindowsGLRelease|x64
		WindowsGLRelease|x86 = WindowsGLRelease|x86
		WindowsXNADebug|Any CPU = WindowsXNADebug|Any CPU
		WindowsXNADebug|ARM64 = WindowsXNADebug|ARM64
		WindowsXNADebug|x64 = WindowsXNADebug|x64
		WindowsXNADebug|x86 = WindowsXNADebug|x86
		WindowsXNARelease|Any CPU = WindowsXNARelease|Any CPU
		WindowsXNARelease|ARM64 = WindowsXNARelease|ARM64
		WindowsXNARelease|x64 = WindowsXNARelease|x64
		WindowsXNARelease|x86 = WindowsXNARelease|x86
	EndGlobalSection
	GlobalSection(ProjectConfigurationPlatforms) = postSolution
		{97458C1E-2E6C-4C5C-93C7-16A6712802E9}.UniversalGLDebug|Any CPU.ActiveCfg = UniversalGLDebug|Any CPU
		{97458C1E-2E6C-4C5C-93C7-16A6712802E9}.UniversalGLDebug|Any CPU.Build.0 = UniversalGLDebug|Any CPU
		{97458C1E-2E6C-4C5C-93C7-16A6712802E9}.UniversalGLDebug|ARM64.ActiveCfg = UniversalGLDebug|ARM64
		{97458C1E-2E6C-4C5C-93C7-16A6712802E9}.UniversalGLDebug|ARM64.Build.0 = UniversalGLDebug|ARM64
		{97458C1E-2E6C-4C5C-93C7-16A6712802E9}.UniversalGLDebug|x64.ActiveCfg = UniversalGLDebug|x64
		{97458C1E-2E6C-4C5C-93C7-16A6712802E9}.UniversalGLDebug|x64.Build.0 = UniversalGLDebug|x64
		{97458C1E-2E6C-4C5C-93C7-16A6712802E9}.UniversalGLDebug|x86.ActiveCfg = UniversalGLDebug|x86
		{97458C1E-2E6C-4C5C-93C7-16A6712802E9}.UniversalGLDebug|x86.Build.0 = UniversalGLDebug|x86
		{97458C1E-2E6C-4C5C-93C7-16A6712802E9}.UniversalGLRelease|Any CPU.ActiveCfg = UniversalGLRelease|Any CPU
		{97458C1E-2E6C-4C5C-93C7-16A6712802E9}.UniversalGLRelease|Any CPU.Build.0 = UniversalGLRelease|Any CPU
		{97458C1E-2E6C-4C5C-93C7-16A6712802E9}.UniversalGLRelease|ARM64.ActiveCfg = UniversalGLRelease|ARM64
		{97458C1E-2E6C-4C5C-93C7-16A6712802E9}.UniversalGLRelease|ARM64.Build.0 = UniversalGLRelease|ARM64
		{97458C1E-2E6C-4C5C-93C7-16A6712802E9}.UniversalGLRelease|x64.ActiveCfg = UniversalGLRelease|x64
		{97458C1E-2E6C-4C5C-93C7-16A6712802E9}.UniversalGLRelease|x64.Build.0 = UniversalGLRelease|x64
		{97458C1E-2E6C-4C5C-93C7-16A6712802E9}.UniversalGLRelease|x86.ActiveCfg = UniversalGLRelease|x86
		{97458C1E-2E6C-4C5C-93C7-16A6712802E9}.UniversalGLRelease|x86.Build.0 = UniversalGLRelease|x86
		{97458C1E-2E6C-4C5C-93C7-16A6712802E9}.WindowsDXDebug|Any CPU.ActiveCfg = WindowsDXDebug|Any CPU
		{97458C1E-2E6C-4C5C-93C7-16A6712802E9}.WindowsDXDebug|Any CPU.Build.0 = WindowsDXDebug|Any CPU
		{97458C1E-2E6C-4C5C-93C7-16A6712802E9}.WindowsDXDebug|ARM64.ActiveCfg = WindowsDXDebug|ARM64
		{97458C1E-2E6C-4C5C-93C7-16A6712802E9}.WindowsDXDebug|ARM64.Build.0 = WindowsDXDebug|ARM64
		{97458C1E-2E6C-4C5C-93C7-16A6712802E9}.WindowsDXDebug|x64.ActiveCfg = WindowsDXDebug|x64
		{97458C1E-2E6C-4C5C-93C7-16A6712802E9}.WindowsDXDebug|x64.Build.0 = WindowsDXDebug|x64
		{97458C1E-2E6C-4C5C-93C7-16A6712802E9}.WindowsDXDebug|x86.ActiveCfg = WindowsDXDebug|x86
		{97458C1E-2E6C-4C5C-93C7-16A6712802E9}.WindowsDXDebug|x86.Build.0 = WindowsDXDebug|x86
		{97458C1E-2E6C-4C5C-93C7-16A6712802E9}.WindowsDXRelease|Any CPU.ActiveCfg = WindowsDXRelease|Any CPU
		{97458C1E-2E6C-4C5C-93C7-16A6712802E9}.WindowsDXRelease|Any CPU.Build.0 = WindowsDXRelease|Any CPU
		{97458C1E-2E6C-4C5C-93C7-16A6712802E9}.WindowsDXRelease|ARM64.ActiveCfg = WindowsDXRelease|ARM64
		{97458C1E-2E6C-4C5C-93C7-16A6712802E9}.WindowsDXRelease|ARM64.Build.0 = WindowsDXRelease|ARM64
		{97458C1E-2E6C-4C5C-93C7-16A6712802E9}.WindowsDXRelease|x64.ActiveCfg = WindowsDXRelease|x64
		{97458C1E-2E6C-4C5C-93C7-16A6712802E9}.WindowsDXRelease|x64.Build.0 = WindowsDXRelease|x64
		{97458C1E-2E6C-4C5C-93C7-16A6712802E9}.WindowsDXRelease|x86.ActiveCfg = WindowsDXRelease|x86
		{97458C1E-2E6C-4C5C-93C7-16A6712802E9}.WindowsDXRelease|x86.Build.0 = WindowsDXRelease|x86
		{97458C1E-2E6C-4C5C-93C7-16A6712802E9}.WindowsGLDebug|Any CPU.ActiveCfg = WindowsGLDebug|Any CPU
		{97458C1E-2E6C-4C5C-93C7-16A6712802E9}.WindowsGLDebug|Any CPU.Build.0 = WindowsGLDebug|Any CPU
		{97458C1E-2E6C-4C5C-93C7-16A6712802E9}.WindowsGLDebug|ARM64.ActiveCfg = WindowsGLDebug|ARM64
		{97458C1E-2E6C-4C5C-93C7-16A6712802E9}.WindowsGLDebug|ARM64.Build.0 = WindowsGLDebug|ARM64
		{97458C1E-2E6C-4C5C-93C7-16A6712802E9}.WindowsGLDebug|x64.ActiveCfg = WindowsGLDebug|x64
		{97458C1E-2E6C-4C5C-93C7-16A6712802E9}.WindowsGLDebug|x64.Build.0 = WindowsGLDebug|x64
		{97458C1E-2E6C-4C5C-93C7-16A6712802E9}.WindowsGLDebug|x86.ActiveCfg = WindowsGLDebug|x86
		{97458C1E-2E6C-4C5C-93C7-16A6712802E9}.WindowsGLDebug|x86.Build.0 = WindowsGLDebug|x86
		{97458C1E-2E6C-4C5C-93C7-16A6712802E9}.WindowsGLRelease|Any CPU.ActiveCfg = WindowsGLRelease|Any CPU
		{97458C1E-2E6C-4C5C-93C7-16A6712802E9}.WindowsGLRelease|Any CPU.Build.0 = WindowsGLRelease|Any CPU
		{97458C1E-2E6C-4C5C-93C7-16A6712802E9}.WindowsGLRelease|ARM64.ActiveCfg = WindowsGLRelease|ARM64
		{97458C1E-2E6C-4C5C-93C7-16A6712802E9}.WindowsGLRelease|ARM64.Build.0 = WindowsGLRelease|ARM64
		{97458C1E-2E6C-4C5C-93C7-16A6712802E9}.WindowsGLRelease|x64.ActiveCfg = WindowsGLRelease|x64
		{97458C1E-2E6C-4C5C-93C7-16A6712802E9}.WindowsGLRelease|x64.Build.0 = WindowsGLRelease|x64
		{97458C1E-2E6C-4C5C-93C7-16A6712802E9}.WindowsGLRelease|x86.ActiveCfg = WindowsGLRelease|x86
		{97458C1E-2E6C-4C5C-93C7-16A6712802E9}.WindowsGLRelease|x86.Build.0 = WindowsGLRelease|x86
		{97458C1E-2E6C-4C5C-93C7-16A6712802E9}.WindowsXNADebug|Any CPU.ActiveCfg = WindowsXNADebug|x86
		{97458C1E-2E6C-4C5C-93C7-16A6712802E9}.WindowsXNADebug|Any CPU.Build.0 = WindowsXNADebug|x86
		{97458C1E-2E6C-4C5C-93C7-16A6712802E9}.WindowsXNADebug|ARM64.ActiveCfg = WindowsXNADebug|ARM64
		{97458C1E-2E6C-4C5C-93C7-16A6712802E9}.WindowsXNADebug|ARM64.Build.0 = WindowsXNADebug|ARM64
		{97458C1E-2E6C-4C5C-93C7-16A6712802E9}.WindowsXNADebug|x64.ActiveCfg = WindowsXNADebug|x64
		{97458C1E-2E6C-4C5C-93C7-16A6712802E9}.WindowsXNADebug|x64.Build.0 = WindowsXNADebug|x64
		{97458C1E-2E6C-4C5C-93C7-16A6712802E9}.WindowsXNADebug|x86.ActiveCfg = WindowsXNADebug|x86
		{97458C1E-2E6C-4C5C-93C7-16A6712802E9}.WindowsXNADebug|x86.Build.0 = WindowsXNADebug|x86
		{97458C1E-2E6C-4C5C-93C7-16A6712802E9}.WindowsXNARelease|Any CPU.ActiveCfg = WindowsXNARelease|x86
		{97458C1E-2E6C-4C5C-93C7-16A6712802E9}.WindowsXNARelease|Any CPU.Build.0 = WindowsXNARelease|x86
		{97458C1E-2E6C-4C5C-93C7-16A6712802E9}.WindowsXNARelease|ARM64.ActiveCfg = WindowsXNARelease|ARM64
		{97458C1E-2E6C-4C5C-93C7-16A6712802E9}.WindowsXNARelease|ARM64.Build.0 = WindowsXNARelease|ARM64
		{97458C1E-2E6C-4C5C-93C7-16A6712802E9}.WindowsXNARelease|x64.ActiveCfg = WindowsXNARelease|x64
		{97458C1E-2E6C-4C5C-93C7-16A6712802E9}.WindowsXNARelease|x64.Build.0 = WindowsXNARelease|x64
		{97458C1E-2E6C-4C5C-93C7-16A6712802E9}.WindowsXNARelease|x86.ActiveCfg = WindowsXNARelease|x86
		{97458C1E-2E6C-4C5C-93C7-16A6712802E9}.WindowsXNARelease|x86.Build.0 = WindowsXNARelease|x86
		{DAA331A7-FDAC-44FD-98B5-2DC5025F48C3}.UniversalGLDebug|Any CPU.ActiveCfg = UniversalGLDebug|Any CPU
		{DAA331A7-FDAC-44FD-98B5-2DC5025F48C3}.UniversalGLDebug|Any CPU.Build.0 = UniversalGLDebug|Any CPU
		{DAA331A7-FDAC-44FD-98B5-2DC5025F48C3}.UniversalGLDebug|ARM64.ActiveCfg = UniversalGLDebug|ARM64
		{DAA331A7-FDAC-44FD-98B5-2DC5025F48C3}.UniversalGLDebug|ARM64.Build.0 = UniversalGLDebug|ARM64
		{DAA331A7-FDAC-44FD-98B5-2DC5025F48C3}.UniversalGLDebug|x64.ActiveCfg = UniversalGLDebug|x64
		{DAA331A7-FDAC-44FD-98B5-2DC5025F48C3}.UniversalGLDebug|x64.Build.0 = UniversalGLDebug|x64
		{DAA331A7-FDAC-44FD-98B5-2DC5025F48C3}.UniversalGLDebug|x86.ActiveCfg = UniversalGLDebug|x86
		{DAA331A7-FDAC-44FD-98B5-2DC5025F48C3}.UniversalGLDebug|x86.Build.0 = UniversalGLDebug|x86
		{DAA331A7-FDAC-44FD-98B5-2DC5025F48C3}.UniversalGLRelease|Any CPU.ActiveCfg = UniversalGLRelease|Any CPU
		{DAA331A7-FDAC-44FD-98B5-2DC5025F48C3}.UniversalGLRelease|Any CPU.Build.0 = UniversalGLRelease|Any CPU
		{DAA331A7-FDAC-44FD-98B5-2DC5025F48C3}.UniversalGLRelease|ARM64.ActiveCfg = UniversalGLRelease|ARM64
		{DAA331A7-FDAC-44FD-98B5-2DC5025F48C3}.UniversalGLRelease|ARM64.Build.0 = UniversalGLRelease|ARM64
		{DAA331A7-FDAC-44FD-98B5-2DC5025F48C3}.UniversalGLRelease|x64.ActiveCfg = UniversalGLRelease|x64
		{DAA331A7-FDAC-44FD-98B5-2DC5025F48C3}.UniversalGLRelease|x64.Build.0 = UniversalGLRelease|x64
		{DAA331A7-FDAC-44FD-98B5-2DC5025F48C3}.UniversalGLRelease|x86.ActiveCfg = UniversalGLRelease|x86
		{DAA331A7-FDAC-44FD-98B5-2DC5025F48C3}.UniversalGLRelease|x86.Build.0 = UniversalGLRelease|x86
		{DAA331A7-FDAC-44FD-98B5-2DC5025F48C3}.WindowsDXDebug|Any CPU.ActiveCfg = WindowsDXDebug|Any CPU
		{DAA331A7-FDAC-44FD-98B5-2DC5025F48C3}.WindowsDXDebug|Any CPU.Build.0 = WindowsDXDebug|Any CPU
		{DAA331A7-FDAC-44FD-98B5-2DC5025F48C3}.WindowsDXDebug|ARM64.ActiveCfg = WindowsDXDebug|ARM64
		{DAA331A7-FDAC-44FD-98B5-2DC5025F48C3}.WindowsDXDebug|ARM64.Build.0 = WindowsDXDebug|ARM64
		{DAA331A7-FDAC-44FD-98B5-2DC5025F48C3}.WindowsDXDebug|x64.ActiveCfg = WindowsDXDebug|x64
		{DAA331A7-FDAC-44FD-98B5-2DC5025F48C3}.WindowsDXDebug|x64.Build.0 = WindowsDXDebug|x64
		{DAA331A7-FDAC-44FD-98B5-2DC5025F48C3}.WindowsDXDebug|x86.ActiveCfg = WindowsDXDebug|x86
		{DAA331A7-FDAC-44FD-98B5-2DC5025F48C3}.WindowsDXDebug|x86.Build.0 = WindowsDXDebug|x86
		{DAA331A7-FDAC-44FD-98B5-2DC5025F48C3}.WindowsDXRelease|Any CPU.ActiveCfg = WindowsDXRelease|Any CPU
		{DAA331A7-FDAC-44FD-98B5-2DC5025F48C3}.WindowsDXRelease|Any CPU.Build.0 = WindowsDXRelease|Any CPU
		{DAA331A7-FDAC-44FD-98B5-2DC5025F48C3}.WindowsDXRelease|ARM64.ActiveCfg = WindowsDXRelease|ARM64
		{DAA331A7-FDAC-44FD-98B5-2DC5025F48C3}.WindowsDXRelease|ARM64.Build.0 = WindowsDXRelease|ARM64
		{DAA331A7-FDAC-44FD-98B5-2DC5025F48C3}.WindowsDXRelease|x64.ActiveCfg = WindowsDXRelease|x64
		{DAA331A7-FDAC-44FD-98B5-2DC5025F48C3}.WindowsDXRelease|x64.Build.0 = WindowsDXRelease|x64
		{DAA331A7-FDAC-44FD-98B5-2DC5025F48C3}.WindowsDXRelease|x86.ActiveCfg = WindowsDXRelease|x86
		{DAA331A7-FDAC-44FD-98B5-2DC5025F48C3}.WindowsDXRelease|x86.Build.0 = WindowsDXRelease|x86
		{DAA331A7-FDAC-44FD-98B5-2DC5025F48C3}.WindowsGLDebug|Any CPU.ActiveCfg = WindowsGLDebug|Any CPU
		{DAA331A7-FDAC-44FD-98B5-2DC5025F48C3}.WindowsGLDebug|Any CPU.Build.0 = WindowsGLDebug|Any CPU
		{DAA331A7-FDAC-44FD-98B5-2DC5025F48C3}.WindowsGLDebug|ARM64.ActiveCfg = WindowsGLDebug|ARM64
		{DAA331A7-FDAC-44FD-98B5-2DC5025F48C3}.WindowsGLDebug|ARM64.Build.0 = WindowsGLDebug|ARM64
		{DAA331A7-FDAC-44FD-98B5-2DC5025F48C3}.WindowsGLDebug|x64.ActiveCfg = WindowsGLDebug|x64
		{DAA331A7-FDAC-44FD-98B5-2DC5025F48C3}.WindowsGLDebug|x64.Build.0 = WindowsGLDebug|x64
		{DAA331A7-FDAC-44FD-98B5-2DC5025F48C3}.WindowsGLDebug|x86.ActiveCfg = WindowsGLDebug|x86
		{DAA331A7-FDAC-44FD-98B5-2DC5025F48C3}.WindowsGLDebug|x86.Build.0 = WindowsGLDebug|x86
		{DAA331A7-FDAC-44FD-98B5-2DC5025F48C3}.WindowsGLRelease|Any CPU.ActiveCfg = WindowsGLRelease|Any CPU
		{DAA331A7-FDAC-44FD-98B5-2DC5025F48C3}.WindowsGLRelease|Any CPU.Build.0 = WindowsGLRelease|Any CPU
		{DAA331A7-FDAC-44FD-98B5-2DC5025F48C3}.WindowsGLRelease|ARM64.ActiveCfg = WindowsGLRelease|ARM64
		{DAA331A7-FDAC-44FD-98B5-2DC5025F48C3}.WindowsGLRelease|ARM64.Build.0 = WindowsGLRelease|ARM64
		{DAA331A7-FDAC-44FD-98B5-2DC5025F48C3}.WindowsGLRelease|x64.ActiveCfg = WindowsGLRelease|x64
		{DAA331A7-FDAC-44FD-98B5-2DC5025F48C3}.WindowsGLRelease|x64.Build.0 = WindowsGLRelease|x64
		{DAA331A7-FDAC-44FD-98B5-2DC5025F48C3}.WindowsGLRelease|x86.ActiveCfg = WindowsGLRelease|x86
		{DAA331A7-FDAC-44FD-98B5-2DC5025F48C3}.WindowsGLRelease|x86.Build.0 = WindowsGLRelease|x86
		{DAA331A7-FDAC-44FD-98B5-2DC5025F48C3}.WindowsXNADebug|Any CPU.ActiveCfg = WindowsXNADebug|x86
		{DAA331A7-FDAC-44FD-98B5-2DC5025F48C3}.WindowsXNADebug|Any CPU.Build.0 = WindowsXNADebug|x86
		{DAA331A7-FDAC-44FD-98B5-2DC5025F48C3}.WindowsXNADebug|ARM64.ActiveCfg = WindowsXNADebug|ARM64
		{DAA331A7-FDAC-44FD-98B5-2DC5025F48C3}.WindowsXNADebug|ARM64.Build.0 = WindowsXNADebug|ARM64
		{DAA331A7-FDAC-44FD-98B5-2DC5025F48C3}.WindowsXNADebug|x64.ActiveCfg = WindowsXNADebug|x64
		{DAA331A7-FDAC-44FD-98B5-2DC5025F48C3}.WindowsXNADebug|x64.Build.0 = WindowsXNADebug|x64
		{DAA331A7-FDAC-44FD-98B5-2DC5025F48C3}.WindowsXNADebug|x86.ActiveCfg = WindowsXNADebug|x86
		{DAA331A7-FDAC-44FD-98B5-2DC5025F48C3}.WindowsXNADebug|x86.Build.0 = WindowsXNADebug|x86
		{DAA331A7-FDAC-44FD-98B5-2DC5025F48C3}.WindowsXNARelease|Any CPU.ActiveCfg = WindowsXNARelease|x86
		{DAA331A7-FDAC-44FD-98B5-2DC5025F48C3}.WindowsXNARelease|Any CPU.Build.0 = WindowsXNARelease|x86
		{DAA331A7-FDAC-44FD-98B5-2DC5025F48C3}.WindowsXNARelease|ARM64.ActiveCfg = WindowsXNARelease|ARM64
		{DAA331A7-FDAC-44FD-98B5-2DC5025F48C3}.WindowsXNARelease|ARM64.Build.0 = WindowsXNARelease|ARM64
		{DAA331A7-FDAC-44FD-98B5-2DC5025F48C3}.WindowsXNARelease|x64.ActiveCfg = WindowsXNARelease|x64
		{DAA331A7-FDAC-44FD-98B5-2DC5025F48C3}.WindowsXNARelease|x64.Build.0 = WindowsXNARelease|x64
		{DAA331A7-FDAC-44FD-98B5-2DC5025F48C3}.WindowsXNARelease|x86.ActiveCfg = WindowsXNARelease|x86
		{DAA331A7-FDAC-44FD-98B5-2DC5025F48C3}.WindowsXNARelease|x86.Build.0 = WindowsXNARelease|x86
		{4C26AD04-FF2E-4465-9F40-DEB9DDC2C1D6}.UniversalGLDebug|Any CPU.ActiveCfg = UniversalGLDebug|Any CPU
		{4C26AD04-FF2E-4465-9F40-DEB9DDC2C1D6}.UniversalGLDebug|Any CPU.Build.0 = UniversalGLDebug|Any CPU
		{4C26AD04-FF2E-4465-9F40-DEB9DDC2C1D6}.UniversalGLDebug|ARM64.ActiveCfg = UniversalGLDebug|ARM64
		{4C26AD04-FF2E-4465-9F40-DEB9DDC2C1D6}.UniversalGLDebug|ARM64.Build.0 = UniversalGLDebug|ARM64
		{4C26AD04-FF2E-4465-9F40-DEB9DDC2C1D6}.UniversalGLDebug|x64.ActiveCfg = UniversalGLDebug|x64
		{4C26AD04-FF2E-4465-9F40-DEB9DDC2C1D6}.UniversalGLDebug|x64.Build.0 = UniversalGLDebug|x64
		{4C26AD04-FF2E-4465-9F40-DEB9DDC2C1D6}.UniversalGLDebug|x86.ActiveCfg = UniversalGLDebug|x86
		{4C26AD04-FF2E-4465-9F40-DEB9DDC2C1D6}.UniversalGLDebug|x86.Build.0 = UniversalGLDebug|x86
		{4C26AD04-FF2E-4465-9F40-DEB9DDC2C1D6}.UniversalGLRelease|Any CPU.ActiveCfg = UniversalGLRelease|Any CPU
		{4C26AD04-FF2E-4465-9F40-DEB9DDC2C1D6}.UniversalGLRelease|Any CPU.Build.0 = UniversalGLRelease|Any CPU
		{4C26AD04-FF2E-4465-9F40-DEB9DDC2C1D6}.UniversalGLRelease|ARM64.ActiveCfg = UniversalGLRelease|ARM64
		{4C26AD04-FF2E-4465-9F40-DEB9DDC2C1D6}.UniversalGLRelease|ARM64.Build.0 = UniversalGLRelease|ARM64
		{4C26AD04-FF2E-4465-9F40-DEB9DDC2C1D6}.UniversalGLRelease|x64.ActiveCfg = UniversalGLRelease|x64
		{4C26AD04-FF2E-4465-9F40-DEB9DDC2C1D6}.UniversalGLRelease|x64.Build.0 = UniversalGLRelease|x64
		{4C26AD04-FF2E-4465-9F40-DEB9DDC2C1D6}.UniversalGLRelease|x86.ActiveCfg = UniversalGLRelease|x86
		{4C26AD04-FF2E-4465-9F40-DEB9DDC2C1D6}.UniversalGLRelease|x86.Build.0 = UniversalGLRelease|x86
		{4C26AD04-FF2E-4465-9F40-DEB9DDC2C1D6}.WindowsDXDebug|Any CPU.ActiveCfg = WindowsDXDebug|Any CPU
		{4C26AD04-FF2E-4465-9F40-DEB9DDC2C1D6}.WindowsDXDebug|Any CPU.Build.0 = WindowsDXDebug|Any CPU
		{4C26AD04-FF2E-4465-9F40-DEB9DDC2C1D6}.WindowsDXDebug|ARM64.ActiveCfg = WindowsDXDebug|ARM64
		{4C26AD04-FF2E-4465-9F40-DEB9DDC2C1D6}.WindowsDXDebug|ARM64.Build.0 = WindowsDXDebug|ARM64
		{4C26AD04-FF2E-4465-9F40-DEB9DDC2C1D6}.WindowsDXDebug|x64.ActiveCfg = WindowsDXDebug|x64
		{4C26AD04-FF2E-4465-9F40-DEB9DDC2C1D6}.WindowsDXDebug|x64.Build.0 = WindowsDXDebug|x64
		{4C26AD04-FF2E-4465-9F40-DEB9DDC2C1D6}.WindowsDXDebug|x86.ActiveCfg = WindowsDXDebug|x86
		{4C26AD04-FF2E-4465-9F40-DEB9DDC2C1D6}.WindowsDXDebug|x86.Build.0 = WindowsDXDebug|x86
		{4C26AD04-FF2E-4465-9F40-DEB9DDC2C1D6}.WindowsDXRelease|Any CPU.ActiveCfg = WindowsDXRelease|Any CPU
		{4C26AD04-FF2E-4465-9F40-DEB9DDC2C1D6}.WindowsDXRelease|Any CPU.Build.0 = WindowsDXRelease|Any CPU
		{4C26AD04-FF2E-4465-9F40-DEB9DDC2C1D6}.WindowsDXRelease|ARM64.ActiveCfg = WindowsDXRelease|ARM64
		{4C26AD04-FF2E-4465-9F40-DEB9DDC2C1D6}.WindowsDXRelease|ARM64.Build.0 = WindowsDXRelease|ARM64
		{4C26AD04-FF2E-4465-9F40-DEB9DDC2C1D6}.WindowsDXRelease|x64.ActiveCfg = WindowsDXRelease|x64
		{4C26AD04-FF2E-4465-9F40-DEB9DDC2C1D6}.WindowsDXRelease|x64.Build.0 = WindowsDXRelease|x64
		{4C26AD04-FF2E-4465-9F40-DEB9DDC2C1D6}.WindowsDXRelease|x86.ActiveCfg = WindowsDXRelease|x86
		{4C26AD04-FF2E-4465-9F40-DEB9DDC2C1D6}.WindowsDXRelease|x86.Build.0 = WindowsDXRelease|x86
		{4C26AD04-FF2E-4465-9F40-DEB9DDC2C1D6}.WindowsGLDebug|Any CPU.ActiveCfg = WindowsGLDebug|Any CPU
		{4C26AD04-FF2E-4465-9F40-DEB9DDC2C1D6}.WindowsGLDebug|Any CPU.Build.0 = WindowsGLDebug|Any CPU
		{4C26AD04-FF2E-4465-9F40-DEB9DDC2C1D6}.WindowsGLDebug|ARM64.ActiveCfg = WindowsGLDebug|ARM64
		{4C26AD04-FF2E-4465-9F40-DEB9DDC2C1D6}.WindowsGLDebug|ARM64.Build.0 = WindowsGLDebug|ARM64
		{4C26AD04-FF2E-4465-9F40-DEB9DDC2C1D6}.WindowsGLDebug|x64.ActiveCfg = WindowsGLDebug|x64
		{4C26AD04-FF2E-4465-9F40-DEB9DDC2C1D6}.WindowsGLDebug|x64.Build.0 = WindowsGLDebug|x64
		{4C26AD04-FF2E-4465-9F40-DEB9DDC2C1D6}.WindowsGLDebug|x86.ActiveCfg = WindowsGLDebug|x86
		{4C26AD04-FF2E-4465-9F40-DEB9DDC2C1D6}.WindowsGLDebug|x86.Build.0 = WindowsGLDebug|x86
		{4C26AD04-FF2E-4465-9F40-DEB9DDC2C1D6}.WindowsGLRelease|Any CPU.ActiveCfg = WindowsGLRelease|Any CPU
		{4C26AD04-FF2E-4465-9F40-DEB9DDC2C1D6}.WindowsGLRelease|Any CPU.Build.0 = WindowsGLRelease|Any CPU
		{4C26AD04-FF2E-4465-9F40-DEB9DDC2C1D6}.WindowsGLRelease|ARM64.ActiveCfg = WindowsGLRelease|ARM64
		{4C26AD04-FF2E-4465-9F40-DEB9DDC2C1D6}.WindowsGLRelease|ARM64.Build.0 = WindowsGLRelease|ARM64
		{4C26AD04-FF2E-4465-9F40-DEB9DDC2C1D6}.WindowsGLRelease|x64.ActiveCfg = WindowsGLRelease|x64
		{4C26AD04-FF2E-4465-9F40-DEB9DDC2C1D6}.WindowsGLRelease|x64.Build.0 = WindowsGLRelease|x64
		{4C26AD04-FF2E-4465-9F40-DEB9DDC2C1D6}.WindowsGLRelease|x86.ActiveCfg = WindowsGLRelease|x86
		{4C26AD04-FF2E-4465-9F40-DEB9DDC2C1D6}.WindowsGLRelease|x86.Build.0 = WindowsGLRelease|x86
		{4C26AD04-FF2E-4465-9F40-DEB9DDC2C1D6}.WindowsXNADebug|Any CPU.ActiveCfg = WindowsXNADebug|x86
		{4C26AD04-FF2E-4465-9F40-DEB9DDC2C1D6}.WindowsXNADebug|Any CPU.Build.0 = WindowsXNADebug|x86
		{4C26AD04-FF2E-4465-9F40-DEB9DDC2C1D6}.WindowsXNADebug|ARM64.ActiveCfg = WindowsXNADebug|ARM64
		{4C26AD04-FF2E-4465-9F40-DEB9DDC2C1D6}.WindowsXNADebug|ARM64.Build.0 = WindowsXNADebug|ARM64
		{4C26AD04-FF2E-4465-9F40-DEB9DDC2C1D6}.WindowsXNADebug|x64.ActiveCfg = WindowsXNADebug|x64
		{4C26AD04-FF2E-4465-9F40-DEB9DDC2C1D6}.WindowsXNADebug|x64.Build.0 = WindowsXNADebug|x64
		{4C26AD04-FF2E-4465-9F40-DEB9DDC2C1D6}.WindowsXNADebug|x86.ActiveCfg = WindowsXNADebug|x86
		{4C26AD04-FF2E-4465-9F40-DEB9DDC2C1D6}.WindowsXNADebug|x86.Build.0 = WindowsXNADebug|x86
		{4C26AD04-FF2E-4465-9F40-DEB9DDC2C1D6}.WindowsXNARelease|Any CPU.ActiveCfg = WindowsXNARelease|x86
		{4C26AD04-FF2E-4465-9F40-DEB9DDC2C1D6}.WindowsXNARelease|Any CPU.Build.0 = WindowsXNARelease|x86
		{4C26AD04-FF2E-4465-9F40-DEB9DDC2C1D6}.WindowsXNARelease|ARM64.ActiveCfg = WindowsXNARelease|ARM64
		{4C26AD04-FF2E-4465-9F40-DEB9DDC2C1D6}.WindowsXNARelease|ARM64.Build.0 = WindowsXNARelease|ARM64
		{4C26AD04-FF2E-4465-9F40-DEB9DDC2C1D6}.WindowsXNARelease|x64.ActiveCfg = WindowsXNARelease|x64
		{4C26AD04-FF2E-4465-9F40-DEB9DDC2C1D6}.WindowsXNARelease|x64.Build.0 = WindowsXNARelease|x64
		{4C26AD04-FF2E-4465-9F40-DEB9DDC2C1D6}.WindowsXNARelease|x86.ActiveCfg = WindowsXNARelease|x86
		{4C26AD04-FF2E-4465-9F40-DEB9DDC2C1D6}.WindowsXNARelease|x86.Build.0 = WindowsXNARelease|x86
		{E0412313-0A6F-400B-9EC8-B162DA8AAA0E}.UniversalGLDebug|Any CPU.ActiveCfg = UniversalGLDebug|Any CPU
		{E0412313-0A6F-400B-9EC8-B162DA8AAA0E}.UniversalGLDebug|Any CPU.Build.0 = UniversalGLDebug|Any CPU
		{E0412313-0A6F-400B-9EC8-B162DA8AAA0E}.UniversalGLDebug|ARM64.ActiveCfg = UniversalGLDebug|Any CPU
		{E0412313-0A6F-400B-9EC8-B162DA8AAA0E}.UniversalGLDebug|ARM64.Build.0 = UniversalGLDebug|Any CPU
		{E0412313-0A6F-400B-9EC8-B162DA8AAA0E}.UniversalGLDebug|x64.ActiveCfg = UniversalGLDebug|Any CPU
		{E0412313-0A6F-400B-9EC8-B162DA8AAA0E}.UniversalGLDebug|x64.Build.0 = UniversalGLDebug|Any CPU
		{E0412313-0A6F-400B-9EC8-B162DA8AAA0E}.UniversalGLDebug|x86.ActiveCfg = UniversalGLDebug|Any CPU
		{E0412313-0A6F-400B-9EC8-B162DA8AAA0E}.UniversalGLDebug|x86.Build.0 = UniversalGLDebug|Any CPU
		{E0412313-0A6F-400B-9EC8-B162DA8AAA0E}.UniversalGLRelease|Any CPU.ActiveCfg = UniversalGLRelease|Any CPU
		{E0412313-0A6F-400B-9EC8-B162DA8AAA0E}.UniversalGLRelease|Any CPU.Build.0 = UniversalGLRelease|Any CPU
		{E0412313-0A6F-400B-9EC8-B162DA8AAA0E}.UniversalGLRelease|ARM64.ActiveCfg = UniversalGLRelease|Any CPU
		{E0412313-0A6F-400B-9EC8-B162DA8AAA0E}.UniversalGLRelease|ARM64.Build.0 = UniversalGLRelease|Any CPU
		{E0412313-0A6F-400B-9EC8-B162DA8AAA0E}.UniversalGLRelease|x64.ActiveCfg = UniversalGLRelease|Any CPU
		{E0412313-0A6F-400B-9EC8-B162DA8AAA0E}.UniversalGLRelease|x64.Build.0 = UniversalGLRelease|Any CPU
		{E0412313-0A6F-400B-9EC8-B162DA8AAA0E}.UniversalGLRelease|x86.ActiveCfg = UniversalGLRelease|Any CPU
		{E0412313-0A6F-400B-9EC8-B162DA8AAA0E}.UniversalGLRelease|x86.Build.0 = UniversalGLRelease|Any CPU
		{E0412313-0A6F-400B-9EC8-B162DA8AAA0E}.WindowsDXDebug|Any CPU.ActiveCfg = WindowsDXDebug|Any CPU
		{E0412313-0A6F-400B-9EC8-B162DA8AAA0E}.WindowsDXDebug|Any CPU.Build.0 = WindowsDXDebug|Any CPU
		{E0412313-0A6F-400B-9EC8-B162DA8AAA0E}.WindowsDXDebug|ARM64.ActiveCfg = WindowsDXDebug|Any CPU
		{E0412313-0A6F-400B-9EC8-B162DA8AAA0E}.WindowsDXDebug|ARM64.Build.0 = WindowsDXDebug|Any CPU
		{E0412313-0A6F-400B-9EC8-B162DA8AAA0E}.WindowsDXDebug|x64.ActiveCfg = WindowsDXDebug|Any CPU
		{E0412313-0A6F-400B-9EC8-B162DA8AAA0E}.WindowsDXDebug|x64.Build.0 = WindowsDXDebug|Any CPU
		{E0412313-0A6F-400B-9EC8-B162DA8AAA0E}.WindowsDXDebug|x86.ActiveCfg = WindowsDXDebug|Any CPU
		{E0412313-0A6F-400B-9EC8-B162DA8AAA0E}.WindowsDXDebug|x86.Build.0 = WindowsDXDebug|Any CPU
		{E0412313-0A6F-400B-9EC8-B162DA8AAA0E}.WindowsDXRelease|Any CPU.ActiveCfg = WindowsDXRelease|Any CPU
		{E0412313-0A6F-400B-9EC8-B162DA8AAA0E}.WindowsDXRelease|Any CPU.Build.0 = WindowsDXRelease|Any CPU
		{E0412313-0A6F-400B-9EC8-B162DA8AAA0E}.WindowsDXRelease|ARM64.ActiveCfg = WindowsDXRelease|Any CPU
		{E0412313-0A6F-400B-9EC8-B162DA8AAA0E}.WindowsDXRelease|ARM64.Build.0 = WindowsDXRelease|Any CPU
		{E0412313-0A6F-400B-9EC8-B162DA8AAA0E}.WindowsDXRelease|x64.ActiveCfg = WindowsDXRelease|Any CPU
		{E0412313-0A6F-400B-9EC8-B162DA8AAA0E}.WindowsDXRelease|x64.Build.0 = WindowsDXRelease|Any CPU
		{E0412313-0A6F-400B-9EC8-B162DA8AAA0E}.WindowsDXRelease|x86.ActiveCfg = WindowsDXRelease|Any CPU
		{E0412313-0A6F-400B-9EC8-B162DA8AAA0E}.WindowsDXRelease|x86.Build.0 = WindowsDXRelease|Any CPU
		{E0412313-0A6F-400B-9EC8-B162DA8AAA0E}.WindowsGLDebug|Any CPU.ActiveCfg = WindowsGLDebug|Any CPU
		{E0412313-0A6F-400B-9EC8-B162DA8AAA0E}.WindowsGLDebug|Any CPU.Build.0 = WindowsGLDebug|Any CPU
		{E0412313-0A6F-400B-9EC8-B162DA8AAA0E}.WindowsGLDebug|ARM64.ActiveCfg = WindowsGLDebug|Any CPU
		{E0412313-0A6F-400B-9EC8-B162DA8AAA0E}.WindowsGLDebug|ARM64.Build.0 = WindowsGLDebug|Any CPU
		{E0412313-0A6F-400B-9EC8-B162DA8AAA0E}.WindowsGLDebug|x64.ActiveCfg = WindowsGLDebug|Any CPU
		{E0412313-0A6F-400B-9EC8-B162DA8AAA0E}.WindowsGLDebug|x64.Build.0 = WindowsGLDebug|Any CPU
		{E0412313-0A6F-400B-9EC8-B162DA8AAA0E}.WindowsGLDebug|x86.ActiveCfg = WindowsGLDebug|Any CPU
		{E0412313-0A6F-400B-9EC8-B162DA8AAA0E}.WindowsGLDebug|x86.Build.0 = WindowsGLDebug|Any CPU
		{E0412313-0A6F-400B-9EC8-B162DA8AAA0E}.WindowsGLRelease|Any CPU.ActiveCfg = WindowsGLRelease|Any CPU
		{E0412313-0A6F-400B-9EC8-B162DA8AAA0E}.WindowsGLRelease|Any CPU.Build.0 = WindowsGLRelease|Any CPU
		{E0412313-0A6F-400B-9EC8-B162DA8AAA0E}.WindowsGLRelease|ARM64.ActiveCfg = WindowsGLRelease|Any CPU
		{E0412313-0A6F-400B-9EC8-B162DA8AAA0E}.WindowsGLRelease|ARM64.Build.0 = WindowsGLRelease|Any CPU
		{E0412313-0A6F-400B-9EC8-B162DA8AAA0E}.WindowsGLRelease|x64.ActiveCfg = WindowsGLRelease|Any CPU
		{E0412313-0A6F-400B-9EC8-B162DA8AAA0E}.WindowsGLRelease|x64.Build.0 = WindowsGLRelease|Any CPU
		{E0412313-0A6F-400B-9EC8-B162DA8AAA0E}.WindowsGLRelease|x86.ActiveCfg = WindowsGLRelease|Any CPU
		{E0412313-0A6F-400B-9EC8-B162DA8AAA0E}.WindowsGLRelease|x86.Build.0 = WindowsGLRelease|Any CPU
		{E0412313-0A6F-400B-9EC8-B162DA8AAA0E}.WindowsXNADebug|Any CPU.ActiveCfg = WindowsXNADebug|Any CPU
		{E0412313-0A6F-400B-9EC8-B162DA8AAA0E}.WindowsXNADebug|Any CPU.Build.0 = WindowsXNADebug|Any CPU
		{E0412313-0A6F-400B-9EC8-B162DA8AAA0E}.WindowsXNADebug|ARM64.ActiveCfg = WindowsXNADebug|Any CPU
		{E0412313-0A6F-400B-9EC8-B162DA8AAA0E}.WindowsXNADebug|ARM64.Build.0 = WindowsXNADebug|Any CPU
		{E0412313-0A6F-400B-9EC8-B162DA8AAA0E}.WindowsXNADebug|x64.ActiveCfg = WindowsXNADebug|Any CPU
		{E0412313-0A6F-400B-9EC8-B162DA8AAA0E}.WindowsXNADebug|x64.Build.0 = WindowsXNADebug|Any CPU
		{E0412313-0A6F-400B-9EC8-B162DA8AAA0E}.WindowsXNADebug|x86.ActiveCfg = WindowsXNADebug|Any CPU
		{E0412313-0A6F-400B-9EC8-B162DA8AAA0E}.WindowsXNADebug|x86.Build.0 = WindowsXNADebug|Any CPU
		{E0412313-0A6F-400B-9EC8-B162DA8AAA0E}.WindowsXNARelease|Any CPU.ActiveCfg = WindowsXNARelease|Any CPU
		{E0412313-0A6F-400B-9EC8-B162DA8AAA0E}.WindowsXNARelease|Any CPU.Build.0 = WindowsXNARelease|Any CPU
		{E0412313-0A6F-400B-9EC8-B162DA8AAA0E}.WindowsXNARelease|ARM64.ActiveCfg = WindowsXNARelease|Any CPU
		{E0412313-0A6F-400B-9EC8-B162DA8AAA0E}.WindowsXNARelease|ARM64.Build.0 = WindowsXNARelease|Any CPU
		{E0412313-0A6F-400B-9EC8-B162DA8AAA0E}.WindowsXNARelease|x64.ActiveCfg = WindowsXNARelease|Any CPU
		{E0412313-0A6F-400B-9EC8-B162DA8AAA0E}.WindowsXNARelease|x64.Build.0 = WindowsXNARelease|Any CPU
		{E0412313-0A6F-400B-9EC8-B162DA8AAA0E}.WindowsXNARelease|x86.ActiveCfg = WindowsXNARelease|Any CPU
		{E0412313-0A6F-400B-9EC8-B162DA8AAA0E}.WindowsXNARelease|x86.Build.0 = WindowsXNARelease|Any CPU
		{039DE2BC-4691-4EDA-84D1-59A1D98AC836}.UniversalGLDebug|Any CPU.ActiveCfg = UniversalGLDebug|Any CPU
		{039DE2BC-4691-4EDA-84D1-59A1D98AC836}.UniversalGLDebug|Any CPU.Build.0 = UniversalGLDebug|Any CPU
		{039DE2BC-4691-4EDA-84D1-59A1D98AC836}.UniversalGLDebug|ARM64.ActiveCfg = UniversalGLDebug|Any CPU
		{039DE2BC-4691-4EDA-84D1-59A1D98AC836}.UniversalGLDebug|ARM64.Build.0 = UniversalGLDebug|Any CPU
		{039DE2BC-4691-4EDA-84D1-59A1D98AC836}.UniversalGLDebug|x64.ActiveCfg = UniversalGLDebug|Any CPU
		{039DE2BC-4691-4EDA-84D1-59A1D98AC836}.UniversalGLDebug|x64.Build.0 = UniversalGLDebug|Any CPU
		{039DE2BC-4691-4EDA-84D1-59A1D98AC836}.UniversalGLDebug|x86.ActiveCfg = UniversalGLDebug|Any CPU
		{039DE2BC-4691-4EDA-84D1-59A1D98AC836}.UniversalGLDebug|x86.Build.0 = UniversalGLDebug|Any CPU
		{039DE2BC-4691-4EDA-84D1-59A1D98AC836}.UniversalGLRelease|Any CPU.ActiveCfg = UniversalGLRelease|Any CPU
		{039DE2BC-4691-4EDA-84D1-59A1D98AC836}.UniversalGLRelease|Any CPU.Build.0 = UniversalGLRelease|Any CPU
		{039DE2BC-4691-4EDA-84D1-59A1D98AC836}.UniversalGLRelease|ARM64.ActiveCfg = UniversalGLRelease|Any CPU
		{039DE2BC-4691-4EDA-84D1-59A1D98AC836}.UniversalGLRelease|ARM64.Build.0 = UniversalGLRelease|Any CPU
		{039DE2BC-4691-4EDA-84D1-59A1D98AC836}.UniversalGLRelease|x64.ActiveCfg = UniversalGLRelease|Any CPU
		{039DE2BC-4691-4EDA-84D1-59A1D98AC836}.UniversalGLRelease|x64.Build.0 = UniversalGLRelease|Any CPU
		{039DE2BC-4691-4EDA-84D1-59A1D98AC836}.UniversalGLRelease|x86.ActiveCfg = UniversalGLRelease|Any CPU
		{039DE2BC-4691-4EDA-84D1-59A1D98AC836}.UniversalGLRelease|x86.Build.0 = UniversalGLRelease|Any CPU
		{039DE2BC-4691-4EDA-84D1-59A1D98AC836}.WindowsDXDebug|Any CPU.ActiveCfg = WindowsDXDebug|Any CPU
		{039DE2BC-4691-4EDA-84D1-59A1D98AC836}.WindowsDXDebug|Any CPU.Build.0 = WindowsDXDebug|Any CPU
		{039DE2BC-4691-4EDA-84D1-59A1D98AC836}.WindowsDXDebug|ARM64.ActiveCfg = WindowsDXDebug|Any CPU
		{039DE2BC-4691-4EDA-84D1-59A1D98AC836}.WindowsDXDebug|ARM64.Build.0 = WindowsDXDebug|Any CPU
		{039DE2BC-4691-4EDA-84D1-59A1D98AC836}.WindowsDXDebug|x64.ActiveCfg = WindowsDXDebug|Any CPU
		{039DE2BC-4691-4EDA-84D1-59A1D98AC836}.WindowsDXDebug|x64.Build.0 = WindowsDXDebug|Any CPU
		{039DE2BC-4691-4EDA-84D1-59A1D98AC836}.WindowsDXDebug|x86.ActiveCfg = WindowsDXDebug|Any CPU
		{039DE2BC-4691-4EDA-84D1-59A1D98AC836}.WindowsDXDebug|x86.Build.0 = WindowsDXDebug|Any CPU
		{039DE2BC-4691-4EDA-84D1-59A1D98AC836}.WindowsDXRelease|Any CPU.ActiveCfg = WindowsDXRelease|Any CPU
		{039DE2BC-4691-4EDA-84D1-59A1D98AC836}.WindowsDXRelease|Any CPU.Build.0 = WindowsDXRelease|Any CPU
		{039DE2BC-4691-4EDA-84D1-59A1D98AC836}.WindowsDXRelease|ARM64.ActiveCfg = WindowsDXRelease|Any CPU
		{039DE2BC-4691-4EDA-84D1-59A1D98AC836}.WindowsDXRelease|ARM64.Build.0 = WindowsDXRelease|Any CPU
		{039DE2BC-4691-4EDA-84D1-59A1D98AC836}.WindowsDXRelease|x64.ActiveCfg = WindowsDXRelease|Any CPU
		{039DE2BC-4691-4EDA-84D1-59A1D98AC836}.WindowsDXRelease|x64.Build.0 = WindowsDXRelease|Any CPU
		{039DE2BC-4691-4EDA-84D1-59A1D98AC836}.WindowsDXRelease|x86.ActiveCfg = WindowsDXRelease|Any CPU
		{039DE2BC-4691-4EDA-84D1-59A1D98AC836}.WindowsDXRelease|x86.Build.0 = WindowsDXRelease|Any CPU
		{039DE2BC-4691-4EDA-84D1-59A1D98AC836}.WindowsGLDebug|Any CPU.ActiveCfg = WindowsGLDebug|Any CPU
		{039DE2BC-4691-4EDA-84D1-59A1D98AC836}.WindowsGLDebug|Any CPU.Build.0 = WindowsGLDebug|Any CPU
		{039DE2BC-4691-4EDA-84D1-59A1D98AC836}.WindowsGLDebug|ARM64.ActiveCfg = WindowsGLDebug|Any CPU
		{039DE2BC-4691-4EDA-84D1-59A1D98AC836}.WindowsGLDebug|ARM64.Build.0 = WindowsGLDebug|Any CPU
		{039DE2BC-4691-4EDA-84D1-59A1D98AC836}.WindowsGLDebug|x64.ActiveCfg = WindowsGLDebug|Any CPU
		{039DE2BC-4691-4EDA-84D1-59A1D98AC836}.WindowsGLDebug|x64.Build.0 = WindowsGLDebug|Any CPU
		{039DE2BC-4691-4EDA-84D1-59A1D98AC836}.WindowsGLDebug|x86.ActiveCfg = WindowsGLDebug|Any CPU
		{039DE2BC-4691-4EDA-84D1-59A1D98AC836}.WindowsGLDebug|x86.Build.0 = WindowsGLDebug|Any CPU
		{039DE2BC-4691-4EDA-84D1-59A1D98AC836}.WindowsGLRelease|Any CPU.ActiveCfg = WindowsGLRelease|Any CPU
		{039DE2BC-4691-4EDA-84D1-59A1D98AC836}.WindowsGLRelease|Any CPU.Build.0 = WindowsGLRelease|Any CPU
		{039DE2BC-4691-4EDA-84D1-59A1D98AC836}.WindowsGLRelease|ARM64.ActiveCfg = WindowsGLRelease|Any CPU
		{039DE2BC-4691-4EDA-84D1-59A1D98AC836}.WindowsGLRelease|ARM64.Build.0 = WindowsGLRelease|Any CPU
		{039DE2BC-4691-4EDA-84D1-59A1D98AC836}.WindowsGLRelease|x64.ActiveCfg = WindowsGLRelease|Any CPU
		{039DE2BC-4691-4EDA-84D1-59A1D98AC836}.WindowsGLRelease|x64.Build.0 = WindowsGLRelease|Any CPU
		{039DE2BC-4691-4EDA-84D1-59A1D98AC836}.WindowsGLRelease|x86.ActiveCfg = WindowsGLRelease|Any CPU
		{039DE2BC-4691-4EDA-84D1-59A1D98AC836}.WindowsGLRelease|x86.Build.0 = WindowsGLRelease|Any CPU
		{039DE2BC-4691-4EDA-84D1-59A1D98AC836}.WindowsXNADebug|Any CPU.ActiveCfg = WindowsXNADebug|Any CPU
		{039DE2BC-4691-4EDA-84D1-59A1D98AC836}.WindowsXNADebug|Any CPU.Build.0 = WindowsXNADebug|Any CPU
		{039DE2BC-4691-4EDA-84D1-59A1D98AC836}.WindowsXNADebug|ARM64.ActiveCfg = WindowsXNADebug|Any CPU
		{039DE2BC-4691-4EDA-84D1-59A1D98AC836}.WindowsXNADebug|ARM64.Build.0 = WindowsXNADebug|Any CPU
		{039DE2BC-4691-4EDA-84D1-59A1D98AC836}.WindowsXNADebug|x64.ActiveCfg = WindowsXNADebug|Any CPU
		{039DE2BC-4691-4EDA-84D1-59A1D98AC836}.WindowsXNADebug|x64.Build.0 = WindowsXNADebug|Any CPU
		{039DE2BC-4691-4EDA-84D1-59A1D98AC836}.WindowsXNADebug|x86.ActiveCfg = WindowsXNADebug|Any CPU
		{039DE2BC-4691-4EDA-84D1-59A1D98AC836}.WindowsXNADebug|x86.Build.0 = WindowsXNADebug|Any CPU
		{039DE2BC-4691-4EDA-84D1-59A1D98AC836}.WindowsXNARelease|Any CPU.ActiveCfg = WindowsXNARelease|Any CPU
		{039DE2BC-4691-4EDA-84D1-59A1D98AC836}.WindowsXNARelease|Any CPU.Build.0 = WindowsXNARelease|Any CPU
		{039DE2BC-4691-4EDA-84D1-59A1D98AC836}.WindowsXNARelease|ARM64.ActiveCfg = WindowsXNARelease|Any CPU
		{039DE2BC-4691-4EDA-84D1-59A1D98AC836}.WindowsXNARelease|ARM64.Build.0 = WindowsXNARelease|Any CPU
		{039DE2BC-4691-4EDA-84D1-59A1D98AC836}.WindowsXNARelease|x64.ActiveCfg = WindowsXNARelease|Any CPU
		{039DE2BC-4691-4EDA-84D1-59A1D98AC836}.WindowsXNARelease|x64.Build.0 = WindowsXNARelease|Any CPU
		{039DE2BC-4691-4EDA-84D1-59A1D98AC836}.WindowsXNARelease|x86.ActiveCfg = WindowsXNARelease|Any CPU
		{039DE2BC-4691-4EDA-84D1-59A1D98AC836}.WindowsXNARelease|x86.Build.0 = WindowsXNARelease|Any CPU
		{551D080B-5624-4793-AC31-69D77C62F6B1}.UniversalGLDebug|Any CPU.ActiveCfg = UniversalGLDebug|Any CPU
		{551D080B-5624-4793-AC31-69D77C62F6B1}.UniversalGLDebug|Any CPU.Build.0 = UniversalGLDebug|Any CPU
		{551D080B-5624-4793-AC31-69D77C62F6B1}.UniversalGLDebug|ARM64.ActiveCfg = UniversalGLDebug|ARM64
		{551D080B-5624-4793-AC31-69D77C62F6B1}.UniversalGLDebug|ARM64.Build.0 = UniversalGLDebug|ARM64
		{551D080B-5624-4793-AC31-69D77C62F6B1}.UniversalGLDebug|x64.ActiveCfg = UniversalGLDebug|x64
		{551D080B-5624-4793-AC31-69D77C62F6B1}.UniversalGLDebug|x64.Build.0 = UniversalGLDebug|x64
		{551D080B-5624-4793-AC31-69D77C62F6B1}.UniversalGLDebug|x86.ActiveCfg = UniversalGLDebug|x86
		{551D080B-5624-4793-AC31-69D77C62F6B1}.UniversalGLDebug|x86.Build.0 = UniversalGLDebug|x86
		{551D080B-5624-4793-AC31-69D77C62F6B1}.UniversalGLRelease|Any CPU.ActiveCfg = UniversalGLRelease|Any CPU
		{551D080B-5624-4793-AC31-69D77C62F6B1}.UniversalGLRelease|Any CPU.Build.0 = UniversalGLRelease|Any CPU
		{551D080B-5624-4793-AC31-69D77C62F6B1}.UniversalGLRelease|ARM64.ActiveCfg = UniversalGLRelease|ARM64
		{551D080B-5624-4793-AC31-69D77C62F6B1}.UniversalGLRelease|ARM64.Build.0 = UniversalGLRelease|ARM64
		{551D080B-5624-4793-AC31-69D77C62F6B1}.UniversalGLRelease|x64.ActiveCfg = UniversalGLRelease|x64
		{551D080B-5624-4793-AC31-69D77C62F6B1}.UniversalGLRelease|x64.Build.0 = UniversalGLRelease|x64
		{551D080B-5624-4793-AC31-69D77C62F6B1}.UniversalGLRelease|x86.ActiveCfg = UniversalGLRelease|x86
		{551D080B-5624-4793-AC31-69D77C62F6B1}.UniversalGLRelease|x86.Build.0 = UniversalGLRelease|x86
		{551D080B-5624-4793-AC31-69D77C62F6B1}.WindowsDXDebug|Any CPU.ActiveCfg = WindowsDXDebug|Any CPU
		{551D080B-5624-4793-AC31-69D77C62F6B1}.WindowsDXDebug|Any CPU.Build.0 = WindowsDXDebug|Any CPU
		{551D080B-5624-4793-AC31-69D77C62F6B1}.WindowsDXDebug|ARM64.ActiveCfg = WindowsDXDebug|ARM64
		{551D080B-5624-4793-AC31-69D77C62F6B1}.WindowsDXDebug|ARM64.Build.0 = WindowsDXDebug|ARM64
		{551D080B-5624-4793-AC31-69D77C62F6B1}.WindowsDXDebug|x64.ActiveCfg = WindowsDXDebug|x64
		{551D080B-5624-4793-AC31-69D77C62F6B1}.WindowsDXDebug|x64.Build.0 = WindowsDXDebug|x64
		{551D080B-5624-4793-AC31-69D77C62F6B1}.WindowsDXDebug|x86.ActiveCfg = WindowsDXDebug|x86
		{551D080B-5624-4793-AC31-69D77C62F6B1}.WindowsDXDebug|x86.Build.0 = WindowsDXDebug|x86
		{551D080B-5624-4793-AC31-69D77C62F6B1}.WindowsDXRelease|Any CPU.ActiveCfg = WindowsDXRelease|Any CPU
		{551D080B-5624-4793-AC31-69D77C62F6B1}.WindowsDXRelease|Any CPU.Build.0 = WindowsDXRelease|Any CPU
		{551D080B-5624-4793-AC31-69D77C62F6B1}.WindowsDXRelease|ARM64.ActiveCfg = WindowsDXRelease|ARM64
		{551D080B-5624-4793-AC31-69D77C62F6B1}.WindowsDXRelease|ARM64.Build.0 = WindowsDXRelease|ARM64
		{551D080B-5624-4793-AC31-69D77C62F6B1}.WindowsDXRelease|x64.ActiveCfg = WindowsDXRelease|x64
		{551D080B-5624-4793-AC31-69D77C62F6B1}.WindowsDXRelease|x64.Build.0 = WindowsDXRelease|x64
		{551D080B-5624-4793-AC31-69D77C62F6B1}.WindowsDXRelease|x86.ActiveCfg = WindowsDXRelease|x86
		{551D080B-5624-4793-AC31-69D77C62F6B1}.WindowsDXRelease|x86.Build.0 = WindowsDXRelease|x86
		{551D080B-5624-4793-AC31-69D77C62F6B1}.WindowsGLDebug|Any CPU.ActiveCfg = WindowsGLDebug|Any CPU
		{551D080B-5624-4793-AC31-69D77C62F6B1}.WindowsGLDebug|Any CPU.Build.0 = WindowsGLDebug|Any CPU
		{551D080B-5624-4793-AC31-69D77C62F6B1}.WindowsGLDebug|ARM64.ActiveCfg = WindowsGLDebug|ARM64
		{551D080B-5624-4793-AC31-69D77C62F6B1}.WindowsGLDebug|ARM64.Build.0 = WindowsGLDebug|ARM64
		{551D080B-5624-4793-AC31-69D77C62F6B1}.WindowsGLDebug|x64.ActiveCfg = WindowsGLDebug|x64
		{551D080B-5624-4793-AC31-69D77C62F6B1}.WindowsGLDebug|x64.Build.0 = WindowsGLDebug|x64
		{551D080B-5624-4793-AC31-69D77C62F6B1}.WindowsGLDebug|x86.ActiveCfg = WindowsGLDebug|x86
		{551D080B-5624-4793-AC31-69D77C62F6B1}.WindowsGLDebug|x86.Build.0 = WindowsGLDebug|x86
		{551D080B-5624-4793-AC31-69D77C62F6B1}.WindowsGLRelease|Any CPU.ActiveCfg = WindowsGLRelease|Any CPU
		{551D080B-5624-4793-AC31-69D77C62F6B1}.WindowsGLRelease|Any CPU.Build.0 = WindowsGLRelease|Any CPU
		{551D080B-5624-4793-AC31-69D77C62F6B1}.WindowsGLRelease|ARM64.ActiveCfg = WindowsGLRelease|ARM64
		{551D080B-5624-4793-AC31-69D77C62F6B1}.WindowsGLRelease|ARM64.Build.0 = WindowsGLRelease|ARM64
		{551D080B-5624-4793-AC31-69D77C62F6B1}.WindowsGLRelease|x64.ActiveCfg = WindowsGLRelease|x64
		{551D080B-5624-4793-AC31-69D77C62F6B1}.WindowsGLRelease|x64.Build.0 = WindowsGLRelease|x64
		{551D080B-5624-4793-AC31-69D77C62F6B1}.WindowsGLRelease|x86.ActiveCfg = WindowsGLRelease|x86
		{551D080B-5624-4793-AC31-69D77C62F6B1}.WindowsGLRelease|x86.Build.0 = WindowsGLRelease|x86
		{551D080B-5624-4793-AC31-69D77C62F6B1}.WindowsXNADebug|Any CPU.ActiveCfg = WindowsXNADebug|x86
		{551D080B-5624-4793-AC31-69D77C62F6B1}.WindowsXNADebug|Any CPU.Build.0 = WindowsXNADebug|x86
		{551D080B-5624-4793-AC31-69D77C62F6B1}.WindowsXNADebug|ARM64.ActiveCfg = WindowsXNADebug|ARM64
		{551D080B-5624-4793-AC31-69D77C62F6B1}.WindowsXNADebug|ARM64.Build.0 = WindowsXNADebug|ARM64
		{551D080B-5624-4793-AC31-69D77C62F6B1}.WindowsXNADebug|x64.ActiveCfg = WindowsXNADebug|x64
		{551D080B-5624-4793-AC31-69D77C62F6B1}.WindowsXNADebug|x64.Build.0 = WindowsXNADebug|x64
		{551D080B-5624-4793-AC31-69D77C62F6B1}.WindowsXNADebug|x86.ActiveCfg = WindowsXNADebug|x86
		{551D080B-5624-4793-AC31-69D77C62F6B1}.WindowsXNADebug|x86.Build.0 = WindowsXNADebug|x86
		{551D080B-5624-4793-AC31-69D77C62F6B1}.WindowsXNARelease|Any CPU.ActiveCfg = WindowsXNARelease|x86
		{551D080B-5624-4793-AC31-69D77C62F6B1}.WindowsXNARelease|Any CPU.Build.0 = WindowsXNARelease|x86
		{551D080B-5624-4793-AC31-69D77C62F6B1}.WindowsXNARelease|ARM64.ActiveCfg = WindowsXNARelease|ARM64
		{551D080B-5624-4793-AC31-69D77C62F6B1}.WindowsXNARelease|ARM64.Build.0 = WindowsXNARelease|ARM64
		{551D080B-5624-4793-AC31-69D77C62F6B1}.WindowsXNARelease|x64.ActiveCfg = WindowsXNARelease|x64
		{551D080B-5624-4793-AC31-69D77C62F6B1}.WindowsXNARelease|x64.Build.0 = WindowsXNARelease|x64
		{551D080B-5624-4793-AC31-69D77C62F6B1}.WindowsXNARelease|x86.ActiveCfg = WindowsXNARelease|x86
		{551D080B-5624-4793-AC31-69D77C62F6B1}.WindowsXNARelease|x86.Build.0 = WindowsXNARelease|x86
		{C15C1D44-721E-4756-B3C9-2A3C0458E584}.UniversalGLDebug|Any CPU.ActiveCfg = UniversalGLDebug|Any CPU
		{C15C1D44-721E-4756-B3C9-2A3C0458E584}.UniversalGLDebug|Any CPU.Build.0 = UniversalGLDebug|Any CPU
		{C15C1D44-721E-4756-B3C9-2A3C0458E584}.UniversalGLDebug|ARM64.ActiveCfg = UniversalGLDebug|Any CPU
		{C15C1D44-721E-4756-B3C9-2A3C0458E584}.UniversalGLDebug|ARM64.Build.0 = UniversalGLDebug|Any CPU
		{C15C1D44-721E-4756-B3C9-2A3C0458E584}.UniversalGLDebug|x64.ActiveCfg = UniversalGLDebug|Any CPU
		{C15C1D44-721E-4756-B3C9-2A3C0458E584}.UniversalGLDebug|x64.Build.0 = UniversalGLDebug|Any CPU
		{C15C1D44-721E-4756-B3C9-2A3C0458E584}.UniversalGLDebug|x86.ActiveCfg = UniversalGLDebug|Any CPU
		{C15C1D44-721E-4756-B3C9-2A3C0458E584}.UniversalGLDebug|x86.Build.0 = UniversalGLDebug|Any CPU
		{C15C1D44-721E-4756-B3C9-2A3C0458E584}.UniversalGLRelease|Any CPU.ActiveCfg = UniversalGLRelease|Any CPU
		{C15C1D44-721E-4756-B3C9-2A3C0458E584}.UniversalGLRelease|Any CPU.Build.0 = UniversalGLRelease|Any CPU
		{C15C1D44-721E-4756-B3C9-2A3C0458E584}.UniversalGLRelease|ARM64.ActiveCfg = UniversalGLRelease|Any CPU
		{C15C1D44-721E-4756-B3C9-2A3C0458E584}.UniversalGLRelease|ARM64.Build.0 = UniversalGLRelease|Any CPU
		{C15C1D44-721E-4756-B3C9-2A3C0458E584}.UniversalGLRelease|x64.ActiveCfg = UniversalGLRelease|Any CPU
		{C15C1D44-721E-4756-B3C9-2A3C0458E584}.UniversalGLRelease|x64.Build.0 = UniversalGLRelease|Any CPU
		{C15C1D44-721E-4756-B3C9-2A3C0458E584}.UniversalGLRelease|x86.ActiveCfg = UniversalGLRelease|Any CPU
		{C15C1D44-721E-4756-B3C9-2A3C0458E584}.UniversalGLRelease|x86.Build.0 = UniversalGLRelease|Any CPU
		{C15C1D44-721E-4756-B3C9-2A3C0458E584}.WindowsDXDebug|Any CPU.ActiveCfg = WindowsDXDebug|Any CPU
		{C15C1D44-721E-4756-B3C9-2A3C0458E584}.WindowsDXDebug|Any CPU.Build.0 = WindowsDXDebug|Any CPU
		{C15C1D44-721E-4756-B3C9-2A3C0458E584}.WindowsDXDebug|ARM64.ActiveCfg = WindowsDXDebug|Any CPU
		{C15C1D44-721E-4756-B3C9-2A3C0458E584}.WindowsDXDebug|ARM64.Build.0 = WindowsDXDebug|Any CPU
		{C15C1D44-721E-4756-B3C9-2A3C0458E584}.WindowsDXDebug|x64.ActiveCfg = WindowsDXDebug|Any CPU
		{C15C1D44-721E-4756-B3C9-2A3C0458E584}.WindowsDXDebug|x64.Build.0 = WindowsDXDebug|Any CPU
		{C15C1D44-721E-4756-B3C9-2A3C0458E584}.WindowsDXDebug|x86.ActiveCfg = WindowsDXDebug|Any CPU
		{C15C1D44-721E-4756-B3C9-2A3C0458E584}.WindowsDXDebug|x86.Build.0 = WindowsDXDebug|Any CPU
		{C15C1D44-721E-4756-B3C9-2A3C0458E584}.WindowsDXRelease|Any CPU.ActiveCfg = WindowsDXRelease|Any CPU
		{C15C1D44-721E-4756-B3C9-2A3C0458E584}.WindowsDXRelease|Any CPU.Build.0 = WindowsDXRelease|Any CPU
		{C15C1D44-721E-4756-B3C9-2A3C0458E584}.WindowsDXRelease|ARM64.ActiveCfg = WindowsDXRelease|Any CPU
		{C15C1D44-721E-4756-B3C9-2A3C0458E584}.WindowsDXRelease|ARM64.Build.0 = WindowsDXRelease|Any CPU
		{C15C1D44-721E-4756-B3C9-2A3C0458E584}.WindowsDXRelease|x64.ActiveCfg = WindowsDXRelease|Any CPU
		{C15C1D44-721E-4756-B3C9-2A3C0458E584}.WindowsDXRelease|x64.Build.0 = WindowsDXRelease|Any CPU
		{C15C1D44-721E-4756-B3C9-2A3C0458E584}.WindowsDXRelease|x86.ActiveCfg = WindowsDXRelease|Any CPU
		{C15C1D44-721E-4756-B3C9-2A3C0458E584}.WindowsDXRelease|x86.Build.0 = WindowsDXRelease|Any CPU
		{C15C1D44-721E-4756-B3C9-2A3C0458E584}.WindowsGLDebug|Any CPU.ActiveCfg = WindowsGLDebug|Any CPU
		{C15C1D44-721E-4756-B3C9-2A3C0458E584}.WindowsGLDebug|Any CPU.Build.0 = WindowsGLDebug|Any CPU
		{C15C1D44-721E-4756-B3C9-2A3C0458E584}.WindowsGLDebug|ARM64.ActiveCfg = WindowsGLDebug|Any CPU
		{C15C1D44-721E-4756-B3C9-2A3C0458E584}.WindowsGLDebug|ARM64.Build.0 = WindowsGLDebug|Any CPU
		{C15C1D44-721E-4756-B3C9-2A3C0458E584}.WindowsGLDebug|x64.ActiveCfg = WindowsGLDebug|Any CPU
		{C15C1D44-721E-4756-B3C9-2A3C0458E584}.WindowsGLDebug|x64.Build.0 = WindowsGLDebug|Any CPU
		{C15C1D44-721E-4756-B3C9-2A3C0458E584}.WindowsGLDebug|x86.ActiveCfg = WindowsGLDebug|Any CPU
		{C15C1D44-721E-4756-B3C9-2A3C0458E584}.WindowsGLDebug|x86.Build.0 = WindowsGLDebug|Any CPU
		{C15C1D44-721E-4756-B3C9-2A3C0458E584}.WindowsGLRelease|Any CPU.ActiveCfg = WindowsGLRelease|Any CPU
		{C15C1D44-721E-4756-B3C9-2A3C0458E584}.WindowsGLRelease|Any CPU.Build.0 = WindowsGLRelease|Any CPU
		{C15C1D44-721E-4756-B3C9-2A3C0458E584}.WindowsGLRelease|ARM64.ActiveCfg = WindowsGLRelease|Any CPU
		{C15C1D44-721E-4756-B3C9-2A3C0458E584}.WindowsGLRelease|ARM64.Build.0 = WindowsGLRelease|Any CPU
		{C15C1D44-721E-4756-B3C9-2A3C0458E584}.WindowsGLRelease|x64.ActiveCfg = WindowsGLRelease|Any CPU
		{C15C1D44-721E-4756-B3C9-2A3C0458E584}.WindowsGLRelease|x64.Build.0 = WindowsGLRelease|Any CPU
		{C15C1D44-721E-4756-B3C9-2A3C0458E584}.WindowsGLRelease|x86.ActiveCfg = WindowsGLRelease|Any CPU
		{C15C1D44-721E-4756-B3C9-2A3C0458E584}.WindowsGLRelease|x86.Build.0 = WindowsGLRelease|Any CPU
		{C15C1D44-721E-4756-B3C9-2A3C0458E584}.WindowsXNADebug|Any CPU.ActiveCfg = WindowsXNADebug|Any CPU
		{C15C1D44-721E-4756-B3C9-2A3C0458E584}.WindowsXNADebug|Any CPU.Build.0 = WindowsXNADebug|Any CPU
		{C15C1D44-721E-4756-B3C9-2A3C0458E584}.WindowsXNADebug|ARM64.ActiveCfg = WindowsXNADebug|Any CPU
		{C15C1D44-721E-4756-B3C9-2A3C0458E584}.WindowsXNADebug|ARM64.Build.0 = WindowsXNADebug|Any CPU
		{C15C1D44-721E-4756-B3C9-2A3C0458E584}.WindowsXNADebug|x64.ActiveCfg = WindowsXNADebug|Any CPU
		{C15C1D44-721E-4756-B3C9-2A3C0458E584}.WindowsXNADebug|x64.Build.0 = WindowsXNADebug|Any CPU
		{C15C1D44-721E-4756-B3C9-2A3C0458E584}.WindowsXNADebug|x86.ActiveCfg = WindowsXNADebug|Any CPU
		{C15C1D44-721E-4756-B3C9-2A3C0458E584}.WindowsXNADebug|x86.Build.0 = WindowsXNADebug|Any CPU
		{C15C1D44-721E-4756-B3C9-2A3C0458E584}.WindowsXNARelease|Any CPU.ActiveCfg = WindowsXNARelease|Any CPU
		{C15C1D44-721E-4756-B3C9-2A3C0458E584}.WindowsXNARelease|Any CPU.Build.0 = WindowsXNARelease|Any CPU
		{C15C1D44-721E-4756-B3C9-2A3C0458E584}.WindowsXNARelease|ARM64.ActiveCfg = WindowsXNARelease|Any CPU
		{C15C1D44-721E-4756-B3C9-2A3C0458E584}.WindowsXNARelease|ARM64.Build.0 = WindowsXNARelease|Any CPU
		{C15C1D44-721E-4756-B3C9-2A3C0458E584}.WindowsXNARelease|x64.ActiveCfg = WindowsXNARelease|Any CPU
		{C15C1D44-721E-4756-B3C9-2A3C0458E584}.WindowsXNARelease|x64.Build.0 = WindowsXNARelease|Any CPU
		{C15C1D44-721E-4756-B3C9-2A3C0458E584}.WindowsXNARelease|x86.ActiveCfg = WindowsXNARelease|Any CPU
		{C15C1D44-721E-4756-B3C9-2A3C0458E584}.WindowsXNARelease|x86.Build.0 = WindowsXNARelease|Any CPU
		{21AD0890-4BF1-4E28-8C8F-D4350982D1E7}.UniversalGLDebug|Any CPU.ActiveCfg = UniversalGLDebug|Any CPU
		{21AD0890-4BF1-4E28-8C8F-D4350982D1E7}.UniversalGLDebug|Any CPU.Build.0 = UniversalGLDebug|Any CPU
		{21AD0890-4BF1-4E28-8C8F-D4350982D1E7}.UniversalGLDebug|ARM64.ActiveCfg = UniversalGLDebug|Any CPU
		{21AD0890-4BF1-4E28-8C8F-D4350982D1E7}.UniversalGLDebug|ARM64.Build.0 = UniversalGLDebug|Any CPU
		{21AD0890-4BF1-4E28-8C8F-D4350982D1E7}.UniversalGLDebug|x64.ActiveCfg = UniversalGLDebug|Any CPU
		{21AD0890-4BF1-4E28-8C8F-D4350982D1E7}.UniversalGLDebug|x64.Build.0 = UniversalGLDebug|Any CPU
		{21AD0890-4BF1-4E28-8C8F-D4350982D1E7}.UniversalGLDebug|x86.ActiveCfg = UniversalGLDebug|Any CPU
		{21AD0890-4BF1-4E28-8C8F-D4350982D1E7}.UniversalGLDebug|x86.Build.0 = UniversalGLDebug|Any CPU
		{21AD0890-4BF1-4E28-8C8F-D4350982D1E7}.UniversalGLRelease|Any CPU.ActiveCfg = UniversalGLRelease|Any CPU
		{21AD0890-4BF1-4E28-8C8F-D4350982D1E7}.UniversalGLRelease|Any CPU.Build.0 = UniversalGLRelease|Any CPU
		{21AD0890-4BF1-4E28-8C8F-D4350982D1E7}.UniversalGLRelease|ARM64.ActiveCfg = UniversalGLRelease|Any CPU
		{21AD0890-4BF1-4E28-8C8F-D4350982D1E7}.UniversalGLRelease|ARM64.Build.0 = UniversalGLRelease|Any CPU
		{21AD0890-4BF1-4E28-8C8F-D4350982D1E7}.UniversalGLRelease|x64.ActiveCfg = UniversalGLRelease|Any CPU
		{21AD0890-4BF1-4E28-8C8F-D4350982D1E7}.UniversalGLRelease|x64.Build.0 = UniversalGLRelease|Any CPU
		{21AD0890-4BF1-4E28-8C8F-D4350982D1E7}.UniversalGLRelease|x86.ActiveCfg = UniversalGLRelease|Any CPU
		{21AD0890-4BF1-4E28-8C8F-D4350982D1E7}.UniversalGLRelease|x86.Build.0 = UniversalGLRelease|Any CPU
		{21AD0890-4BF1-4E28-8C8F-D4350982D1E7}.WindowsDXDebug|Any CPU.ActiveCfg = WindowsDXDebug|Any CPU
		{21AD0890-4BF1-4E28-8C8F-D4350982D1E7}.WindowsDXDebug|Any CPU.Build.0 = WindowsDXDebug|Any CPU
		{21AD0890-4BF1-4E28-8C8F-D4350982D1E7}.WindowsDXDebug|ARM64.ActiveCfg = WindowsDXDebug|Any CPU
		{21AD0890-4BF1-4E28-8C8F-D4350982D1E7}.WindowsDXDebug|ARM64.Build.0 = WindowsDXDebug|Any CPU
		{21AD0890-4BF1-4E28-8C8F-D4350982D1E7}.WindowsDXDebug|x64.ActiveCfg = WindowsDXDebug|Any CPU
		{21AD0890-4BF1-4E28-8C8F-D4350982D1E7}.WindowsDXDebug|x64.Build.0 = WindowsDXDebug|Any CPU
		{21AD0890-4BF1-4E28-8C8F-D4350982D1E7}.WindowsDXDebug|x86.ActiveCfg = WindowsDXDebug|Any CPU
		{21AD0890-4BF1-4E28-8C8F-D4350982D1E7}.WindowsDXDebug|x86.Build.0 = WindowsDXDebug|Any CPU
		{21AD0890-4BF1-4E28-8C8F-D4350982D1E7}.WindowsDXRelease|Any CPU.ActiveCfg = WindowsDXRelease|Any CPU
		{21AD0890-4BF1-4E28-8C8F-D4350982D1E7}.WindowsDXRelease|Any CPU.Build.0 = WindowsDXRelease|Any CPU
		{21AD0890-4BF1-4E28-8C8F-D4350982D1E7}.WindowsDXRelease|ARM64.ActiveCfg = WindowsDXRelease|Any CPU
		{21AD0890-4BF1-4E28-8C8F-D4350982D1E7}.WindowsDXRelease|ARM64.Build.0 = WindowsDXRelease|Any CPU
		{21AD0890-4BF1-4E28-8C8F-D4350982D1E7}.WindowsDXRelease|x64.ActiveCfg = WindowsDXRelease|Any CPU
		{21AD0890-4BF1-4E28-8C8F-D4350982D1E7}.WindowsDXRelease|x64.Build.0 = WindowsDXRelease|Any CPU
		{21AD0890-4BF1-4E28-8C8F-D4350982D1E7}.WindowsDXRelease|x86.ActiveCfg = WindowsDXRelease|Any CPU
		{21AD0890-4BF1-4E28-8C8F-D4350982D1E7}.WindowsDXRelease|x86.Build.0 = WindowsDXRelease|Any CPU
		{21AD0890-4BF1-4E28-8C8F-D4350982D1E7}.WindowsGLDebug|Any CPU.ActiveCfg = WindowsGLDebug|Any CPU
		{21AD0890-4BF1-4E28-8C8F-D4350982D1E7}.WindowsGLDebug|Any CPU.Build.0 = WindowsGLDebug|Any CPU
		{21AD0890-4BF1-4E28-8C8F-D4350982D1E7}.WindowsGLDebug|ARM64.ActiveCfg = WindowsGLDebug|Any CPU
		{21AD0890-4BF1-4E28-8C8F-D4350982D1E7}.WindowsGLDebug|ARM64.Build.0 = WindowsGLDebug|Any CPU
		{21AD0890-4BF1-4E28-8C8F-D4350982D1E7}.WindowsGLDebug|x64.ActiveCfg = WindowsGLDebug|Any CPU
		{21AD0890-4BF1-4E28-8C8F-D4350982D1E7}.WindowsGLDebug|x64.Build.0 = WindowsGLDebug|Any CPU
		{21AD0890-4BF1-4E28-8C8F-D4350982D1E7}.WindowsGLDebug|x86.ActiveCfg = WindowsGLDebug|Any CPU
		{21AD0890-4BF1-4E28-8C8F-D4350982D1E7}.WindowsGLDebug|x86.Build.0 = WindowsGLDebug|Any CPU
		{21AD0890-4BF1-4E28-8C8F-D4350982D1E7}.WindowsGLRelease|Any CPU.ActiveCfg = WindowsGLRelease|Any CPU
		{21AD0890-4BF1-4E28-8C8F-D4350982D1E7}.WindowsGLRelease|Any CPU.Build.0 = WindowsGLRelease|Any CPU
		{21AD0890-4BF1-4E28-8C8F-D4350982D1E7}.WindowsGLRelease|ARM64.ActiveCfg = WindowsGLRelease|Any CPU
		{21AD0890-4BF1-4E28-8C8F-D4350982D1E7}.WindowsGLRelease|ARM64.Build.0 = WindowsGLRelease|Any CPU
		{21AD0890-4BF1-4E28-8C8F-D4350982D1E7}.WindowsGLRelease|x64.ActiveCfg = WindowsGLRelease|Any CPU
		{21AD0890-4BF1-4E28-8C8F-D4350982D1E7}.WindowsGLRelease|x64.Build.0 = WindowsGLRelease|Any CPU
		{21AD0890-4BF1-4E28-8C8F-D4350982D1E7}.WindowsGLRelease|x86.ActiveCfg = WindowsGLRelease|Any CPU
		{21AD0890-4BF1-4E28-8C8F-D4350982D1E7}.WindowsGLRelease|x86.Build.0 = WindowsGLRelease|Any CPU
		{21AD0890-4BF1-4E28-8C8F-D4350982D1E7}.WindowsXNADebug|Any CPU.ActiveCfg = WindowsXNADebug|Any CPU
		{21AD0890-4BF1-4E28-8C8F-D4350982D1E7}.WindowsXNADebug|Any CPU.Build.0 = WindowsXNADebug|Any CPU
		{21AD0890-4BF1-4E28-8C8F-D4350982D1E7}.WindowsXNADebug|ARM64.ActiveCfg = WindowsXNADebug|Any CPU
		{21AD0890-4BF1-4E28-8C8F-D4350982D1E7}.WindowsXNADebug|ARM64.Build.0 = WindowsXNADebug|Any CPU
		{21AD0890-4BF1-4E28-8C8F-D4350982D1E7}.WindowsXNADebug|x64.ActiveCfg = WindowsXNADebug|Any CPU
		{21AD0890-4BF1-4E28-8C8F-D4350982D1E7}.WindowsXNADebug|x64.Build.0 = WindowsXNADebug|Any CPU
		{21AD0890-4BF1-4E28-8C8F-D4350982D1E7}.WindowsXNADebug|x86.ActiveCfg = WindowsXNADebug|Any CPU
		{21AD0890-4BF1-4E28-8C8F-D4350982D1E7}.WindowsXNADebug|x86.Build.0 = WindowsXNADebug|Any CPU
		{21AD0890-4BF1-4E28-8C8F-D4350982D1E7}.WindowsXNARelease|Any CPU.ActiveCfg = WindowsXNARelease|Any CPU
		{21AD0890-4BF1-4E28-8C8F-D4350982D1E7}.WindowsXNARelease|Any CPU.Build.0 = WindowsXNARelease|Any CPU
		{21AD0890-4BF1-4E28-8C8F-D4350982D1E7}.WindowsXNARelease|ARM64.ActiveCfg = WindowsXNARelease|Any CPU
		{21AD0890-4BF1-4E28-8C8F-D4350982D1E7}.WindowsXNARelease|ARM64.Build.0 = WindowsXNARelease|Any CPU
		{21AD0890-4BF1-4E28-8C8F-D4350982D1E7}.WindowsXNARelease|x64.ActiveCfg = WindowsXNARelease|Any CPU
		{21AD0890-4BF1-4E28-8C8F-D4350982D1E7}.WindowsXNARelease|x64.Build.0 = WindowsXNARelease|Any CPU
		{21AD0890-4BF1-4E28-8C8F-D4350982D1E7}.WindowsXNARelease|x86.ActiveCfg = WindowsXNARelease|Any CPU
		{21AD0890-4BF1-4E28-8C8F-D4350982D1E7}.WindowsXNARelease|x86.Build.0 = WindowsXNARelease|Any CPU
	EndGlobalSection
	GlobalSection(SolutionProperties) = preSolution
		HideSolutionNode = FALSE
	EndGlobalSection
	GlobalSection(ExtensibilityGlobals) = postSolution
		SolutionGuid = {524B40FE-44F2-419A-B6D3-F9F0F813101F}
	EndGlobalSection
EndGlobal
